{
  "version": 4,
  "terraform_version": "1.14.5",
  "serial": 16,
  "lineage": "c3d9e6ca-75eb-1f79-7f6f-1625eecd48fa",
  "outputs": {
    "ubuntu_image_id": {
      "value": "ac120583-7c09-4191-87ef-480064580907",
      "type": "string"
    },
    "ubuntu_vm_floating_ip": {
      "value": "192.168.0.28",
      "type": "string"
    },
    "ubuntu_vm_id": {
      "value": "c52f9b7f-e2f4-4723-ae15-1a48711f2b33",
      "type": "string"
    }
  },
  "resources": [
    {
      "mode": "data",
      "type": "openstack_networking_network_v2",
      "name": "external",
      "provider": "provider[\"registry.terraform.io/terraform-provider-openstack/openstack\"]",
      "instances": [
        {
          "schema_version": 0,
          "attributes": {
            "admin_state_up": "true",
            "all_tags": [],
            "availability_zone_hints": [],
            "description": "",
            "dns_domain": "",
            "external": true,
            "id": "86811342-1fad-4912-bb6f-f3256266abce",
            "matching_subnet_cidr": null,
            "mtu": 1500,
            "name": "external-net",
            "network_id": null,
            "region": "RegionOne",
            "segments": [
              {
                "network_type": "flat",
                "physical_network": "external",
                "segmentation_id": 0
              }
            ],
            "shared": "true",
            "status": null,
            "subnets": [
              "f5a6d64a-2653-4b8f-906d-bc9ad36b9974"
            ],
            "tags": null,
            "tenant_id": "1ccaae0965924945b9b8d010c3db9552",
            "transparent_vlan": false
          },
          "sensitive_attributes": [],
          "identity_schema_version": 0
        }
      ]
    },
    {
      "mode": "data",
      "type": "openstack_networking_network_v2",
      "name": "tenant",
      "provider": "provider[\"registry.terraform.io/terraform-provider-openstack/openstack\"]",
      "instances": [
        {
          "schema_version": 0,
          "attributes": {
            "admin_state_up": "true",
            "all_tags": [],
            "availability_zone_hints": [],
            "description": "",
            "dns_domain": "",
            "external": false,
            "id": "c4d68251-ac3e-4626-abed-93ff11615c73",
            "matching_subnet_cidr": null,
            "mtu": 1442,
            "name": "tenant-net",
            "network_id": null,
            "region": "RegionOne",
            "segments": [
              {
                "network_type": "geneve",
                "physical_network": "",
                "segmentation_id": 1944
              }
            ],
            "shared": "false",
            "status": null,
            "subnets": [
              "9ff59c39-07cc-44dd-93dd-ade79a424e6a"
            ],
            "tags": null,
            "tenant_id": "1ccaae0965924945b9b8d010c3db9552",
            "transparent_vlan": false
          },
          "sensitive_attributes": [],
          "identity_schema_version": 0
        }
      ]
    },
    {
      "mode": "data",
      "type": "openstack_networking_port_v2",
      "name": "ubuntu",
      "provider": "provider[\"registry.terraform.io/terraform-provider-openstack/openstack\"]",
      "instances": [
        {
          "schema_version": 0,
          "attributes": {
            "admin_state_up": true,
            "all_fixed_ips": [
              "172.16.0.192"
            ],
            "all_security_group_ids": [
              "ecfcb8ee-c44b-422a-9667-3473c541630f"
            ],
            "all_tags": [],
            "allowed_address_pairs": [],
            "binding": [
              {
                "host_id": "stack3",
                "profile": "{}",
                "vif_details": {
                  "bound_drivers": "{\"0\":\"ovn\"}",
                  "bridge_name": "br-int",
                  "connectivity": "l2",
                  "datapath_type": "system",
                  "port_filter": "true"
                },
                "vif_type": "ovs",
                "vnic_type": "normal"
              }
            ],
            "description": "",
            "device_id": "c52f9b7f-e2f4-4723-ae15-1a48711f2b33",
            "device_owner": "compute:nova",
            "dns_assignment": [],
            "dns_name": "",
            "extra_dhcp_option": [],
            "fixed_ip": null,
            "id": "6138c7dc-5caa-43ab-8beb-2488cd3454c0",
            "mac_address": "fa:16:3e:a8:02:77",
            "name": "",
            "network_id": "c4d68251-ac3e-4626-abed-93ff11615c73",
            "port_id": "6138c7dc-5caa-43ab-8beb-2488cd3454c0",
            "project_id": "1ccaae0965924945b9b8d010c3db9552",
            "region": "RegionOne",
            "security_group_ids": null,
            "status": null,
            "tags": null,
            "tenant_id": "1ccaae0965924945b9b8d010c3db9552"
          },
          "sensitive_attributes": [],
          "identity_schema_version": 0
        }
      ]
    },
    {
      "mode": "data",
      "type": "openstack_networking_secgroup_v2",
      "name": "test",
      "provider": "provider[\"registry.terraform.io/terraform-provider-openstack/openstack\"]",
      "instances": [
        {
          "schema_version": 0,
          "attributes": {
            "all_tags": [],
            "description": "SSH, ICMP, HTTP/HTTPS 허용",
            "id": "ecfcb8ee-c44b-422a-9667-3473c541630f",
            "name": "test-secgroup",
            "region": "RegionOne",
            "secgroup_id": null,
            "stateful": true,
            "tags": null,
            "tenant_id": "1ccaae0965924945b9b8d010c3db9552"
          },
          "sensitive_attributes": [],
          "identity_schema_version": 0
        }
      ]
    },
    {
      "mode": "managed",
      "type": "openstack_blockstorage_volume_v3",
      "name": "ubuntu_boot",
      "provider": "provider[\"registry.terraform.io/terraform-provider-openstack/openstack\"]",
      "instances": [
        {
          "schema_version": 0,
          "attributes": {
            "attachment": [],
            "availability_zone": "nova",
            "backup_id": "",
            "consistency_group_id": null,
            "description": "",
            "enable_online_resize": null,
            "id": "3d60d11e-e62e-4ed6-92ea-66eafd90a2ae",
            "image_id": "ac120583-7c09-4191-87ef-480064580907",
            "metadata": {},
            "name": "ubuntu-boot-vol",
            "region": "RegionOne",
            "scheduler_hints": [],
            "size": 20,
            "snapshot_id": "",
            "source_replica": null,
            "source_vol_id": "",
            "timeouts": null,
            "volume_retype_policy": "never",
            "volume_type": "__DEFAULT__"
          },
          "sensitive_attributes": [],
          "identity_schema_version": 0,
          "private": "eyJlMmJmYjczMC1lY2FhLTExZTYtOGY4OC0zNDM2M2JjN2M0YzAiOnsiY3JlYXRlIjo2MDAwMDAwMDAwMDAsImRlbGV0ZSI6NjAwMDAwMDAwMDAwfX0=",
          "dependencies": [
            "openstack_images_image_v2.ubuntu"
          ]
        }
      ]
    },
    {
      "mode": "managed",
      "type": "openstack_compute_flavor_v2",
      "name": "ubuntu",
      "provider": "provider[\"registry.terraform.io/terraform-provider-openstack/openstack\"]",
      "instances": [
        {
          "schema_version": 0,
          "attributes": {
            "description": "",
            "disk": 20,
            "ephemeral": 0,
            "extra_specs": {},
            "flavor_id": "19d663d6-1e19-47b1-a733-c3a9a7e62768",
            "id": "19d663d6-1e19-47b1-a733-c3a9a7e62768",
            "is_public": true,
            "name": "m1.ubuntu",
            "ram": 2048,
            "region": "RegionOne",
            "rx_tx_factor": 1,
            "swap": 0,
            "vcpus": 2
          },
          "sensitive_attributes": [],
          "identity_schema_version": 0,
          "private": "bnVsbA=="
        }
      ]
    },
    {
      "mode": "managed",
      "type": "openstack_compute_instance_v2",
      "name": "ubuntu",
      "provider": "provider[\"registry.terraform.io/terraform-provider-openstack/openstack\"]",
      "instances": [
        {
          "schema_version": 0,
          "attributes": {
            "access_ip_v4": "172.16.0.192",
            "access_ip_v6": "",
            "admin_pass": null,
            "all_metadata": {},
            "all_tags": [],
            "availability_zone": "nova",
            "availability_zone_hints": null,
            "block_device": [
              {
                "boot_index": 0,
                "delete_on_termination": true,
                "destination_type": "volume",
                "device_type": "",
                "disk_bus": "",
                "guest_format": "",
                "multiattach": false,
                "source_type": "volume",
                "uuid": "3d60d11e-e62e-4ed6-92ea-66eafd90a2ae",
                "volume_size": 0,
                "volume_type": ""
              }
            ],
            "config_drive": null,
            "created": "2026-03-17 08:41:51 +0000 UTC",
            "flavor_id": "19d663d6-1e19-47b1-a733-c3a9a7e62768",
            "flavor_name": "m1.ubuntu",
            "force_delete": false,
            "hypervisor_hostname": "stack3",
            "id": "c52f9b7f-e2f4-4723-ae15-1a48711f2b33",
            "image_id": "Attempt to boot from volume - no image supplied",
            "image_name": null,
            "key_pair": "test-keypair",
            "metadata": null,
            "name": "ubuntu-vm-1",
            "network": [
              {
                "access_network": false,
                "fixed_ip_v4": "172.16.0.192",
                "fixed_ip_v6": "",
                "mac": "fa:16:3e:a8:02:77",
                "name": "tenant-net",
                "port": "",
                "uuid": "c4d68251-ac3e-4626-abed-93ff11615c73"
              }
            ],
            "network_mode": null,
            "personality": [],
            "power_state": "active",
            "region": "RegionOne",
            "scheduler_hints": [],
            "security_groups": [
              "test-secgroup"
            ],
            "stop_before_destroy": false,
            "tags": null,
            "timeouts": null,
            "updated": "2026-03-17 08:42:12 +0000 UTC",
            "user_data": "9512c9dd142edadfdd1ee2dc9ef7e8908b769420",
            "vendor_options": []
          },
          "sensitive_attributes": [
            [
              {
                "type": "get_attr",
                "value": "admin_pass"
              }
            ]
          ],
          "identity_schema_version": 0,
          "private": "eyJlMmJmYjczMC1lY2FhLTExZTYtOGY4OC0zNDM2M2JjN2M0YzAiOnsiY3JlYXRlIjoxODAwMDAwMDAwMDAwLCJkZWxldGUiOjE4MDAwMDAwMDAwMDAsInVwZGF0ZSI6MTgwMDAwMDAwMDAwMH19",
          "dependencies": [
            "data.openstack_networking_network_v2.tenant",
            "data.openstack_networking_secgroup_v2.test",
            "openstack_blockstorage_volume_v3.ubuntu_boot",
            "openstack_compute_flavor_v2.ubuntu",
            "openstack_images_image_v2.ubuntu"
          ]
        }
      ]
    },
    {
      "mode": "managed",
      "type": "openstack_images_image_v2",
      "name": "ubuntu",
      "provider": "provider[\"registry.terraform.io/terraform-provider-openstack/openstack\"]",
      "instances": [
        {
          "schema_version": 0,
          "attributes": {
            "checksum": "feb5056f9206c4baf68b0b90b0f0432f",
            "container_format": "bare",
            "created_at": "2026-03-17T08:39:52Z",
            "decompress": null,
            "disk_format": "qcow2",
            "file": "/v2/images/ac120583-7c09-4191-87ef-480064580907/file",
            "hidden": false,
            "id": "ac120583-7c09-4191-87ef-480064580907",
            "image_cache_path": "/root/.terraform/image_cache",
            "image_id": "ac120583-7c09-4191-87ef-480064580907",
            "image_source_password": null,
            "image_source_url": "https://cloud-images.ubuntu.com/noble/current/noble-server-cloudimg-amd64.img",
            "image_source_username": null,
            "local_file_path": null,
            "metadata": {},
            "min_disk_gb": 0,
            "min_ram_mb": 0,
            "name": "ubuntu-24.04",
            "owner": "1ccaae0965924945b9b8d010c3db9552",
            "properties": {
              "hw_scsi_model": "virtio-scsi",
              "os_distro": "ubuntu",
              "os_hash_algo": "sha512",
              "os_hash_value": "5e703cc3191e04f0870f54db32ac5ba823b15c1c0eb76e2612c0736586f70d61854fea1bec412c71ebe49175b84913cae047e1baa06dc6c1fb8ea33a9284d2c1",
              "os_type": "linux",
              "os_version": "24.04",
              "stores": "rbd"
            },
            "protected": false,
            "region": "RegionOne",
            "schema": "/v2/schemas/image",
            "size_bytes": 629380096,
            "status": "active",
            "tags": null,
            "timeouts": null,
            "updated_at": "2026-03-17T08:40:48Z",
            "verify_checksum": null,
            "visibility": "public",
            "web_download": null
          },
          "sensitive_attributes": [
            [
              {
                "type": "get_attr",
                "value": "image_source_password"
              }
            ]
          ],
          "identity_schema_version": 0,
          "private": "eyJlMmJmYjczMC1lY2FhLTExZTYtOGY4OC0zNDM2M2JjN2M0YzAiOnsiY3JlYXRlIjoxODAwMDAwMDAwMDAwfX0="
        }
      ]
    },
    {
      "mode": "managed",
      "type": "openstack_networking_floatingip_associate_v2",
      "name": "ubuntu",
      "provider": "provider[\"registry.terraform.io/terraform-provider-openstack/openstack\"]",
      "instances": [
        {
          "schema_version": 0,
          "attributes": {
            "fixed_ip": "172.16.0.192",
            "floating_ip": "192.168.0.28",
            "id": "5091a6b4-9513-4749-a182-46843fbfb1c3",
            "port_id": "6138c7dc-5caa-43ab-8beb-2488cd3454c0",
            "region": "RegionOne"
          },
          "sensitive_attributes": [],
          "identity_schema_version": 0,
          "private": "bnVsbA==",
          "dependencies": [
            "data.openstack_networking_network_v2.external",
            "data.openstack_networking_network_v2.tenant",
            "data.openstack_networking_port_v2.ubuntu",
            "data.openstack_networking_secgroup_v2.test",
            "openstack_blockstorage_volume_v3.ubuntu_boot",
            "openstack_compute_flavor_v2.ubuntu",
            "openstack_compute_instance_v2.ubuntu",
            "openstack_images_image_v2.ubuntu",
            "openstack_networking_floatingip_v2.ubuntu"
          ]
        }
      ]
    },
    {
      "mode": "managed",
      "type": "openstack_networking_floatingip_v2",
      "name": "ubuntu",
      "provider": "provider[\"registry.terraform.io/terraform-provider-openstack/openstack\"]",
      "instances": [
        {
          "schema_version": 0,
          "attributes": {
            "address": "192.168.0.28",
            "all_tags": [],
            "description": "",
            "dns_domain": "",
            "dns_name": "",
            "fixed_ip": "",
            "id": "5091a6b4-9513-4749-a182-46843fbfb1c3",
            "pool": "external-net",
            "port_id": "",
            "region": "RegionOne",
            "subnet_id": null,
            "subnet_ids": null,
            "tags": null,
            "tenant_id": "1ccaae0965924945b9b8d010c3db9552",
            "timeouts": null,
            "value_specs": null
          },
          "sensitive_attributes": [],
          "identity_schema_version": 0,
          "private": "eyJlMmJmYjczMC1lY2FhLTExZTYtOGY4OC0zNDM2M2JjN2M0YzAiOnsiY3JlYXRlIjo2MDAwMDAwMDAwMDAsImRlbGV0ZSI6NjAwMDAwMDAwMDAwfX0=",
          "dependencies": [
            "data.openstack_networking_network_v2.external"
          ]
        }
      ]
    }
  ],
  "check_results": null
}
