{
  "version": 4,
  "terraform_version": "1.14.5",
  "serial": 35,
  "lineage": "bc9f3396-f17c-a17c-02a8-91affac51649",
  "outputs": {
    "external_network_id": {
      "value": "86811342-1fad-4912-bb6f-f3256266abce",
      "type": "string"
    },
    "external_network_name": {
      "value": "external-net",
      "type": "string"
    },
    "flavor_medium_id": {
      "value": "4e5d5efa-5940-4570-a885-31398c489c53",
      "type": "string"
    },
    "flavor_small_id": {
      "value": "1d69ebdc-c9d1-4f10-a41d-ecdf18c70f24",
      "type": "string"
    },
    "image_id": {
      "value": "be41290f-7026-4a81-9e20-4c21377e28f8",
      "type": "string"
    },
    "keypair_name": {
      "value": "test-keypair",
      "type": "string"
    },
    "private_key": {
      "value": "-----BEGIN RSA PRIVATE KEY-----\nMIIEowIBAAKCAQEA2820B/TpjJN6K9Rl+8XH9nxGUQBvndgPXeuTO01k0LLEbBLv\nVW4dcwXvNLbJ6DP8lm6gPqmSJSSVRcnDf4/P6z9ME+ZYFHN+hbfm0tCmILFzAkHE\nKfFV6o2hXgTPaGC4NDPvZLTwNJjN/S4gQ50+NSLUPaRr+uDUpso92eOSnnlFgvn3\nNkB99LTXUwx7PK2YJmsI8IJrF6BQmWS7CHEqIKH6KEXsa4UEL/yGKw9LgXT5CJ5W\nPmvopvM6KisRlu/Cw30CDY+Z5tqkHr/lsBQfSwcriPmjUpsUZUFysIxCHrCUOuqC\nyT/5BOCS3lALE1XJ333n+Cs75OTB2dU28yRrrQIDAQABAoIBAAWzQLaOcdUWXljP\nI2LuDDjBRyM4IezjwB2agPZiKYRmXRouu9wJD5nz9DIM2yZwB15RBEuuYu7JfgEx\n5uWYEZdjTEIy2yNn+FwYOr6fsG3mHtpW4XMIrMajrCTk9opZgcVsIwqcok3Bjbas\nZiP4FWIpjaat7NVJfzJLyeKsmG45dhT6cPjiIyoKZByL/iUigADaRYEZAP3sHKKi\nj+ylM5dMuByWoNuTALr4nOsDlyC0V4gfWEqlVlL9fF1qTVMLHlXh4xsxYWOQEsww\n/WBqLgfvCkPIsVfUvK1S8qGxzAxhmNE9aiPWf8gNzDgpTSPCvhltJmeaYpmeLa20\n/pEdSLECgYEA96lR/uD9IdIEf+6bKRyh1QJXAoHzJbbHBPDzMKTdIV9UvXLXvVdR\nfRZmggJm79O8G0ioee8VG+6w9RGOt3GyRDNNZtf6lH8zuuA15D/CsV16BwH5jGjh\nGcFOHNeejdg0elPwzDLBtvT27qkVbVxoGAi89nYX1GXrfciqb9v7TlECgYEA4zRE\nJpOHtiHgjmFAU3/PI9Oqbu9rEeApYbzSz3T+gM2bMvJymQnN1cFbFpqUR0y/zAtR\nEIP2kTlF2A71SQj+edsmtWS61AiTVpvFOo131Z3CbyA3trw5whi6nn1ycZWUKKNM\nGSJNdm8e9ZBxIns19zOQYTI51VONPE1Q2DhiJJ0CgYEAkfdHjnNIfgBsCoK1DFwF\nvaetZJr2lcnOLslca9UfR6YKKcZgBQZLzu++5u1Hgh5HBcWjFoqk5FugDDCW7uOh\n77RU8EJnO9JkyMWQvcAena68VxkA3ZKK6UUXJsSmfG9rLpX+nDtmFND4IN2i9Vu7\nNj8gMBqWHOcdDnuQiHEdAqECgYABRpnbXZi1fRs1sXYbAey31shuNwny379bvSOx\n5oZHUuA8OQBLu7JcMOnCBrwuak/pZWbfIN6RkjDCNdNKxbIoHQLqodYquqGZKubA\nnWq+2FPvK88kR4pLfLgPi8TIvn5GfCRBP+APejBCUL1R5D85VCDLauzINd/lJsn9\nbNOgQQKBgFaOLG7KemtIZDyckVkA+/YqXjcE3TXcGuEtfXX0vKk4SfSqNZHt6vd2\nRQ9zaubKiwxb48gf1q0WfxjcfDq9XqidgJfU5sct+iOds+8KFgXFRzoUHcKIrvSC\nEJoxc50u+bFZ6od3ttqasozOutul04YsfJQ/K9dI00y3ZFfLdjm+\n-----END RSA PRIVATE KEY-----\n",
      "type": "string",
      "sensitive": true
    },
    "router_id": {
      "value": "3e1c83f9-0f61-4d54-b49d-71df76a41714",
      "type": "string"
    },
    "secgroup_name": {
      "value": "test-secgroup",
      "type": "string"
    },
    "tenant_network_id": {
      "value": "c4d68251-ac3e-4626-abed-93ff11615c73",
      "type": "string"
    },
    "tenant_subnet_id": {
      "value": "9ff59c39-07cc-44dd-93dd-ade79a424e6a",
      "type": "string"
    }
  },
  "resources": [
    {
      "mode": "managed",
      "type": "openstack_compute_flavor_v2",
      "name": "large",
      "provider": "provider[\"registry.terraform.io/terraform-provider-openstack/openstack\"]",
      "instances": [
        {
          "schema_version": 0,
          "attributes": {
            "description": "",
            "disk": 20,
            "ephemeral": 0,
            "extra_specs": {},
            "flavor_id": "b4955e9b-2548-46b6-ab0c-aada90c13b65",
            "id": "b4955e9b-2548-46b6-ab0c-aada90c13b65",
            "is_public": true,
            "name": "m1.large",
            "ram": 2048,
            "region": "RegionOne",
            "rx_tx_factor": 1,
            "swap": 0,
            "vcpus": 2
          },
          "sensitive_attributes": [],
          "identity_schema_version": 0,
          "private": "bnVsbA=="
        }
      ]
    },
    {
      "mode": "managed",
      "type": "openstack_compute_flavor_v2",
      "name": "medium",
      "provider": "provider[\"registry.terraform.io/terraform-provider-openstack/openstack\"]",
      "instances": [
        {
          "schema_version": 0,
          "attributes": {
            "description": "",
            "disk": 10,
            "ephemeral": 0,
            "extra_specs": {},
            "flavor_id": "4e5d5efa-5940-4570-a885-31398c489c53",
            "id": "4e5d5efa-5940-4570-a885-31398c489c53",
            "is_public": true,
            "name": "m1.medium",
            "ram": 1024,
            "region": "RegionOne",
            "rx_tx_factor": 1,
            "swap": 0,
            "vcpus": 1
          },
          "sensitive_attributes": [],
          "identity_schema_version": 0,
          "private": "bnVsbA=="
        }
      ]
    },
    {
      "mode": "managed",
      "type": "openstack_compute_flavor_v2",
      "name": "small",
      "provider": "provider[\"registry.terraform.io/terraform-provider-openstack/openstack\"]",
      "instances": [
        {
          "schema_version": 0,
          "attributes": {
            "description": "",
            "disk": 5,
            "ephemeral": 0,
            "extra_specs": {},
            "flavor_id": "1d69ebdc-c9d1-4f10-a41d-ecdf18c70f24",
            "id": "1d69ebdc-c9d1-4f10-a41d-ecdf18c70f24",
            "is_public": true,
            "name": "m1.small",
            "ram": 512,
            "region": "RegionOne",
            "rx_tx_factor": 1,
            "swap": 0,
            "vcpus": 1
          },
          "sensitive_attributes": [],
          "identity_schema_version": 0,
          "private": "bnVsbA=="
        }
      ]
    },
    {
      "mode": "managed",
      "type": "openstack_compute_keypair_v2",
      "name": "test",
      "provider": "provider[\"registry.terraform.io/terraform-provider-openstack/openstack\"]",
      "instances": [
        {
          "schema_version": 0,
          "attributes": {
            "fingerprint": "c6:61:ea:c0:a7:be:b9:67:dd:6b:39:a8:a9:28:1a:6d",
            "id": "test-keypair",
            "name": "test-keypair",
            "private_key": "-----BEGIN RSA PRIVATE KEY-----\nMIIEowIBAAKCAQEA2820B/TpjJN6K9Rl+8XH9nxGUQBvndgPXeuTO01k0LLEbBLv\nVW4dcwXvNLbJ6DP8lm6gPqmSJSSVRcnDf4/P6z9ME+ZYFHN+hbfm0tCmILFzAkHE\nKfFV6o2hXgTPaGC4NDPvZLTwNJjN/S4gQ50+NSLUPaRr+uDUpso92eOSnnlFgvn3\nNkB99LTXUwx7PK2YJmsI8IJrF6BQmWS7CHEqIKH6KEXsa4UEL/yGKw9LgXT5CJ5W\nPmvopvM6KisRlu/Cw30CDY+Z5tqkHr/lsBQfSwcriPmjUpsUZUFysIxCHrCUOuqC\nyT/5BOCS3lALE1XJ333n+Cs75OTB2dU28yRrrQIDAQABAoIBAAWzQLaOcdUWXljP\nI2LuDDjBRyM4IezjwB2agPZiKYRmXRouu9wJD5nz9DIM2yZwB15RBEuuYu7JfgEx\n5uWYEZdjTEIy2yNn+FwYOr6fsG3mHtpW4XMIrMajrCTk9opZgcVsIwqcok3Bjbas\nZiP4FWIpjaat7NVJfzJLyeKsmG45dhT6cPjiIyoKZByL/iUigADaRYEZAP3sHKKi\nj+ylM5dMuByWoNuTALr4nOsDlyC0V4gfWEqlVlL9fF1qTVMLHlXh4xsxYWOQEsww\n/WBqLgfvCkPIsVfUvK1S8qGxzAxhmNE9aiPWf8gNzDgpTSPCvhltJmeaYpmeLa20\n/pEdSLECgYEA96lR/uD9IdIEf+6bKRyh1QJXAoHzJbbHBPDzMKTdIV9UvXLXvVdR\nfRZmggJm79O8G0ioee8VG+6w9RGOt3GyRDNNZtf6lH8zuuA15D/CsV16BwH5jGjh\nGcFOHNeejdg0elPwzDLBtvT27qkVbVxoGAi89nYX1GXrfciqb9v7TlECgYEA4zRE\nJpOHtiHgjmFAU3/PI9Oqbu9rEeApYbzSz3T+gM2bMvJymQnN1cFbFpqUR0y/zAtR\nEIP2kTlF2A71SQj+edsmtWS61AiTVpvFOo131Z3CbyA3trw5whi6nn1ycZWUKKNM\nGSJNdm8e9ZBxIns19zOQYTI51VONPE1Q2DhiJJ0CgYEAkfdHjnNIfgBsCoK1DFwF\nvaetZJr2lcnOLslca9UfR6YKKcZgBQZLzu++5u1Hgh5HBcWjFoqk5FugDDCW7uOh\n77RU8EJnO9JkyMWQvcAena68VxkA3ZKK6UUXJsSmfG9rLpX+nDtmFND4IN2i9Vu7\nNj8gMBqWHOcdDnuQiHEdAqECgYABRpnbXZi1fRs1sXYbAey31shuNwny379bvSOx\n5oZHUuA8OQBLu7JcMOnCBrwuak/pZWbfIN6RkjDCNdNKxbIoHQLqodYquqGZKubA\nnWq+2FPvK88kR4pLfLgPi8TIvn5GfCRBP+APejBCUL1R5D85VCDLauzINd/lJsn9\nbNOgQQKBgFaOLG7KemtIZDyckVkA+/YqXjcE3TXcGuEtfXX0vKk4SfSqNZHt6vd2\nRQ9zaubKiwxb48gf1q0WfxjcfDq9XqidgJfU5sct+iOds+8KFgXFRzoUHcKIrvSC\nEJoxc50u+bFZ6od3ttqasozOutul04YsfJQ/K9dI00y3ZFfLdjm+\n-----END RSA PRIVATE KEY-----\n",
            "public_key": "ssh-rsa AAAAB3NzaC1yc2EAAAADAQABAAABAQDbzbQH9OmMk3or1GX7xcf2fEZRAG+d2A9d65M7TWTQssRsEu9Vbh1zBe80tsnoM/yWbqA+qZIlJJVFycN/j8/rP0wT5lgUc36Ft+bS0KYgsXMCQcQp8VXqjaFeBM9oYLg0M+9ktPA0mM39LiBDnT41ItQ9pGv64NSmyj3Z45KeeUWC+fc2QH30tNdTDHs8rZgmawjwgmsXoFCZZLsIcSogofooRexrhQQv/IYrD0uBdPkInlY+a+im8zoqKxGW78LDfQINj5nm2qQev+WwFB9LByuI+aNSmxRlQXKwjEIesJQ66oLJP/kE4JLeUAsTVcnffef4Kzvk5MHZ1TbzJGut Generated-by-Nova",
            "region": "RegionOne",
            "user_id": "",
            "value_specs": null
          },
          "sensitive_attributes": [
            [
              {
                "type": "get_attr",
                "value": "private_key"
              }
            ]
          ],
          "identity_schema_version": 0,
          "private": "bnVsbA=="
        }
      ]
    },
    {
      "mode": "managed",
      "type": "openstack_images_image_v2",
      "name": "cirros",
      "provider": "provider[\"registry.terraform.io/terraform-provider-openstack/openstack\"]",
      "instances": [
        {
          "schema_version": 0,
          "attributes": {
            "checksum": "87617e24a5e30cb3b87fda8c0764838f",
            "container_format": "bare",
            "created_at": "2026-03-17T08:04:35Z",
            "decompress": null,
            "disk_format": "qcow2",
            "file": "/v2/images/be41290f-7026-4a81-9e20-4c21377e28f8/file",
            "hidden": false,
            "id": "be41290f-7026-4a81-9e20-4c21377e28f8",
            "image_cache_path": "/root/.terraform/image_cache",
            "image_id": "be41290f-7026-4a81-9e20-4c21377e28f8",
            "image_source_password": null,
            "image_source_url": "https://download.cirros-cloud.net/0.6.3/cirros-0.6.3-x86_64-disk.img",
            "image_source_username": null,
            "local_file_path": null,
            "metadata": {},
            "min_disk_gb": 0,
            "min_ram_mb": 0,
            "name": "cirros-0.6.3",
            "owner": "1ccaae0965924945b9b8d010c3db9552",
            "properties": {
              "os_hash_algo": "sha512",
              "os_hash_value": "9a9bce0083a00939ec17c11febbfc767aa211aaa54f51e75c5a8b271a9b5637c77205a518b7a2007cb391d23cceb01e0e4e8d64832317151bc85b734b92a7be0",
              "os_type": "linux",
              "stores": "rbd"
            },
            "protected": false,
            "region": "RegionOne",
            "schema": "/v2/schemas/image",
            "size_bytes": 21692416,
            "status": "active",
            "tags": null,
            "timeouts": null,
            "updated_at": "2026-03-17T08:04:39Z",
            "verify_checksum": null,
            "visibility": "public",
            "web_download": null
          },
          "sensitive_attributes": [
            [
              {
                "type": "get_attr",
                "value": "image_source_password"
              }
            ]
          ],
          "identity_schema_version": 0,
          "private": "eyJlMmJmYjczMC1lY2FhLTExZTYtOGY4OC0zNDM2M2JjN2M0YzAiOnsiY3JlYXRlIjoxODAwMDAwMDAwMDAwfX0="
        }
      ]
    },
    {
      "mode": "managed",
      "type": "openstack_images_image_v2",
      "name": "rocky",
      "provider": "provider[\"registry.terraform.io/terraform-provider-openstack/openstack\"]",
      "instances": [
        {
          "schema_version": 0,
          "attributes": {
            "checksum": "4a0cbfb45b97f09b690044429aaca1c8",
            "container_format": "bare",
            "created_at": "2026-03-17T08:04:35Z",
            "decompress": null,
            "disk_format": "qcow2",
            "file": "/v2/images/83621565-80eb-4b41-8792-2751039b9e4f/file",
            "hidden": false,
            "id": "83621565-80eb-4b41-8792-2751039b9e4f",
            "image_cache_path": "/root/.terraform/image_cache",
            "image_id": "83621565-80eb-4b41-8792-2751039b9e4f",
            "image_source_password": null,
            "image_source_url": "https://dl.rockylinux.org/pub/rocky/9/images/x86_64/Rocky-9-GenericCloud-Base.latest.x86_64.qcow2",
            "image_source_username": null,
            "local_file_path": null,
            "metadata": {},
            "min_disk_gb": 0,
            "min_ram_mb": 0,
            "name": "rocky-9",
            "owner": "1ccaae0965924945b9b8d010c3db9552",
            "properties": {
              "os_distro": "rocky",
              "os_hash_algo": "sha512",
              "os_hash_value": "ad148de686d465981d75bc0af3ffedc2a6da7452a537c94f673398c43b830f42fa3520bac838887851df71ace44f4a85b8e37bb7ef09f2c52ba76a6f571a1755",
              "os_type": "linux",
              "os_version": "9",
              "stores": "rbd"
            },
            "protected": false,
            "region": "RegionOne",
            "schema": "/v2/schemas/image",
            "size_bytes": 648806400,
            "status": "active",
            "tags": null,
            "timeouts": null,
            "updated_at": "2026-03-17T08:07:16Z",
            "verify_checksum": null,
            "visibility": "public",
            "web_download": null
          },
          "sensitive_attributes": [
            [
              {
                "type": "get_attr",
                "value": "image_source_password"
              }
            ]
          ],
          "identity_schema_version": 0,
          "private": "eyJlMmJmYjczMC1lY2FhLTExZTYtOGY4OC0zNDM2M2JjN2M0YzAiOnsiY3JlYXRlIjoxODAwMDAwMDAwMDAwfX0="
        }
      ]
    },
    {
      "mode": "managed",
      "type": "openstack_images_image_v2",
      "name": "ubuntu",
      "provider": "provider[\"registry.terraform.io/terraform-provider-openstack/openstack\"]",
      "instances": [
        {
          "schema_version": 0,
          "attributes": {
            "checksum": "feb5056f9206c4baf68b0b90b0f0432f",
            "container_format": "bare",
            "created_at": "2026-03-17T08:04:35Z",
            "decompress": null,
            "disk_format": "qcow2",
            "file": "/v2/images/a040a9ff-9ffd-4cc8-ae37-cd0a7586100a/file",
            "hidden": false,
            "id": "a040a9ff-9ffd-4cc8-ae37-cd0a7586100a",
            "image_cache_path": "/root/.terraform/image_cache",
            "image_id": "a040a9ff-9ffd-4cc8-ae37-cd0a7586100a",
            "image_source_password": null,
            "image_source_url": "https://cloud-images.ubuntu.com/noble/current/noble-server-cloudimg-amd64.img",
            "image_source_username": null,
            "local_file_path": null,
            "metadata": {},
            "min_disk_gb": 0,
            "min_ram_mb": 0,
            "name": "ubuntu-24.04",
            "owner": "1ccaae0965924945b9b8d010c3db9552",
            "properties": {
              "os_distro": "ubuntu",
              "os_hash_algo": "sha512",
              "os_hash_value": "5e703cc3191e04f0870f54db32ac5ba823b15c1c0eb76e2612c0736586f70d61854fea1bec412c71ebe49175b84913cae047e1baa06dc6c1fb8ea33a9284d2c1",
              "os_type": "linux",
              "os_version": "24.04",
              "stores": "rbd"
            },
            "protected": false,
            "region": "RegionOne",
            "schema": "/v2/schemas/image",
            "size_bytes": 629380096,
            "status": "active",
            "tags": null,
            "timeouts": null,
            "updated_at": "2026-03-17T08:05:33Z",
            "verify_checksum": null,
            "visibility": "public",
            "web_download": null
          },
          "sensitive_attributes": [
            [
              {
                "type": "get_attr",
                "value": "image_source_password"
              }
            ]
          ],
          "identity_schema_version": 0,
          "private": "eyJlMmJmYjczMC1lY2FhLTExZTYtOGY4OC0zNDM2M2JjN2M0YzAiOnsiY3JlYXRlIjoxODAwMDAwMDAwMDAwfX0="
        }
      ]
    },
    {
      "mode": "managed",
      "type": "openstack_networking_network_v2",
      "name": "external",
      "provider": "provider[\"registry.terraform.io/terraform-provider-openstack/openstack\"]",
      "instances": [
        {
          "schema_version": 0,
          "attributes": {
            "admin_state_up": true,
            "all_tags": [],
            "availability_zone_hints": [],
            "description": "",
            "dns_domain": "",
            "external": true,
            "id": "86811342-1fad-4912-bb6f-f3256266abce",
            "mtu": 1500,
            "name": "external-net",
            "port_security_enabled": true,
            "qos_policy_id": "",
            "region": "RegionOne",
            "segments": [
              {
                "network_type": "flat",
                "physical_network": "external",
                "segmentation_id": 0
              }
            ],
            "shared": true,
            "tags": null,
            "tenant_id": "1ccaae0965924945b9b8d010c3db9552",
            "timeouts": null,
            "transparent_vlan": false,
            "value_specs": null
          },
          "sensitive_attributes": [],
          "identity_schema_version": 0,
          "private": "eyJlMmJmYjczMC1lY2FhLTExZTYtOGY4OC0zNDM2M2JjN2M0YzAiOnsiY3JlYXRlIjo2MDAwMDAwMDAwMDAsImRlbGV0ZSI6NjAwMDAwMDAwMDAwfX0="
        }
      ]
    },
    {
      "mode": "managed",
      "type": "openstack_networking_network_v2",
      "name": "tenant",
      "provider": "provider[\"registry.terraform.io/terraform-provider-openstack/openstack\"]",
      "instances": [
        {
          "schema_version": 0,
          "attributes": {
            "admin_state_up": true,
            "all_tags": [],
            "availability_zone_hints": [],
            "description": "",
            "dns_domain": "",
            "external": false,
            "id": "c4d68251-ac3e-4626-abed-93ff11615c73",
            "mtu": 1442,
            "name": "tenant-net",
            "port_security_enabled": true,
            "qos_policy_id": "",
            "region": "RegionOne",
            "segments": [
              {
                "network_type": "geneve",
                "physical_network": "",
                "segmentation_id": 1944
              }
            ],
            "shared": false,
            "tags": null,
            "tenant_id": "1ccaae0965924945b9b8d010c3db9552",
            "timeouts": null,
            "transparent_vlan": false,
            "value_specs": null
          },
          "sensitive_attributes": [],
          "identity_schema_version": 0,
          "private": "eyJlMmJmYjczMC1lY2FhLTExZTYtOGY4OC0zNDM2M2JjN2M0YzAiOnsiY3JlYXRlIjo2MDAwMDAwMDAwMDAsImRlbGV0ZSI6NjAwMDAwMDAwMDAwfX0="
        }
      ]
    },
    {
      "mode": "managed",
      "type": "openstack_networking_router_interface_v2",
      "name": "tenant",
      "provider": "provider[\"registry.terraform.io/terraform-provider-openstack/openstack\"]",
      "instances": [
        {
          "schema_version": 0,
          "attributes": {
            "force_destroy": false,
            "id": "fd17429e-a5e3-44cc-a30e-7ce9823c1ebf",
            "port_id": "fd17429e-a5e3-44cc-a30e-7ce9823c1ebf",
            "region": "RegionOne",
            "router_id": "3e1c83f9-0f61-4d54-b49d-71df76a41714",
            "subnet_id": "9ff59c39-07cc-44dd-93dd-ade79a424e6a",
            "timeouts": null
          },
          "sensitive_attributes": [],
          "identity_schema_version": 0,
          "private": "eyJlMmJmYjczMC1lY2FhLTExZTYtOGY4OC0zNDM2M2JjN2M0YzAiOnsiY3JlYXRlIjo2MDAwMDAwMDAwMDAsImRlbGV0ZSI6NjAwMDAwMDAwMDAwfX0=",
          "dependencies": [
            "openstack_networking_network_v2.external",
            "openstack_networking_network_v2.tenant",
            "openstack_networking_router_v2.main",
            "openstack_networking_subnet_v2.tenant"
          ]
        }
      ]
    },
    {
      "mode": "managed",
      "type": "openstack_networking_router_v2",
      "name": "main",
      "provider": "provider[\"registry.terraform.io/terraform-provider-openstack/openstack\"]",
      "instances": [
        {
          "schema_version": 0,
          "attributes": {
            "admin_state_up": true,
            "all_tags": [],
            "availability_zone_hints": [],
            "description": "",
            "distributed": false,
            "enable_snat": true,
            "external_fixed_ip": [
              {
                "ip_address": "192.168.0.24",
                "subnet_id": "f5a6d64a-2653-4b8f-906d-bc9ad36b9974"
              }
            ],
            "external_network_id": "86811342-1fad-4912-bb6f-f3256266abce",
            "external_qos_policy_id": null,
            "external_subnet_ids": null,
            "id": "3e1c83f9-0f61-4d54-b49d-71df76a41714",
            "name": "main-router",
            "region": "RegionOne",
            "tags": null,
            "tenant_id": "1ccaae0965924945b9b8d010c3db9552",
            "timeouts": null,
            "value_specs": null,
            "vendor_options": []
          },
          "sensitive_attributes": [],
          "identity_schema_version": 0,
          "private": "eyJlMmJmYjczMC1lY2FhLTExZTYtOGY4OC0zNDM2M2JjN2M0YzAiOnsiY3JlYXRlIjo2MDAwMDAwMDAwMDAsImRlbGV0ZSI6NjAwMDAwMDAwMDAwfX0=",
          "dependencies": [
            "openstack_networking_network_v2.external"
          ]
        }
      ]
    },
    {
      "mode": "managed",
      "type": "openstack_networking_secgroup_rule_v2",
      "name": "http",
      "provider": "provider[\"registry.terraform.io/terraform-provider-openstack/openstack\"]",
      "instances": [
        {
          "schema_version": 0,
          "attributes": {
            "description": "",
            "direction": "ingress",
            "ethertype": "IPv4",
            "id": "0bfc9f67-a57b-4a60-8db7-ecc3d4fa70d1",
            "port_range_max": 80,
            "port_range_min": 80,
            "protocol": "tcp",
            "region": "RegionOne",
            "remote_address_group_id": "",
            "remote_group_id": "",
            "remote_ip_prefix": "0.0.0.0/0",
            "security_group_id": "ecfcb8ee-c44b-422a-9667-3473c541630f",
            "tenant_id": "1ccaae0965924945b9b8d010c3db9552",
            "timeouts": null
          },
          "sensitive_attributes": [],
          "identity_schema_version": 0,
          "private": "eyJlMmJmYjczMC1lY2FhLTExZTYtOGY4OC0zNDM2M2JjN2M0YzAiOnsiZGVsZXRlIjo2MDAwMDAwMDAwMDB9fQ==",
          "dependencies": [
            "openstack_networking_secgroup_v2.test"
          ]
        }
      ]
    },
    {
      "mode": "managed",
      "type": "openstack_networking_secgroup_rule_v2",
      "name": "https",
      "provider": "provider[\"registry.terraform.io/terraform-provider-openstack/openstack\"]",
      "instances": [
        {
          "schema_version": 0,
          "attributes": {
            "description": "",
            "direction": "ingress",
            "ethertype": "IPv4",
            "id": "bf4d887c-4531-4050-ae0f-487bb1a4697d",
            "port_range_max": 443,
            "port_range_min": 443,
            "protocol": "tcp",
            "region": "RegionOne",
            "remote_address_group_id": "",
            "remote_group_id": "",
            "remote_ip_prefix": "0.0.0.0/0",
            "security_group_id": "ecfcb8ee-c44b-422a-9667-3473c541630f",
            "tenant_id": "1ccaae0965924945b9b8d010c3db9552",
            "timeouts": null
          },
          "sensitive_attributes": [],
          "identity_schema_version": 0,
          "private": "eyJlMmJmYjczMC1lY2FhLTExZTYtOGY4OC0zNDM2M2JjN2M0YzAiOnsiZGVsZXRlIjo2MDAwMDAwMDAwMDB9fQ==",
          "dependencies": [
            "openstack_networking_secgroup_v2.test"
          ]
        }
      ]
    },
    {
      "mode": "managed",
      "type": "openstack_networking_secgroup_rule_v2",
      "name": "icmp",
      "provider": "provider[\"registry.terraform.io/terraform-provider-openstack/openstack\"]",
      "instances": [
        {
          "schema_version": 0,
          "attributes": {
            "description": "",
            "direction": "ingress",
            "ethertype": "IPv4",
            "id": "765090e2-fec3-4b10-b110-a61fe7c14c9b",
            "port_range_max": 0,
            "port_range_min": 0,
            "protocol": "icmp",
            "region": "RegionOne",
            "remote_address_group_id": "",
            "remote_group_id": "",
            "remote_ip_prefix": "0.0.0.0/0",
            "security_group_id": "ecfcb8ee-c44b-422a-9667-3473c541630f",
            "tenant_id": "1ccaae0965924945b9b8d010c3db9552",
            "timeouts": null
          },
          "sensitive_attributes": [],
          "identity_schema_version": 0,
          "private": "eyJlMmJmYjczMC1lY2FhLTExZTYtOGY4OC0zNDM2M2JjN2M0YzAiOnsiZGVsZXRlIjo2MDAwMDAwMDAwMDB9fQ==",
          "dependencies": [
            "openstack_networking_secgroup_v2.test"
          ]
        }
      ]
    },
    {
      "mode": "managed",
      "type": "openstack_networking_secgroup_rule_v2",
      "name": "ssh",
      "provider": "provider[\"registry.terraform.io/terraform-provider-openstack/openstack\"]",
      "instances": [
        {
          "schema_version": 0,
          "attributes": {
            "description": "",
            "direction": "ingress",
            "ethertype": "IPv4",
            "id": "8cadfa0f-c5c0-432a-9a2e-0b4df4e850b7",
            "port_range_max": 22,
            "port_range_min": 22,
            "protocol": "tcp",
            "region": "RegionOne",
            "remote_address_group_id": "",
            "remote_group_id": "",
            "remote_ip_prefix": "0.0.0.0/0",
            "security_group_id": "ecfcb8ee-c44b-422a-9667-3473c541630f",
            "tenant_id": "1ccaae0965924945b9b8d010c3db9552",
            "timeouts": null
          },
          "sensitive_attributes": [],
          "identity_schema_version": 0,
          "private": "eyJlMmJmYjczMC1lY2FhLTExZTYtOGY4OC0zNDM2M2JjN2M0YzAiOnsiZGVsZXRlIjo2MDAwMDAwMDAwMDB9fQ==",
          "dependencies": [
            "openstack_networking_secgroup_v2.test"
          ]
        }
      ]
    },
    {
      "mode": "managed",
      "type": "openstack_networking_secgroup_v2",
      "name": "test",
      "provider": "provider[\"registry.terraform.io/terraform-provider-openstack/openstack\"]",
      "instances": [
        {
          "schema_version": 0,
          "attributes": {
            "all_tags": [],
            "delete_default_rules": null,
            "description": "SSH, ICMP, HTTP/HTTPS 허용",
            "id": "ecfcb8ee-c44b-422a-9667-3473c541630f",
            "name": "test-secgroup",
            "region": "RegionOne",
            "stateful": true,
            "tags": null,
            "tenant_id": "1ccaae0965924945b9b8d010c3db9552",
            "timeouts": null
          },
          "sensitive_attributes": [],
          "identity_schema_version": 0,
          "private": "eyJlMmJmYjczMC1lY2FhLTExZTYtOGY4OC0zNDM2M2JjN2M0YzAiOnsiZGVsZXRlIjo2MDAwMDAwMDAwMDB9fQ=="
        }
      ]
    },
    {
      "mode": "managed",
      "type": "openstack_networking_subnet_v2",
      "name": "external",
      "provider": "provider[\"registry.terraform.io/terraform-provider-openstack/openstack\"]",
      "instances": [
        {
          "schema_version": 0,
          "attributes": {
            "all_tags": [],
            "allocation_pool": [
              {
                "end": "192.168.0.29",
                "start": "192.168.0.24"
              },
              {
                "end": "192.168.0.51",
                "start": "192.168.0.42"
              },
              {
                "end": "192.168.0.57",
                "start": "192.168.0.53"
              }
            ],
            "cidr": "192.168.0.0/24",
            "description": "",
            "dns_nameservers": [
              "8.8.8.8",
              "1.1.1.1"
            ],
            "dns_publish_fixed_ip": false,
            "enable_dhcp": false,
            "gateway_ip": "192.168.0.1",
            "id": "f5a6d64a-2653-4b8f-906d-bc9ad36b9974",
            "ip_version": 4,
            "ipv6_address_mode": "",
            "ipv6_ra_mode": "",
            "name": "external-subnet",
            "network_id": "86811342-1fad-4912-bb6f-f3256266abce",
            "no_gateway": false,
            "prefix_length": null,
            "region": "RegionOne",
            "segment_id": "",
            "service_types": [],
            "subnetpool_id": "",
            "tags": null,
            "tenant_id": "1ccaae0965924945b9b8d010c3db9552",
            "timeouts": null,
            "value_specs": null
          },
          "sensitive_attributes": [],
          "identity_schema_version": 0,
          "private": "eyJlMmJmYjczMC1lY2FhLTExZTYtOGY4OC0zNDM2M2JjN2M0YzAiOnsiY3JlYXRlIjo2MDAwMDAwMDAwMDAsImRlbGV0ZSI6NjAwMDAwMDAwMDAwfX0=",
          "dependencies": [
            "openstack_networking_network_v2.external"
          ]
        }
      ]
    },
    {
      "mode": "managed",
      "type": "openstack_networking_subnet_v2",
      "name": "tenant",
      "provider": "provider[\"registry.terraform.io/terraform-provider-openstack/openstack\"]",
      "instances": [
        {
          "schema_version": 0,
          "attributes": {
            "all_tags": [],
            "allocation_pool": [
              {
                "end": "172.16.0.254",
                "start": "172.16.0.2"
              }
            ],
            "cidr": "172.16.0.0/24",
            "description": "",
            "dns_nameservers": [
              "8.8.8.8"
            ],
            "dns_publish_fixed_ip": false,
            "enable_dhcp": true,
            "gateway_ip": "172.16.0.1",
            "id": "9ff59c39-07cc-44dd-93dd-ade79a424e6a",
            "ip_version": 4,
            "ipv6_address_mode": "",
            "ipv6_ra_mode": "",
            "name": "tenant-subnet",
            "network_id": "c4d68251-ac3e-4626-abed-93ff11615c73",
            "no_gateway": false,
            "prefix_length": null,
            "region": "RegionOne",
            "segment_id": "",
            "service_types": [],
            "subnetpool_id": "",
            "tags": null,
            "tenant_id": "1ccaae0965924945b9b8d010c3db9552",
            "timeouts": null,
            "value_specs": null
          },
          "sensitive_attributes": [],
          "identity_schema_version": 0,
          "private": "eyJlMmJmYjczMC1lY2FhLTExZTYtOGY4OC0zNDM2M2JjN2M0YzAiOnsiY3JlYXRlIjo2MDAwMDAwMDAwMDAsImRlbGV0ZSI6NjAwMDAwMDAwMDAwfX0=",
          "dependencies": [
            "openstack_networking_network_v2.tenant"
          ]
        }
      ]
    }
  ],
  "check_results": null
}
