{
  "version": 4,
  "terraform_version": "1.14.5",
  "serial": 50,
  "lineage": "bc9f3396-f17c-a17c-02a8-91affac51649",
  "outputs": {
    "external_network_id": {
      "value": "807ebd7b-f72f-485a-95ba-db5490f54782",
      "type": "string"
    },
    "external_network_name": {
      "value": "external-net",
      "type": "string"
    },
    "flavor_medium_id": {
      "value": "66461306-c75e-4389-8116-e3ec7dae8758",
      "type": "string"
    },
    "flavor_small_id": {
      "value": "6d3600a9-8c23-4088-9d67-c101ced43413",
      "type": "string"
    },
    "image_id": {
      "value": "2924879d-b605-4831-839c-103164c0172d",
      "type": "string"
    },
    "keypair_name": {
      "value": "test-keypair",
      "type": "string"
    },
    "private_key": {
      "value": "-----BEGIN RSA PRIVATE KEY-----\nMIIEowIBAAKCAQEAtklpIYUZhSzSTqjMWCWkRiRZ//vNveqHRuxmDGq59R6KuFax\nY2LhnOjY/C2mN8BQDinBbJdb20xsURxO2MyKREKYb+p1Jp9t5UKrH3qX+NsEJk3g\nvZiN1fDl53pu6BC452Js5YxLNZEHRqe+iVog+8KK5pWFQk75La+wvUrXbZf5p159\n205CVOwbMc7mHui2tPxnbqYiFmZx42ZtUi+UOnobhW4W7rwB78eRLMG+uaeP2Zp0\nJKppo6vk2xpa9mAbeXXcTLyhpH0Krx1W1pZBpyffoSepXcqz8bAczd7RU0K1lIuU\ng7+jurUyMOcGqGUtKoiiDKGFBw9UMwQo9OV1YwIDAQABAoIBAAVDMUnKceYqWRf0\nP5H75DYyLnb5agMllioyAPAy1JODAjY4Kn7YB/NjtX/yQW4ymx0Nj4v3AqveFPJy\ngsQ3g3ZdBdGVTzSCPcX0msQZ4fFJQWFptidDFDUs8zYvjqwcb3oemU43MqSlPzSG\n+zUz6Ofbwe7OOj6j0QXEoLGWS4naYMhtmC9DD2Nwsfos9d+y6x+IvH7C1ATLIaQQ\nfn0A4YszlMlwpn9dTxXOU8Ek6pyi5pSgavqj28XBzlC/IcLefRUg4pHIlIbtSOxT\ntZ5UqClDcnKf5V31+NC/Vg9lzivLber39E/4yP6rTSvp5Qs7RZsflUC/2Ls07GwS\n2BktBQECgYEA8mcqQTtR5zNcMsk+HvPth7HRl6ynCO5UzAyBne/YiFEyYVOLlaxh\nZZ0GEvQcOWRkvXoOJFN4X+OCvuX4Ex3sEq1gN8IZaNZqDXiIT/WAL/7o5rpubmzS\nvl1yX+Jdn/n2MLo+asx7hBND8gbvf8I+zTcq4kPXqjuZHltqEn/m2aECgYEAwIL+\nkpBkdDr9CzMgvMueQIp+KAux3jbMCp3Gsn8cP9uY6a9BOltGy4ea2tetIYmOKH3+\nBcvww7a/DuF0NSxPPM6GQjfx7aQnk3S80HsHHmMFpDCN7usaw2sWY8n3glD2xgRD\nhKbhfVwr/sghnO/ZaElCow3qq0uCKuH8BsI9GIMCgYAr7+Up073BwX55uh5nb+Fj\nEikia+oO5Vw7bBzmar3933HZUFJhu9Afofmi39pp0Let3HzJutN71fox7e8sT+Ul\ncYWaNbVzWkH41RsoGyC0EmlWwP4ZR+JfHQMJPDeqMp2cMXX018Gfq/pJ2VX5+1R0\n0AYW4yMpOQpFBV7RoZtPYQKBgQCCZLfVwiOoboQS3/CesDRiduv4Z+N0Jh2SW0fI\ngzw5LJ6oOeKuikCrfxAuhsNn4en+F0jF2Fsd1VwX0jGKCpcpEqHxnD8rvXJo+Dsj\n4xDxThT2H0UjvO8FyjUCJjyVcg2UFjM9WGOHK7VI/3l0+SiC8IxIMRbwK1bhgOva\nEBqdzQKBgHmYWWt0+fYANuLB/fB6nud2h2n0rwXrjTWHWC/ziInuo5n7sTuqB3c+\nmDTWlqWhEG9UN2O4PJb0viYDw3/PwHc8dtizSs5gE2o/DpUHRc/t/QTee0mIU9Lw\ndMApMnF+6Uy/OkUBWX/s4hVRqY2ZhaZs3Q3Nengb8D/lVuznz6QQ\n-----END RSA PRIVATE KEY-----\n",
      "type": "string",
      "sensitive": true
    },
    "secgroup_name": {
      "value": "test-secgroup",
      "type": "string"
    }
  },
  "resources": [
    {
      "mode": "managed",
      "type": "openstack_compute_flavor_v2",
      "name": "large",
      "provider": "provider[\"registry.terraform.io/terraform-provider-openstack/openstack\"]",
      "instances": [
        {
          "schema_version": 0,
          "attributes": {
            "description": "",
            "disk": 20,
            "ephemeral": 0,
            "extra_specs": {},
            "flavor_id": "bd7e27ac-34a4-44e0-9fe8-5f49fafb9af0",
            "id": "bd7e27ac-34a4-44e0-9fe8-5f49fafb9af0",
            "is_public": true,
            "name": "m1.large",
            "ram": 2048,
            "region": "RegionOne",
            "rx_tx_factor": 1,
            "swap": 0,
            "vcpus": 2
          },
          "sensitive_attributes": [],
          "identity_schema_version": 0,
          "private": "bnVsbA=="
        }
      ]
    },
    {
      "mode": "managed",
      "type": "openstack_compute_flavor_v2",
      "name": "medium",
      "provider": "provider[\"registry.terraform.io/terraform-provider-openstack/openstack\"]",
      "instances": [
        {
          "schema_version": 0,
          "attributes": {
            "description": "",
            "disk": 10,
            "ephemeral": 0,
            "extra_specs": {},
            "flavor_id": "66461306-c75e-4389-8116-e3ec7dae8758",
            "id": "66461306-c75e-4389-8116-e3ec7dae8758",
            "is_public": true,
            "name": "m1.medium",
            "ram": 1024,
            "region": "RegionOne",
            "rx_tx_factor": 1,
            "swap": 0,
            "vcpus": 1
          },
          "sensitive_attributes": [],
          "identity_schema_version": 0,
          "private": "bnVsbA=="
        }
      ]
    },
    {
      "mode": "managed",
      "type": "openstack_compute_flavor_v2",
      "name": "small",
      "provider": "provider[\"registry.terraform.io/terraform-provider-openstack/openstack\"]",
      "instances": [
        {
          "schema_version": 0,
          "attributes": {
            "description": "",
            "disk": 5,
            "ephemeral": 0,
            "extra_specs": {},
            "flavor_id": "6d3600a9-8c23-4088-9d67-c101ced43413",
            "id": "6d3600a9-8c23-4088-9d67-c101ced43413",
            "is_public": true,
            "name": "m1.small",
            "ram": 512,
            "region": "RegionOne",
            "rx_tx_factor": 1,
            "swap": 0,
            "vcpus": 1
          },
          "sensitive_attributes": [],
          "identity_schema_version": 0,
          "private": "bnVsbA=="
        }
      ]
    },
    {
      "mode": "managed",
      "type": "openstack_compute_keypair_v2",
      "name": "test",
      "provider": "provider[\"registry.terraform.io/terraform-provider-openstack/openstack\"]",
      "instances": [
        {
          "schema_version": 0,
          "attributes": {
            "fingerprint": "27:c3:1b:c0:02:28:4c:82:00:fc:75:fb:f9:d0:16:07",
            "id": "test-keypair",
            "name": "test-keypair",
            "private_key": "-----BEGIN RSA PRIVATE KEY-----\nMIIEowIBAAKCAQEAtklpIYUZhSzSTqjMWCWkRiRZ//vNveqHRuxmDGq59R6KuFax\nY2LhnOjY/C2mN8BQDinBbJdb20xsURxO2MyKREKYb+p1Jp9t5UKrH3qX+NsEJk3g\nvZiN1fDl53pu6BC452Js5YxLNZEHRqe+iVog+8KK5pWFQk75La+wvUrXbZf5p159\n205CVOwbMc7mHui2tPxnbqYiFmZx42ZtUi+UOnobhW4W7rwB78eRLMG+uaeP2Zp0\nJKppo6vk2xpa9mAbeXXcTLyhpH0Krx1W1pZBpyffoSepXcqz8bAczd7RU0K1lIuU\ng7+jurUyMOcGqGUtKoiiDKGFBw9UMwQo9OV1YwIDAQABAoIBAAVDMUnKceYqWRf0\nP5H75DYyLnb5agMllioyAPAy1JODAjY4Kn7YB/NjtX/yQW4ymx0Nj4v3AqveFPJy\ngsQ3g3ZdBdGVTzSCPcX0msQZ4fFJQWFptidDFDUs8zYvjqwcb3oemU43MqSlPzSG\n+zUz6Ofbwe7OOj6j0QXEoLGWS4naYMhtmC9DD2Nwsfos9d+y6x+IvH7C1ATLIaQQ\nfn0A4YszlMlwpn9dTxXOU8Ek6pyi5pSgavqj28XBzlC/IcLefRUg4pHIlIbtSOxT\ntZ5UqClDcnKf5V31+NC/Vg9lzivLber39E/4yP6rTSvp5Qs7RZsflUC/2Ls07GwS\n2BktBQECgYEA8mcqQTtR5zNcMsk+HvPth7HRl6ynCO5UzAyBne/YiFEyYVOLlaxh\nZZ0GEvQcOWRkvXoOJFN4X+OCvuX4Ex3sEq1gN8IZaNZqDXiIT/WAL/7o5rpubmzS\nvl1yX+Jdn/n2MLo+asx7hBND8gbvf8I+zTcq4kPXqjuZHltqEn/m2aECgYEAwIL+\nkpBkdDr9CzMgvMueQIp+KAux3jbMCp3Gsn8cP9uY6a9BOltGy4ea2tetIYmOKH3+\nBcvww7a/DuF0NSxPPM6GQjfx7aQnk3S80HsHHmMFpDCN7usaw2sWY8n3glD2xgRD\nhKbhfVwr/sghnO/ZaElCow3qq0uCKuH8BsI9GIMCgYAr7+Up073BwX55uh5nb+Fj\nEikia+oO5Vw7bBzmar3933HZUFJhu9Afofmi39pp0Let3HzJutN71fox7e8sT+Ul\ncYWaNbVzWkH41RsoGyC0EmlWwP4ZR+JfHQMJPDeqMp2cMXX018Gfq/pJ2VX5+1R0\n0AYW4yMpOQpFBV7RoZtPYQKBgQCCZLfVwiOoboQS3/CesDRiduv4Z+N0Jh2SW0fI\ngzw5LJ6oOeKuikCrfxAuhsNn4en+F0jF2Fsd1VwX0jGKCpcpEqHxnD8rvXJo+Dsj\n4xDxThT2H0UjvO8FyjUCJjyVcg2UFjM9WGOHK7VI/3l0+SiC8IxIMRbwK1bhgOva\nEBqdzQKBgHmYWWt0+fYANuLB/fB6nud2h2n0rwXrjTWHWC/ziInuo5n7sTuqB3c+\nmDTWlqWhEG9UN2O4PJb0viYDw3/PwHc8dtizSs5gE2o/DpUHRc/t/QTee0mIU9Lw\ndMApMnF+6Uy/OkUBWX/s4hVRqY2ZhaZs3Q3Nengb8D/lVuznz6QQ\n-----END RSA PRIVATE KEY-----\n",
            "public_key": "ssh-rsa AAAAB3NzaC1yc2EAAAADAQABAAABAQC2SWkhhRmFLNJOqMxYJaRGJFn/+8296odG7GYMarn1Hoq4VrFjYuGc6Nj8LaY3wFAOKcFsl1vbTGxRHE7YzIpEQphv6nUmn23lQqsfepf42wQmTeC9mI3V8OXnem7oELjnYmzljEs1kQdGp76JWiD7wormlYVCTvktr7C9Stdtl/mnXn3bTkJU7BsxzuYe6La0/GdupiIWZnHjZm1SL5Q6ehuFbhbuvAHvx5Eswb65p4/ZmnQkqmmjq+TbGlr2YBt5ddxMvKGkfQqvHVbWlkGnJ9+hJ6ldyrPxsBzN3tFTQrWUi5SDv6O6tTIw5waoZS0qiKIMoYUHD1QzBCj05XVj Generated-by-Nova",
            "region": "RegionOne",
            "user_id": "",
            "value_specs": null
          },
          "sensitive_attributes": [
            [
              {
                "type": "get_attr",
                "value": "private_key"
              }
            ]
          ],
          "identity_schema_version": 0,
          "private": "bnVsbA=="
        }
      ]
    },
    {
      "mode": "managed",
      "type": "openstack_images_image_v2",
      "name": "cirros",
      "provider": "provider[\"registry.terraform.io/terraform-provider-openstack/openstack\"]",
      "instances": [
        {
          "schema_version": 0,
          "attributes": {
            "checksum": "87617e24a5e30cb3b87fda8c0764838f",
            "container_format": "bare",
            "created_at": "2026-03-27T04:22:06Z",
            "decompress": null,
            "disk_format": "qcow2",
            "file": "/v2/images/2924879d-b605-4831-839c-103164c0172d/file",
            "hidden": false,
            "id": "2924879d-b605-4831-839c-103164c0172d",
            "image_cache_path": "/root/.terraform/image_cache",
            "image_id": "2924879d-b605-4831-839c-103164c0172d",
            "image_source_password": null,
            "image_source_url": "https://download.cirros-cloud.net/0.6.3/cirros-0.6.3-x86_64-disk.img",
            "image_source_username": null,
            "local_file_path": null,
            "metadata": {},
            "min_disk_gb": 0,
            "min_ram_mb": 0,
            "name": "cirros-0.6.3",
            "owner": "16726064c0164516ad4d569306837de1",
            "properties": {
              "os_hash_algo": "sha512",
              "os_hash_value": "9a9bce0083a00939ec17c11febbfc767aa211aaa54f51e75c5a8b271a9b5637c77205a518b7a2007cb391d23cceb01e0e4e8d64832317151bc85b734b92a7be0",
              "os_type": "linux",
              "stores": "rbd"
            },
            "protected": false,
            "region": "RegionOne",
            "schema": "/v2/schemas/image",
            "size_bytes": 21692416,
            "status": "active",
            "tags": null,
            "timeouts": null,
            "updated_at": "2026-03-27T04:22:12Z",
            "verify_checksum": null,
            "visibility": "public",
            "web_download": null
          },
          "sensitive_attributes": [
            [
              {
                "type": "get_attr",
                "value": "image_source_password"
              }
            ]
          ],
          "identity_schema_version": 0,
          "private": "eyJlMmJmYjczMC1lY2FhLTExZTYtOGY4OC0zNDM2M2JjN2M0YzAiOnsiY3JlYXRlIjoxODAwMDAwMDAwMDAwfX0="
        }
      ]
    },
    {
      "mode": "managed",
      "type": "openstack_images_image_v2",
      "name": "rocky",
      "provider": "provider[\"registry.terraform.io/terraform-provider-openstack/openstack\"]",
      "instances": [
        {
          "schema_version": 0,
          "attributes": {
            "checksum": "4a0cbfb45b97f09b690044429aaca1c8",
            "container_format": "bare",
            "created_at": "2026-03-27T04:22:06Z",
            "decompress": null,
            "disk_format": "qcow2",
            "file": "/v2/images/480dfd57-11c2-492d-8eac-a63713a05e87/file",
            "hidden": false,
            "id": "480dfd57-11c2-492d-8eac-a63713a05e87",
            "image_cache_path": "/root/.terraform/image_cache",
            "image_id": "480dfd57-11c2-492d-8eac-a63713a05e87",
            "image_source_password": null,
            "image_source_url": "https://dl.rockylinux.org/pub/rocky/9/images/x86_64/Rocky-9-GenericCloud-Base.latest.x86_64.qcow2",
            "image_source_username": null,
            "local_file_path": null,
            "metadata": {},
            "min_disk_gb": 0,
            "min_ram_mb": 0,
            "name": "rocky-9",
            "owner": "16726064c0164516ad4d569306837de1",
            "properties": {
              "os_distro": "rocky",
              "os_hash_algo": "sha512",
              "os_hash_value": "ad148de686d465981d75bc0af3ffedc2a6da7452a537c94f673398c43b830f42fa3520bac838887851df71ace44f4a85b8e37bb7ef09f2c52ba76a6f571a1755",
              "os_type": "linux",
              "os_version": "9",
              "stores": "rbd"
            },
            "protected": false,
            "region": "RegionOne",
            "schema": "/v2/schemas/image",
            "size_bytes": 648806400,
            "status": "active",
            "tags": null,
            "timeouts": null,
            "updated_at": "2026-03-27T04:23:59Z",
            "verify_checksum": null,
            "visibility": "public",
            "web_download": null
          },
          "sensitive_attributes": [
            [
              {
                "type": "get_attr",
                "value": "image_source_password"
              }
            ]
          ],
          "identity_schema_version": 0,
          "private": "eyJlMmJmYjczMC1lY2FhLTExZTYtOGY4OC0zNDM2M2JjN2M0YzAiOnsiY3JlYXRlIjoxODAwMDAwMDAwMDAwfX0="
        }
      ]
    },
    {
      "mode": "managed",
      "type": "openstack_images_image_v2",
      "name": "ubuntu",
      "provider": "provider[\"registry.terraform.io/terraform-provider-openstack/openstack\"]",
      "instances": [
        {
          "schema_version": 0,
          "attributes": {
            "checksum": "feb5056f9206c4baf68b0b90b0f0432f",
            "container_format": "bare",
            "created_at": "2026-03-27T04:22:06Z",
            "decompress": null,
            "disk_format": "qcow2",
            "file": "/v2/images/19929e92-2fbd-41ce-ad3e-29e01b38f22c/file",
            "hidden": false,
            "id": "19929e92-2fbd-41ce-ad3e-29e01b38f22c",
            "image_cache_path": "/root/.terraform/image_cache",
            "image_id": "19929e92-2fbd-41ce-ad3e-29e01b38f22c",
            "image_source_password": null,
            "image_source_url": "https://cloud-images.ubuntu.com/noble/current/noble-server-cloudimg-amd64.img",
            "image_source_username": null,
            "local_file_path": null,
            "metadata": {},
            "min_disk_gb": 0,
            "min_ram_mb": 0,
            "name": "ubuntu-24.04",
            "owner": "16726064c0164516ad4d569306837de1",
            "properties": {
              "os_distro": "ubuntu",
              "os_hash_algo": "sha512",
              "os_hash_value": "5e703cc3191e04f0870f54db32ac5ba823b15c1c0eb76e2612c0736586f70d61854fea1bec412c71ebe49175b84913cae047e1baa06dc6c1fb8ea33a9284d2c1",
              "os_type": "linux",
              "os_version": "24.04",
              "stores": "rbd"
            },
            "protected": false,
            "region": "RegionOne",
            "schema": "/v2/schemas/image",
            "size_bytes": 629380096,
            "status": "active",
            "tags": null,
            "timeouts": null,
            "updated_at": "2026-03-27T04:23:53Z",
            "verify_checksum": null,
            "visibility": "public",
            "web_download": null
          },
          "sensitive_attributes": [
            [
              {
                "type": "get_attr",
                "value": "image_source_password"
              }
            ]
          ],
          "identity_schema_version": 0,
          "private": "eyJlMmJmYjczMC1lY2FhLTExZTYtOGY4OC0zNDM2M2JjN2M0YzAiOnsiY3JlYXRlIjoxODAwMDAwMDAwMDAwfX0="
        }
      ]
    },
    {
      "mode": "managed",
      "type": "openstack_networking_network_v2",
      "name": "external",
      "provider": "provider[\"registry.terraform.io/terraform-provider-openstack/openstack\"]",
      "instances": [
        {
          "schema_version": 0,
          "attributes": {
            "admin_state_up": true,
            "all_tags": [],
            "availability_zone_hints": [],
            "description": "",
            "dns_domain": "",
            "external": true,
            "id": "807ebd7b-f72f-485a-95ba-db5490f54782",
            "mtu": 1500,
            "name": "external-net",
            "port_security_enabled": true,
            "qos_policy_id": "",
            "region": "RegionOne",
            "segments": [
              {
                "network_type": "flat",
                "physical_network": "external",
                "segmentation_id": 0
              }
            ],
            "shared": true,
            "tags": null,
            "tenant_id": "16726064c0164516ad4d569306837de1",
            "timeouts": null,
            "transparent_vlan": false,
            "value_specs": null
          },
          "sensitive_attributes": [],
          "identity_schema_version": 0,
          "private": "eyJlMmJmYjczMC1lY2FhLTExZTYtOGY4OC0zNDM2M2JjN2M0YzAiOnsiY3JlYXRlIjo2MDAwMDAwMDAwMDAsImRlbGV0ZSI6NjAwMDAwMDAwMDAwfX0="
        }
      ]
    },
    {
      "mode": "managed",
      "type": "openstack_networking_secgroup_rule_v2",
      "name": "http",
      "provider": "provider[\"registry.terraform.io/terraform-provider-openstack/openstack\"]",
      "instances": [
        {
          "schema_version": 0,
          "attributes": {
            "description": "",
            "direction": "ingress",
            "ethertype": "IPv4",
            "id": "c47509dc-e3b4-4b1e-8ba2-b7c0a47ee473",
            "port_range_max": 80,
            "port_range_min": 80,
            "protocol": "tcp",
            "region": "RegionOne",
            "remote_address_group_id": "",
            "remote_group_id": "",
            "remote_ip_prefix": "0.0.0.0/0",
            "security_group_id": "107d5c24-a92c-4524-b1bd-a868685bbdb7",
            "tenant_id": "16726064c0164516ad4d569306837de1",
            "timeouts": null
          },
          "sensitive_attributes": [],
          "identity_schema_version": 0,
          "private": "eyJlMmJmYjczMC1lY2FhLTExZTYtOGY4OC0zNDM2M2JjN2M0YzAiOnsiZGVsZXRlIjo2MDAwMDAwMDAwMDB9fQ==",
          "dependencies": [
            "openstack_networking_secgroup_v2.test"
          ]
        }
      ]
    },
    {
      "mode": "managed",
      "type": "openstack_networking_secgroup_rule_v2",
      "name": "https",
      "provider": "provider[\"registry.terraform.io/terraform-provider-openstack/openstack\"]",
      "instances": [
        {
          "schema_version": 0,
          "attributes": {
            "description": "",
            "direction": "ingress",
            "ethertype": "IPv4",
            "id": "4d597d21-5768-4c82-a4dc-c1516c3fced2",
            "port_range_max": 443,
            "port_range_min": 443,
            "protocol": "tcp",
            "region": "RegionOne",
            "remote_address_group_id": "",
            "remote_group_id": "",
            "remote_ip_prefix": "0.0.0.0/0",
            "security_group_id": "107d5c24-a92c-4524-b1bd-a868685bbdb7",
            "tenant_id": "16726064c0164516ad4d569306837de1",
            "timeouts": null
          },
          "sensitive_attributes": [],
          "identity_schema_version": 0,
          "private": "eyJlMmJmYjczMC1lY2FhLTExZTYtOGY4OC0zNDM2M2JjN2M0YzAiOnsiZGVsZXRlIjo2MDAwMDAwMDAwMDB9fQ==",
          "dependencies": [
            "openstack_networking_secgroup_v2.test"
          ]
        }
      ]
    },
    {
      "mode": "managed",
      "type": "openstack_networking_secgroup_rule_v2",
      "name": "icmp",
      "provider": "provider[\"registry.terraform.io/terraform-provider-openstack/openstack\"]",
      "instances": [
        {
          "schema_version": 0,
          "attributes": {
            "description": "",
            "direction": "ingress",
            "ethertype": "IPv4",
            "id": "31117b33-de14-4f39-91f0-bdb7f3a402fd",
            "port_range_max": 0,
            "port_range_min": 0,
            "protocol": "icmp",
            "region": "RegionOne",
            "remote_address_group_id": "",
            "remote_group_id": "",
            "remote_ip_prefix": "0.0.0.0/0",
            "security_group_id": "107d5c24-a92c-4524-b1bd-a868685bbdb7",
            "tenant_id": "16726064c0164516ad4d569306837de1",
            "timeouts": null
          },
          "sensitive_attributes": [],
          "identity_schema_version": 0,
          "private": "eyJlMmJmYjczMC1lY2FhLTExZTYtOGY4OC0zNDM2M2JjN2M0YzAiOnsiZGVsZXRlIjo2MDAwMDAwMDAwMDB9fQ==",
          "dependencies": [
            "openstack_networking_secgroup_v2.test"
          ]
        }
      ]
    },
    {
      "mode": "managed",
      "type": "openstack_networking_secgroup_rule_v2",
      "name": "ssh",
      "provider": "provider[\"registry.terraform.io/terraform-provider-openstack/openstack\"]",
      "instances": [
        {
          "schema_version": 0,
          "attributes": {
            "description": "",
            "direction": "ingress",
            "ethertype": "IPv4",
            "id": "3e458faf-4004-4382-9cd3-b273a6dd8a34",
            "port_range_max": 22,
            "port_range_min": 22,
            "protocol": "tcp",
            "region": "RegionOne",
            "remote_address_group_id": "",
            "remote_group_id": "",
            "remote_ip_prefix": "0.0.0.0/0",
            "security_group_id": "107d5c24-a92c-4524-b1bd-a868685bbdb7",
            "tenant_id": "16726064c0164516ad4d569306837de1",
            "timeouts": null
          },
          "sensitive_attributes": [],
          "identity_schema_version": 0,
          "private": "eyJlMmJmYjczMC1lY2FhLTExZTYtOGY4OC0zNDM2M2JjN2M0YzAiOnsiZGVsZXRlIjo2MDAwMDAwMDAwMDB9fQ==",
          "dependencies": [
            "openstack_networking_secgroup_v2.test"
          ]
        }
      ]
    },
    {
      "mode": "managed",
      "type": "openstack_networking_secgroup_v2",
      "name": "test",
      "provider": "provider[\"registry.terraform.io/terraform-provider-openstack/openstack\"]",
      "instances": [
        {
          "schema_version": 0,
          "attributes": {
            "all_tags": [],
            "delete_default_rules": null,
            "description": "SSH, ICMP, HTTP/HTTPS 허용",
            "id": "107d5c24-a92c-4524-b1bd-a868685bbdb7",
            "name": "test-secgroup",
            "region": "RegionOne",
            "stateful": true,
            "tags": null,
            "tenant_id": "16726064c0164516ad4d569306837de1",
            "timeouts": null
          },
          "sensitive_attributes": [],
          "identity_schema_version": 0,
          "private": "eyJlMmJmYjczMC1lY2FhLTExZTYtOGY4OC0zNDM2M2JjN2M0YzAiOnsiZGVsZXRlIjo2MDAwMDAwMDAwMDB9fQ=="
        }
      ]
    },
    {
      "mode": "managed",
      "type": "openstack_networking_subnet_v2",
      "name": "external",
      "provider": "provider[\"registry.terraform.io/terraform-provider-openstack/openstack\"]",
      "instances": [
        {
          "schema_version": 0,
          "attributes": {
            "all_tags": [],
            "allocation_pool": [
              {
                "end": "192.168.0.29",
                "start": "192.168.0.24"
              },
              {
                "end": "192.168.0.51",
                "start": "192.168.0.42"
              },
              {
                "end": "192.168.0.57",
                "start": "192.168.0.53"
              }
            ],
            "cidr": "192.168.0.0/24",
            "description": "",
            "dns_nameservers": [
              "8.8.8.8",
              "1.1.1.1"
            ],
            "dns_publish_fixed_ip": false,
            "enable_dhcp": true,
            "gateway_ip": "192.168.0.1",
            "id": "723a6f79-f9d2-48c9-8d86-2351d41e8fda",
            "ip_version": 4,
            "ipv6_address_mode": "",
            "ipv6_ra_mode": "",
            "name": "external-subnet",
            "network_id": "807ebd7b-f72f-485a-95ba-db5490f54782",
            "no_gateway": false,
            "prefix_length": null,
            "region": "RegionOne",
            "segment_id": "",
            "service_types": [],
            "subnetpool_id": "",
            "tags": null,
            "tenant_id": "16726064c0164516ad4d569306837de1",
            "timeouts": null,
            "value_specs": null
          },
          "sensitive_attributes": [],
          "identity_schema_version": 0,
          "private": "eyJlMmJmYjczMC1lY2FhLTExZTYtOGY4OC0zNDM2M2JjN2M0YzAiOnsiY3JlYXRlIjo2MDAwMDAwMDAwMDAsImRlbGV0ZSI6NjAwMDAwMDAwMDAwfX0=",
          "dependencies": [
            "openstack_networking_network_v2.external"
          ]
        }
      ]
    }
  ],
  "check_results": null
}
