{
  "version": 4,
  "terraform_version": "1.14.5",
  "serial": 25,
  "lineage": "6f9a21bc-b626-03c4-605e-389d4ab1687c",
  "outputs": {
    "external_network_id": {
      "value": "e90a1a8f-aa0e-476d-b786-16b403474421",
      "type": "string"
    },
    "external_network_name": {
      "value": "external-net",
      "type": "string"
    },
    "flavor_medium_id": {
      "value": "bf1c977e-cbef-40ed-8f1d-c1d496f466c2",
      "type": "string"
    },
    "flavor_small_id": {
      "value": "1e44a0ea-b035-4e42-99df-681c2025cec8",
      "type": "string"
    },
    "image_id": {
      "value": "18e07c6e-4d5e-41cd-8f1e-4241b15e2e8b",
      "type": "string"
    },
    "keypair_name": {
      "value": "test-keypair",
      "type": "string"
    },
    "private_key": {
      "value": "-----BEGIN RSA PRIVATE KEY-----\nMIIEogIBAAKCAQEAlJdb67Mdk2DqTBYNAo67xWVRAnW82K/a4JeeBPRYmp4PtoYB\nfs7RzHsxzxsUS6DnQ4T+t5rhhbqliIFotlXDnQZbtX/PFvqS3c1OdzstPDUfxIYX\nZTUvwXjsgUF4cpM2Yic/3tdv0534B+3CLkZLI56kuO4sQ931G8qgRCh7rvQVLC/J\nwntSpMnmhyPCrhaPlj1/X21mekG+4zgp0AU6LIULHBMkznGqLsxISKxOg9HdFLot\nV06d/effMpVACRLoalpPkuSJq7zUHqB0XMxnP/va9pByYQ5v2ebDdYrDdkjunruX\n52OJI1Gl6ylgRU1MYTDicpf5Yr8nrA/MNLzvwwIDAQABAoIBAD2Hl7a4Suz2Ws76\n6pQ+ip6o36zHGFYaK+aIohSnIfGUtij8wK3D8rhb4zpBmlve2yToc5mP9wcrTNSD\n0dp/FSt2sI8tx5FaXWqfU3in9olR7j+wzwtHxOi2rCix9bBsKT7nxdj/GP1mEokl\n+Ry0WvT7AnbZmVbZGGBTvZ27rcu6AVvgR9QUgyD5mwbnqDyhJoU1Xw+TmGGkd/yb\nRDPsJ96Rsim2WWjMZ/W5trUp5SInn6p3BTKl3PLwB4TazHUj+q7n+7djgnRvOHiq\nyB/4gaKWBzX78bKOdigf0aFs/mnQtyyBgYLl7JODbDyEMRg59vtt5t046OW9Mpyr\nySnSs+ECgYEAyH2kxbMhurvGJeko6t/No5BZ6W1ELxIcCdASYSxqVbIfmafyr9to\nECFaCpJWzxZ19r9O9fzMoT1tpI+pIOAnTv8h7qGitogL05KUSxwGUAceeSueStEt\n44/6vhMq+CT31MdtuT88YOQAj6bAdVCVBhykozV9XnJqkLQgz8NyYXsCgYEAvbsv\n39oHqdtsf9fub9k23+0ZcnfJVkxsoU+3Wax84LeCUijdBGskwy4p9ZPDyelrDR9X\nQjR2e4cFBpzwTDa1JvJ8q270Ch31hE/ezGwuAuR/Lu2v6snG66dPwHjRyY4wPrat\ncow8Xj+oBr2auqdWknm0lLZcfGzsk0DGAnIfZFkCgYBcX18yY1UQBwHFZ8adaJ4D\nVTfHz7sRgOOANeix8tfPQfFDR1kOYyVwAR3OLxxl73BMTlpgBah2RaolnrcK2Zvi\nzrPgkYI5XTcttKQ0cuYJqy4EH++fgv8EkMqzFnu+trGkzHmmVxdHgOUtSmPz6Tuw\nBDRqqfNoN4kXwJY5g1BIzwKBgGkNPvnEICAldVLn/YaCj8a24jMmLh2RXUiH+e41\n+kL2eLsDEzVCGe3UHrlx4qNmkbaHVuo6YCwPW3II7WhVlkIFW5AUdB0x72IeUy9+\n6o8Bc4ZJZvEqXfDXB+p7OzVNfFsNDMZy7W4F8wQgcY7N3rpllt4MhvMB4I+7+qca\nB1WpAoGAay6l/e+HSy5anx7lNLv0w9G0fh782XyMKZd3umr8UArFvuj8wDGL6Ayc\n9D/PSjH5p3K35iSADWMINjFiZQreyCWu9uC93KIl2Pn1dplWQc8x8wJvNQItNQOS\nL5iJG4ySlZFZp5JFh2d+XvVy+q9b7k8pln/QaURgRxtiBXItyR0=\n-----END RSA PRIVATE KEY-----\n",
      "type": "string",
      "sensitive": true
    },
    "router_id": {
      "value": "1adeecb7-f5c1-4c34-a26e-88ccc406ec0f",
      "type": "string"
    },
    "secgroup_name": {
      "value": "test-secgroup",
      "type": "string"
    },
    "tenant_network_id": {
      "value": "5937fab1-6eaa-4ab1-895d-a1e14362d851",
      "type": "string"
    },
    "tenant_subnet_id": {
      "value": "89d397e7-0b9c-4d68-a5ce-3ecfed3bfe9d",
      "type": "string"
    }
  },
  "resources": [
    {
      "mode": "managed",
      "type": "openstack_compute_flavor_v2",
      "name": "medium",
      "provider": "provider[\"registry.terraform.io/terraform-provider-openstack/openstack\"]",
      "instances": [
        {
          "schema_version": 0,
          "attributes": {
            "description": "",
            "disk": 40,
            "ephemeral": 0,
            "extra_specs": {},
            "flavor_id": "bf1c977e-cbef-40ed-8f1d-c1d496f466c2",
            "id": "bf1c977e-cbef-40ed-8f1d-c1d496f466c2",
            "is_public": true,
            "name": "m1.medium",
            "ram": 4096,
            "region": "RegionOne",
            "rx_tx_factor": 1,
            "swap": 0,
            "vcpus": 2
          },
          "sensitive_attributes": [],
          "identity_schema_version": 0,
          "private": "eyJzY2hlbWFfdmVyc2lvbiI6IjAifQ=="
        }
      ]
    },
    {
      "mode": "managed",
      "type": "openstack_compute_flavor_v2",
      "name": "small",
      "provider": "provider[\"registry.terraform.io/terraform-provider-openstack/openstack\"]",
      "instances": [
        {
          "schema_version": 0,
          "attributes": {
            "description": "",
            "disk": 20,
            "ephemeral": 0,
            "extra_specs": {},
            "flavor_id": "1e44a0ea-b035-4e42-99df-681c2025cec8",
            "id": "1e44a0ea-b035-4e42-99df-681c2025cec8",
            "is_public": true,
            "name": "m1.small",
            "ram": 2048,
            "region": "RegionOne",
            "rx_tx_factor": 1,
            "swap": 0,
            "vcpus": 1
          },
          "sensitive_attributes": [],
          "identity_schema_version": 0,
          "private": "eyJzY2hlbWFfdmVyc2lvbiI6IjAifQ=="
        }
      ]
    },
    {
      "mode": "managed",
      "type": "openstack_compute_keypair_v2",
      "name": "test",
      "provider": "provider[\"registry.terraform.io/terraform-provider-openstack/openstack\"]",
      "instances": [
        {
          "schema_version": 0,
          "attributes": {
            "fingerprint": "5e:e5:45:e9:6d:dc:a2:e0:3f:f5:b2:55:fc:c4:67:74",
            "id": "test-keypair",
            "name": "test-keypair",
            "private_key": "-----BEGIN RSA PRIVATE KEY-----\nMIIEogIBAAKCAQEAlJdb67Mdk2DqTBYNAo67xWVRAnW82K/a4JeeBPRYmp4PtoYB\nfs7RzHsxzxsUS6DnQ4T+t5rhhbqliIFotlXDnQZbtX/PFvqS3c1OdzstPDUfxIYX\nZTUvwXjsgUF4cpM2Yic/3tdv0534B+3CLkZLI56kuO4sQ931G8qgRCh7rvQVLC/J\nwntSpMnmhyPCrhaPlj1/X21mekG+4zgp0AU6LIULHBMkznGqLsxISKxOg9HdFLot\nV06d/effMpVACRLoalpPkuSJq7zUHqB0XMxnP/va9pByYQ5v2ebDdYrDdkjunruX\n52OJI1Gl6ylgRU1MYTDicpf5Yr8nrA/MNLzvwwIDAQABAoIBAD2Hl7a4Suz2Ws76\n6pQ+ip6o36zHGFYaK+aIohSnIfGUtij8wK3D8rhb4zpBmlve2yToc5mP9wcrTNSD\n0dp/FSt2sI8tx5FaXWqfU3in9olR7j+wzwtHxOi2rCix9bBsKT7nxdj/GP1mEokl\n+Ry0WvT7AnbZmVbZGGBTvZ27rcu6AVvgR9QUgyD5mwbnqDyhJoU1Xw+TmGGkd/yb\nRDPsJ96Rsim2WWjMZ/W5trUp5SInn6p3BTKl3PLwB4TazHUj+q7n+7djgnRvOHiq\nyB/4gaKWBzX78bKOdigf0aFs/mnQtyyBgYLl7JODbDyEMRg59vtt5t046OW9Mpyr\nySnSs+ECgYEAyH2kxbMhurvGJeko6t/No5BZ6W1ELxIcCdASYSxqVbIfmafyr9to\nECFaCpJWzxZ19r9O9fzMoT1tpI+pIOAnTv8h7qGitogL05KUSxwGUAceeSueStEt\n44/6vhMq+CT31MdtuT88YOQAj6bAdVCVBhykozV9XnJqkLQgz8NyYXsCgYEAvbsv\n39oHqdtsf9fub9k23+0ZcnfJVkxsoU+3Wax84LeCUijdBGskwy4p9ZPDyelrDR9X\nQjR2e4cFBpzwTDa1JvJ8q270Ch31hE/ezGwuAuR/Lu2v6snG66dPwHjRyY4wPrat\ncow8Xj+oBr2auqdWknm0lLZcfGzsk0DGAnIfZFkCgYBcX18yY1UQBwHFZ8adaJ4D\nVTfHz7sRgOOANeix8tfPQfFDR1kOYyVwAR3OLxxl73BMTlpgBah2RaolnrcK2Zvi\nzrPgkYI5XTcttKQ0cuYJqy4EH++fgv8EkMqzFnu+trGkzHmmVxdHgOUtSmPz6Tuw\nBDRqqfNoN4kXwJY5g1BIzwKBgGkNPvnEICAldVLn/YaCj8a24jMmLh2RXUiH+e41\n+kL2eLsDEzVCGe3UHrlx4qNmkbaHVuo6YCwPW3II7WhVlkIFW5AUdB0x72IeUy9+\n6o8Bc4ZJZvEqXfDXB+p7OzVNfFsNDMZy7W4F8wQgcY7N3rpllt4MhvMB4I+7+qca\nB1WpAoGAay6l/e+HSy5anx7lNLv0w9G0fh782XyMKZd3umr8UArFvuj8wDGL6Ayc\n9D/PSjH5p3K35iSADWMINjFiZQreyCWu9uC93KIl2Pn1dplWQc8x8wJvNQItNQOS\nL5iJG4ySlZFZp5JFh2d+XvVy+q9b7k8pln/QaURgRxtiBXItyR0=\n-----END RSA PRIVATE KEY-----\n",
            "public_key": "ssh-rsa AAAAB3NzaC1yc2EAAAADAQABAAABAQCUl1vrsx2TYOpMFg0CjrvFZVECdbzYr9rgl54E9Fiang+2hgF+ztHMezHPGxRLoOdDhP63muGFuqWIgWi2VcOdBlu1f88W+pLdzU53Oy08NR/EhhdlNS/BeOyBQXhykzZiJz/e12/TnfgH7cIuRksjnqS47ixD3fUbyqBEKHuu9BUsL8nCe1KkyeaHI8KuFo+WPX9fbWZ6Qb7jOCnQBToshQscEyTOcaouzEhIrE6D0d0Uui1XTp39598ylUAJEuhqWk+S5ImrvNQeoHRczGc/+9r2kHJhDm/Z5sN1isN2SO6eu5fnY4kjUaXrKWBFTUxhMOJyl/livyesD8w0vO/D Generated-by-Nova",
            "region": "RegionOne",
            "user_id": "",
            "value_specs": null
          },
          "sensitive_attributes": [
            [
              {
                "type": "get_attr",
                "value": "private_key"
              }
            ]
          ],
          "identity_schema_version": 0,
          "private": "bnVsbA=="
        }
      ]
    },
    {
      "mode": "managed",
      "type": "openstack_images_image_v2",
      "name": "cirros",
      "provider": "provider[\"registry.terraform.io/terraform-provider-openstack/openstack\"]",
      "instances": [
        {
          "schema_version": 0,
          "attributes": {
            "checksum": "87617e24a5e30cb3b87fda8c0764838f",
            "container_format": "bare",
            "created_at": "2026-03-06T02:35:42Z",
            "decompress": null,
            "disk_format": "qcow2",
            "file": "/v2/images/18e07c6e-4d5e-41cd-8f1e-4241b15e2e8b/file",
            "hidden": false,
            "id": "18e07c6e-4d5e-41cd-8f1e-4241b15e2e8b",
            "image_cache_path": "/root/.terraform/image_cache",
            "image_id": "18e07c6e-4d5e-41cd-8f1e-4241b15e2e8b",
            "image_source_password": null,
            "image_source_url": "https://download.cirros-cloud.net/0.6.3/cirros-0.6.3-x86_64-disk.img",
            "image_source_username": null,
            "local_file_path": null,
            "metadata": {},
            "min_disk_gb": 0,
            "min_ram_mb": 0,
            "name": "cirros-0.6.3",
            "owner": "ef304f72069d4a22844f2bac3b62d88a",
            "properties": {
              "os_hash_algo": "sha512",
              "os_hash_value": "9a9bce0083a00939ec17c11febbfc767aa211aaa54f51e75c5a8b271a9b5637c77205a518b7a2007cb391d23cceb01e0e4e8d64832317151bc85b734b92a7be0",
              "os_type": "linux",
              "stores": "file"
            },
            "protected": false,
            "region": "RegionOne",
            "schema": "/v2/schemas/image",
            "size_bytes": 21692416,
            "status": "active",
            "tags": null,
            "timeouts": null,
            "updated_at": "2026-03-06T02:35:42Z",
            "verify_checksum": null,
            "visibility": "public",
            "web_download": null
          },
          "sensitive_attributes": [
            [
              {
                "type": "get_attr",
                "value": "image_source_password"
              }
            ]
          ],
          "identity_schema_version": 0,
          "private": "eyJlMmJmYjczMC1lY2FhLTExZTYtOGY4OC0zNDM2M2JjN2M0YzAiOnsiY3JlYXRlIjoxODAwMDAwMDAwMDAwfX0="
        }
      ]
    },
    {
      "mode": "managed",
      "type": "openstack_networking_network_v2",
      "name": "external",
      "provider": "provider[\"registry.terraform.io/terraform-provider-openstack/openstack\"]",
      "instances": [
        {
          "schema_version": 0,
          "attributes": {
            "admin_state_up": true,
            "all_tags": [],
            "availability_zone_hints": [
              "nova"
            ],
            "description": "",
            "dns_domain": "",
            "external": true,
            "id": "e90a1a8f-aa0e-476d-b786-16b403474421",
            "mtu": 1500,
            "name": "external-net",
            "port_security_enabled": true,
            "qos_policy_id": "",
            "region": "RegionOne",
            "segments": [
              {
                "network_type": "flat",
                "physical_network": "public",
                "segmentation_id": 0
              }
            ],
            "shared": true,
            "tags": null,
            "tenant_id": "ef304f72069d4a22844f2bac3b62d88a",
            "timeouts": null,
            "transparent_vlan": false,
            "value_specs": null
          },
          "sensitive_attributes": [],
          "identity_schema_version": 0,
          "private": "eyJlMmJmYjczMC1lY2FhLTExZTYtOGY4OC0zNDM2M2JjN2M0YzAiOnsiY3JlYXRlIjo2MDAwMDAwMDAwMDAsImRlbGV0ZSI6NjAwMDAwMDAwMDAwfX0="
        }
      ]
    },
    {
      "mode": "managed",
      "type": "openstack_networking_network_v2",
      "name": "tenant",
      "provider": "provider[\"registry.terraform.io/terraform-provider-openstack/openstack\"]",
      "instances": [
        {
          "schema_version": 0,
          "attributes": {
            "admin_state_up": true,
            "all_tags": [],
            "availability_zone_hints": [
              "nova"
            ],
            "description": "",
            "dns_domain": "",
            "external": false,
            "id": "5937fab1-6eaa-4ab1-895d-a1e14362d851",
            "mtu": 1442,
            "name": "tenant-net",
            "port_security_enabled": true,
            "qos_policy_id": "",
            "region": "RegionOne",
            "segments": [
              {
                "network_type": "geneve",
                "physical_network": "",
                "segmentation_id": 6562
              }
            ],
            "shared": false,
            "tags": null,
            "tenant_id": "ef304f72069d4a22844f2bac3b62d88a",
            "timeouts": null,
            "transparent_vlan": false,
            "value_specs": null
          },
          "sensitive_attributes": [],
          "identity_schema_version": 0,
          "private": "eyJlMmJmYjczMC1lY2FhLTExZTYtOGY4OC0zNDM2M2JjN2M0YzAiOnsiY3JlYXRlIjo2MDAwMDAwMDAwMDAsImRlbGV0ZSI6NjAwMDAwMDAwMDAwfX0="
        }
      ]
    },
    {
      "mode": "managed",
      "type": "openstack_networking_router_interface_v2",
      "name": "tenant",
      "provider": "provider[\"registry.terraform.io/terraform-provider-openstack/openstack\"]",
      "instances": [
        {
          "schema_version": 0,
          "attributes": {
            "force_destroy": false,
            "id": "c3b8d8fb-e6b1-4a2d-bdc7-31b8a62e7bee",
            "port_id": "c3b8d8fb-e6b1-4a2d-bdc7-31b8a62e7bee",
            "region": "RegionOne",
            "router_id": "1adeecb7-f5c1-4c34-a26e-88ccc406ec0f",
            "subnet_id": "89d397e7-0b9c-4d68-a5ce-3ecfed3bfe9d",
            "timeouts": null
          },
          "sensitive_attributes": [],
          "identity_schema_version": 0,
          "private": "eyJlMmJmYjczMC1lY2FhLTExZTYtOGY4OC0zNDM2M2JjN2M0YzAiOnsiY3JlYXRlIjo2MDAwMDAwMDAwMDAsImRlbGV0ZSI6NjAwMDAwMDAwMDAwfX0=",
          "dependencies": [
            "openstack_networking_network_v2.external",
            "openstack_networking_network_v2.tenant",
            "openstack_networking_router_v2.main",
            "openstack_networking_subnet_v2.tenant"
          ]
        }
      ]
    },
    {
      "mode": "managed",
      "type": "openstack_networking_router_v2",
      "name": "main",
      "provider": "provider[\"registry.terraform.io/terraform-provider-openstack/openstack\"]",
      "instances": [
        {
          "schema_version": 0,
          "attributes": {
            "admin_state_up": true,
            "all_tags": [],
            "availability_zone_hints": [
              "nova"
            ],
            "description": "",
            "distributed": false,
            "enable_snat": true,
            "external_fixed_ip": [
              {
                "ip_address": "192.168.0.55",
                "subnet_id": "3f506424-063c-4b30-b7e2-8c70bef01c65"
              }
            ],
            "external_network_id": "e90a1a8f-aa0e-476d-b786-16b403474421",
            "external_qos_policy_id": null,
            "external_subnet_ids": null,
            "id": "1adeecb7-f5c1-4c34-a26e-88ccc406ec0f",
            "name": "main-router",
            "region": "RegionOne",
            "tags": null,
            "tenant_id": "ef304f72069d4a22844f2bac3b62d88a",
            "timeouts": null,
            "value_specs": null,
            "vendor_options": []
          },
          "sensitive_attributes": [],
          "identity_schema_version": 0,
          "private": "eyJlMmJmYjczMC1lY2FhLTExZTYtOGY4OC0zNDM2M2JjN2M0YzAiOnsiY3JlYXRlIjo2MDAwMDAwMDAwMDAsImRlbGV0ZSI6NjAwMDAwMDAwMDAwfX0=",
          "dependencies": [
            "openstack_networking_network_v2.external"
          ]
        }
      ]
    },
    {
      "mode": "managed",
      "type": "openstack_networking_secgroup_rule_v2",
      "name": "http",
      "provider": "provider[\"registry.terraform.io/terraform-provider-openstack/openstack\"]",
      "instances": [
        {
          "schema_version": 0,
          "attributes": {
            "description": "",
            "direction": "ingress",
            "ethertype": "IPv4",
            "id": "73252f9e-f767-44b5-ae00-e3ab0b34b18c",
            "port_range_max": 80,
            "port_range_min": 80,
            "protocol": "tcp",
            "region": "RegionOne",
            "remote_address_group_id": "",
            "remote_group_id": "",
            "remote_ip_prefix": "0.0.0.0/0",
            "security_group_id": "8ca13907-9f23-42b8-9813-cb14554c853f",
            "tenant_id": "ef304f72069d4a22844f2bac3b62d88a",
            "timeouts": null
          },
          "sensitive_attributes": [],
          "identity_schema_version": 0,
          "private": "eyJlMmJmYjczMC1lY2FhLTExZTYtOGY4OC0zNDM2M2JjN2M0YzAiOnsiZGVsZXRlIjo2MDAwMDAwMDAwMDB9fQ==",
          "dependencies": [
            "openstack_networking_secgroup_v2.test"
          ]
        }
      ]
    },
    {
      "mode": "managed",
      "type": "openstack_networking_secgroup_rule_v2",
      "name": "https",
      "provider": "provider[\"registry.terraform.io/terraform-provider-openstack/openstack\"]",
      "instances": [
        {
          "schema_version": 0,
          "attributes": {
            "description": "",
            "direction": "ingress",
            "ethertype": "IPv4",
            "id": "7050f476-a839-4cc2-9662-3732a0614064",
            "port_range_max": 443,
            "port_range_min": 443,
            "protocol": "tcp",
            "region": "RegionOne",
            "remote_address_group_id": "",
            "remote_group_id": "",
            "remote_ip_prefix": "0.0.0.0/0",
            "security_group_id": "8ca13907-9f23-42b8-9813-cb14554c853f",
            "tenant_id": "ef304f72069d4a22844f2bac3b62d88a",
            "timeouts": null
          },
          "sensitive_attributes": [],
          "identity_schema_version": 0,
          "private": "eyJlMmJmYjczMC1lY2FhLTExZTYtOGY4OC0zNDM2M2JjN2M0YzAiOnsiZGVsZXRlIjo2MDAwMDAwMDAwMDB9fQ==",
          "dependencies": [
            "openstack_networking_secgroup_v2.test"
          ]
        }
      ]
    },
    {
      "mode": "managed",
      "type": "openstack_networking_secgroup_rule_v2",
      "name": "icmp",
      "provider": "provider[\"registry.terraform.io/terraform-provider-openstack/openstack\"]",
      "instances": [
        {
          "schema_version": 0,
          "attributes": {
            "description": "",
            "direction": "ingress",
            "ethertype": "IPv4",
            "id": "d2d2de6c-5a99-4bbd-8ec4-1bef47e49df3",
            "port_range_max": 0,
            "port_range_min": 0,
            "protocol": "icmp",
            "region": "RegionOne",
            "remote_address_group_id": "",
            "remote_group_id": "",
            "remote_ip_prefix": "0.0.0.0/0",
            "security_group_id": "8ca13907-9f23-42b8-9813-cb14554c853f",
            "tenant_id": "ef304f72069d4a22844f2bac3b62d88a",
            "timeouts": null
          },
          "sensitive_attributes": [],
          "identity_schema_version": 0,
          "private": "eyJlMmJmYjczMC1lY2FhLTExZTYtOGY4OC0zNDM2M2JjN2M0YzAiOnsiZGVsZXRlIjo2MDAwMDAwMDAwMDB9fQ==",
          "dependencies": [
            "openstack_networking_secgroup_v2.test"
          ]
        }
      ]
    },
    {
      "mode": "managed",
      "type": "openstack_networking_secgroup_rule_v2",
      "name": "ssh",
      "provider": "provider[\"registry.terraform.io/terraform-provider-openstack/openstack\"]",
      "instances": [
        {
          "schema_version": 0,
          "attributes": {
            "description": "",
            "direction": "ingress",
            "ethertype": "IPv4",
            "id": "272aeaf8-29ef-4b89-b96c-16c1c446cfe5",
            "port_range_max": 22,
            "port_range_min": 22,
            "protocol": "tcp",
            "region": "RegionOne",
            "remote_address_group_id": "",
            "remote_group_id": "",
            "remote_ip_prefix": "0.0.0.0/0",
            "security_group_id": "8ca13907-9f23-42b8-9813-cb14554c853f",
            "tenant_id": "ef304f72069d4a22844f2bac3b62d88a",
            "timeouts": null
          },
          "sensitive_attributes": [],
          "identity_schema_version": 0,
          "private": "eyJlMmJmYjczMC1lY2FhLTExZTYtOGY4OC0zNDM2M2JjN2M0YzAiOnsiZGVsZXRlIjo2MDAwMDAwMDAwMDB9fQ==",
          "dependencies": [
            "openstack_networking_secgroup_v2.test"
          ]
        }
      ]
    },
    {
      "mode": "managed",
      "type": "openstack_networking_secgroup_v2",
      "name": "test",
      "provider": "provider[\"registry.terraform.io/terraform-provider-openstack/openstack\"]",
      "instances": [
        {
          "schema_version": 0,
          "attributes": {
            "all_tags": [],
            "delete_default_rules": null,
            "description": "SSH, ICMP, HTTP/HTTPS 허용",
            "id": "8ca13907-9f23-42b8-9813-cb14554c853f",
            "name": "test-secgroup",
            "region": "RegionOne",
            "stateful": true,
            "tags": null,
            "tenant_id": "ef304f72069d4a22844f2bac3b62d88a",
            "timeouts": null
          },
          "sensitive_attributes": [],
          "identity_schema_version": 0,
          "private": "eyJlMmJmYjczMC1lY2FhLTExZTYtOGY4OC0zNDM2M2JjN2M0YzAiOnsiZGVsZXRlIjo2MDAwMDAwMDAwMDB9fQ=="
        }
      ]
    },
    {
      "mode": "managed",
      "type": "openstack_networking_subnet_v2",
      "name": "external",
      "provider": "provider[\"registry.terraform.io/terraform-provider-openstack/openstack\"]",
      "instances": [
        {
          "schema_version": 0,
          "attributes": {
            "all_tags": [],
            "allocation_pool": [
              {
                "end": "192.168.0.29",
                "start": "192.168.0.24"
              },
              {
                "end": "192.168.0.51",
                "start": "192.168.0.42"
              },
              {
                "end": "192.168.0.57",
                "start": "192.168.0.53"
              }
            ],
            "cidr": "192.168.0.0/24",
            "description": "",
            "dns_nameservers": [
              "8.8.8.8",
              "1.1.1.1"
            ],
            "dns_publish_fixed_ip": false,
            "enable_dhcp": false,
            "gateway_ip": "192.168.0.1",
            "id": "3f506424-063c-4b30-b7e2-8c70bef01c65",
            "ip_version": 4,
            "ipv6_address_mode": "",
            "ipv6_ra_mode": "",
            "name": "external-subnet",
            "network_id": "e90a1a8f-aa0e-476d-b786-16b403474421",
            "no_gateway": false,
            "prefix_length": null,
            "region": "RegionOne",
            "segment_id": "",
            "service_types": [],
            "subnetpool_id": "",
            "tags": null,
            "tenant_id": "ef304f72069d4a22844f2bac3b62d88a",
            "timeouts": null,
            "value_specs": null
          },
          "sensitive_attributes": [],
          "identity_schema_version": 0,
          "private": "eyJlMmJmYjczMC1lY2FhLTExZTYtOGY4OC0zNDM2M2JjN2M0YzAiOnsiY3JlYXRlIjo2MDAwMDAwMDAwMDAsImRlbGV0ZSI6NjAwMDAwMDAwMDAwfX0=",
          "dependencies": [
            "openstack_networking_network_v2.external"
          ]
        }
      ]
    },
    {
      "mode": "managed",
      "type": "openstack_networking_subnet_v2",
      "name": "tenant",
      "provider": "provider[\"registry.terraform.io/terraform-provider-openstack/openstack\"]",
      "instances": [
        {
          "schema_version": 0,
          "attributes": {
            "all_tags": [],
            "allocation_pool": [
              {
                "end": "172.16.0.254",
                "start": "172.16.0.2"
              }
            ],
            "cidr": "172.16.0.0/24",
            "description": "",
            "dns_nameservers": [
              "8.8.8.8"
            ],
            "dns_publish_fixed_ip": false,
            "enable_dhcp": true,
            "gateway_ip": "172.16.0.1",
            "id": "89d397e7-0b9c-4d68-a5ce-3ecfed3bfe9d",
            "ip_version": 4,
            "ipv6_address_mode": "",
            "ipv6_ra_mode": "",
            "name": "tenant-subnet",
            "network_id": "5937fab1-6eaa-4ab1-895d-a1e14362d851",
            "no_gateway": false,
            "prefix_length": null,
            "region": "RegionOne",
            "segment_id": "",
            "service_types": [],
            "subnetpool_id": "",
            "tags": null,
            "tenant_id": "ef304f72069d4a22844f2bac3b62d88a",
            "timeouts": null,
            "value_specs": null
          },
          "sensitive_attributes": [],
          "identity_schema_version": 0,
          "private": "eyJlMmJmYjczMC1lY2FhLTExZTYtOGY4OC0zNDM2M2JjN2M0YzAiOnsiY3JlYXRlIjo2MDAwMDAwMDAwMDAsImRlbGV0ZSI6NjAwMDAwMDAwMDAwfX0=",
          "dependencies": [
            "openstack_networking_network_v2.tenant"
          ]
        }
      ]
    }
  ],
  "check_results": null
}
