{
  "version": 4,
  "terraform_version": "1.14.5",
  "serial": 24,
  "lineage": "b803a854-9789-421c-69b4-b9c43ce55ddd",
  "outputs": {
    "data_volume_id": {
      "value": "6efb2cfe-b414-40ba-a882-c1f5b39af208",
      "type": "string"
    },
    "test_vm_id": {
      "value": "0b50c2dc-d895-4798-ace8-f2cb9b44552c",
      "type": "string"
    },
    "vol_boot_vm_id": {
      "value": "c75cbf5e-607c-4f03-a555-8b2698ec3509",
      "type": "string"
    }
  },
  "resources": [
    {
      "mode": "data",
      "type": "openstack_compute_flavor_v2",
      "name": "medium",
      "provider": "provider[\"registry.terraform.io/terraform-provider-openstack/openstack\"]",
      "instances": [
        {
          "schema_version": 0,
          "attributes": {
            "description": "",
            "disk": 10,
            "extra_specs": {},
            "flavor_id": "66461306-c75e-4389-8116-e3ec7dae8758",
            "id": "66461306-c75e-4389-8116-e3ec7dae8758",
            "is_public": true,
            "min_disk": null,
            "min_ram": null,
            "name": "m1.medium",
            "ram": 1024,
            "region": "RegionOne",
            "rx_tx_factor": 1,
            "swap": 0,
            "vcpus": 1
          },
          "sensitive_attributes": [],
          "identity_schema_version": 0
        }
      ]
    },
    {
      "mode": "data",
      "type": "openstack_compute_flavor_v2",
      "name": "small",
      "provider": "provider[\"registry.terraform.io/terraform-provider-openstack/openstack\"]",
      "instances": [
        {
          "schema_version": 0,
          "attributes": {
            "description": "",
            "disk": 5,
            "extra_specs": {},
            "flavor_id": "6d3600a9-8c23-4088-9d67-c101ced43413",
            "id": "6d3600a9-8c23-4088-9d67-c101ced43413",
            "is_public": true,
            "min_disk": null,
            "min_ram": null,
            "name": "m1.small",
            "ram": 512,
            "region": "RegionOne",
            "rx_tx_factor": 1,
            "swap": 0,
            "vcpus": 1
          },
          "sensitive_attributes": [],
          "identity_schema_version": 0
        }
      ]
    },
    {
      "mode": "data",
      "type": "openstack_images_image_v2",
      "name": "cirros",
      "provider": "provider[\"registry.terraform.io/terraform-provider-openstack/openstack\"]",
      "instances": [
        {
          "schema_version": 0,
          "attributes": {
            "checksum": "87617e24a5e30cb3b87fda8c0764838f",
            "container_format": "bare",
            "created_at": "2026-03-27T04:22:06Z",
            "disk_format": "qcow2",
            "file": "/v2/images/2924879d-b605-4831-839c-103164c0172d/file",
            "hidden": false,
            "id": "2924879d-b605-4831-839c-103164c0172d",
            "member_status": null,
            "metadata": {},
            "min_disk_gb": 0,
            "min_ram_mb": 0,
            "most_recent": true,
            "name": "cirros-0.6.3",
            "name_regex": null,
            "owner": "16726064c0164516ad4d569306837de1",
            "properties": {
              "os_hash_algo": "sha512",
              "os_hash_value": "9a9bce0083a00939ec17c11febbfc767aa211aaa54f51e75c5a8b271a9b5637c77205a518b7a2007cb391d23cceb01e0e4e8d64832317151bc85b734b92a7be0",
              "os_type": "linux",
              "stores": "rbd"
            },
            "protected": false,
            "region": "RegionOne",
            "schema": "/v2/schemas/image",
            "size_bytes": 21692416,
            "size_max": null,
            "size_min": null,
            "sort": "name:asc",
            "tag": null,
            "tags": [],
            "updated_at": "2026-03-27T04:22:12Z",
            "visibility": "public"
          },
          "sensitive_attributes": [],
          "identity_schema_version": 0
        }
      ]
    },
    {
      "mode": "data",
      "type": "openstack_networking_network_v2",
      "name": "external",
      "provider": "provider[\"registry.terraform.io/terraform-provider-openstack/openstack\"]",
      "instances": [
        {
          "schema_version": 0,
          "attributes": {
            "admin_state_up": "true",
            "all_tags": [],
            "availability_zone_hints": [],
            "description": "",
            "dns_domain": "",
            "external": true,
            "id": "807ebd7b-f72f-485a-95ba-db5490f54782",
            "matching_subnet_cidr": null,
            "mtu": 1500,
            "name": "external-net",
            "network_id": null,
            "region": "RegionOne",
            "segments": [
              {
                "network_type": "flat",
                "physical_network": "external",
                "segmentation_id": 0
              }
            ],
            "shared": "true",
            "status": null,
            "subnets": [
              "723a6f79-f9d2-48c9-8d86-2351d41e8fda"
            ],
            "tags": null,
            "tenant_id": "16726064c0164516ad4d569306837de1",
            "transparent_vlan": false
          },
          "sensitive_attributes": [],
          "identity_schema_version": 0
        }
      ]
    },
    {
      "mode": "data",
      "type": "openstack_networking_secgroup_v2",
      "name": "test",
      "provider": "provider[\"registry.terraform.io/terraform-provider-openstack/openstack\"]",
      "instances": [
        {
          "schema_version": 0,
          "attributes": {
            "all_tags": [],
            "description": "SSH, ICMP, HTTP/HTTPS 허용",
            "id": "107d5c24-a92c-4524-b1bd-a868685bbdb7",
            "name": "test-secgroup",
            "region": "RegionOne",
            "secgroup_id": null,
            "stateful": true,
            "tags": null,
            "tenant_id": "16726064c0164516ad4d569306837de1"
          },
          "sensitive_attributes": [],
          "identity_schema_version": 0
        }
      ]
    },
    {
      "mode": "managed",
      "type": "openstack_blockstorage_volume_v3",
      "name": "boot",
      "provider": "provider[\"registry.terraform.io/terraform-provider-openstack/openstack\"]",
      "instances": [
        {
          "schema_version": 0,
          "attributes": {
            "attachment": [],
            "availability_zone": "nova",
            "backup_id": "",
            "consistency_group_id": null,
            "description": "",
            "enable_online_resize": null,
            "id": "9f99c726-e805-44fd-9aeb-9236110fbabc",
            "image_id": "2924879d-b605-4831-839c-103164c0172d",
            "metadata": {},
            "name": "boot-vol-1",
            "region": "RegionOne",
            "scheduler_hints": [],
            "size": 5,
            "snapshot_id": "",
            "source_replica": null,
            "source_vol_id": "",
            "timeouts": null,
            "volume_retype_policy": "never",
            "volume_type": "__DEFAULT__"
          },
          "sensitive_attributes": [],
          "identity_schema_version": 0,
          "private": "eyJlMmJmYjczMC1lY2FhLTExZTYtOGY4OC0zNDM2M2JjN2M0YzAiOnsiY3JlYXRlIjo2MDAwMDAwMDAwMDAsImRlbGV0ZSI6NjAwMDAwMDAwMDAwfX0=",
          "dependencies": [
            "data.openstack_images_image_v2.cirros"
          ]
        }
      ]
    },
    {
      "mode": "managed",
      "type": "openstack_blockstorage_volume_v3",
      "name": "data",
      "provider": "provider[\"registry.terraform.io/terraform-provider-openstack/openstack\"]",
      "instances": [
        {
          "schema_version": 0,
          "attributes": {
            "attachment": [],
            "availability_zone": "nova",
            "backup_id": "",
            "consistency_group_id": null,
            "description": "test-vm-1 데이터 볼륨",
            "enable_online_resize": null,
            "id": "6efb2cfe-b414-40ba-a882-c1f5b39af208",
            "image_id": null,
            "metadata": {},
            "name": "data-vol-1",
            "region": "RegionOne",
            "scheduler_hints": [],
            "size": 10,
            "snapshot_id": "",
            "source_replica": null,
            "source_vol_id": "",
            "timeouts": null,
            "volume_retype_policy": "never",
            "volume_type": "__DEFAULT__"
          },
          "sensitive_attributes": [],
          "identity_schema_version": 0,
          "private": "eyJlMmJmYjczMC1lY2FhLTExZTYtOGY4OC0zNDM2M2JjN2M0YzAiOnsiY3JlYXRlIjo2MDAwMDAwMDAwMDAsImRlbGV0ZSI6NjAwMDAwMDAwMDAwfX0="
        }
      ]
    },
    {
      "mode": "managed",
      "type": "openstack_compute_instance_v2",
      "name": "test",
      "provider": "provider[\"registry.terraform.io/terraform-provider-openstack/openstack\"]",
      "instances": [
        {
          "schema_version": 0,
          "attributes": {
            "access_ip_v4": "192.168.0.55",
            "access_ip_v6": "",
            "admin_pass": null,
            "all_metadata": {},
            "all_tags": [],
            "availability_zone": "nova",
            "availability_zone_hints": null,
            "block_device": [],
            "config_drive": null,
            "created": "2026-03-27 04:25:25 +0000 UTC",
            "flavor_id": "6d3600a9-8c23-4088-9d67-c101ced43413",
            "flavor_name": "m1.small",
            "force_delete": false,
            "hypervisor_hostname": "stack3",
            "id": "0b50c2dc-d895-4798-ace8-f2cb9b44552c",
            "image_id": "2924879d-b605-4831-839c-103164c0172d",
            "image_name": "cirros-0.6.3",
            "key_pair": "test-keypair",
            "metadata": null,
            "name": "test-vm-1",
            "network": [
              {
                "access_network": false,
                "fixed_ip_v4": "192.168.0.55",
                "fixed_ip_v6": "",
                "mac": "fa:16:3e:00:28:0f",
                "name": "external-net",
                "port": "",
                "uuid": "807ebd7b-f72f-485a-95ba-db5490f54782"
              }
            ],
            "network_mode": null,
            "personality": [],
            "power_state": "active",
            "region": "RegionOne",
            "scheduler_hints": [],
            "security_groups": [
              "test-secgroup"
            ],
            "stop_before_destroy": false,
            "tags": null,
            "timeouts": null,
            "updated": "2026-03-27 04:25:46 +0000 UTC",
            "user_data": "bcc6087a066528c2cd7c528a75307a7f2302a871",
            "vendor_options": []
          },
          "sensitive_attributes": [
            [
              {
                "type": "get_attr",
                "value": "admin_pass"
              }
            ]
          ],
          "identity_schema_version": 0,
          "private": "eyJlMmJmYjczMC1lY2FhLTExZTYtOGY4OC0zNDM2M2JjN2M0YzAiOnsiY3JlYXRlIjoxODAwMDAwMDAwMDAwLCJkZWxldGUiOjE4MDAwMDAwMDAwMDAsInVwZGF0ZSI6MTgwMDAwMDAwMDAwMH19",
          "dependencies": [
            "data.openstack_compute_flavor_v2.small",
            "data.openstack_images_image_v2.cirros",
            "data.openstack_networking_network_v2.external",
            "data.openstack_networking_secgroup_v2.test"
          ]
        }
      ]
    },
    {
      "mode": "managed",
      "type": "openstack_compute_instance_v2",
      "name": "vol_boot",
      "provider": "provider[\"registry.terraform.io/terraform-provider-openstack/openstack\"]",
      "instances": [
        {
          "schema_version": 0,
          "attributes": {
            "access_ip_v4": "192.168.0.54",
            "access_ip_v6": "",
            "admin_pass": null,
            "all_metadata": {},
            "all_tags": [],
            "availability_zone": "nova",
            "availability_zone_hints": null,
            "block_device": [
              {
                "boot_index": 0,
                "delete_on_termination": true,
                "destination_type": "volume",
                "device_type": "",
                "disk_bus": "",
                "guest_format": "",
                "multiattach": false,
                "source_type": "volume",
                "uuid": "9f99c726-e805-44fd-9aeb-9236110fbabc",
                "volume_size": 0,
                "volume_type": ""
              }
            ],
            "config_drive": null,
            "created": "2026-03-27 04:25:36 +0000 UTC",
            "flavor_id": "6d3600a9-8c23-4088-9d67-c101ced43413",
            "flavor_name": "m1.small",
            "force_delete": false,
            "hypervisor_hostname": "stack1",
            "id": "c75cbf5e-607c-4f03-a555-8b2698ec3509",
            "image_id": "Attempt to boot from volume - no image supplied",
            "image_name": null,
            "key_pair": "test-keypair",
            "metadata": null,
            "name": "vol-boot-vm-1",
            "network": [
              {
                "access_network": false,
                "fixed_ip_v4": "192.168.0.54",
                "fixed_ip_v6": "",
                "mac": "fa:16:3e:5d:15:01",
                "name": "external-net",
                "port": "",
                "uuid": "807ebd7b-f72f-485a-95ba-db5490f54782"
              }
            ],
            "network_mode": null,
            "personality": [],
            "power_state": "active",
            "region": "RegionOne",
            "scheduler_hints": [],
            "security_groups": [
              "test-secgroup"
            ],
            "stop_before_destroy": false,
            "tags": null,
            "timeouts": null,
            "updated": "2026-03-27 04:25:57 +0000 UTC",
            "user_data": "bcc6087a066528c2cd7c528a75307a7f2302a871",
            "vendor_options": []
          },
          "sensitive_attributes": [
            [
              {
                "type": "get_attr",
                "value": "admin_pass"
              }
            ]
          ],
          "identity_schema_version": 0,
          "private": "eyJlMmJmYjczMC1lY2FhLTExZTYtOGY4OC0zNDM2M2JjN2M0YzAiOnsiY3JlYXRlIjoxODAwMDAwMDAwMDAwLCJkZWxldGUiOjE4MDAwMDAwMDAwMDAsInVwZGF0ZSI6MTgwMDAwMDAwMDAwMH19",
          "dependencies": [
            "data.openstack_compute_flavor_v2.small",
            "data.openstack_images_image_v2.cirros",
            "data.openstack_networking_network_v2.external",
            "data.openstack_networking_secgroup_v2.test",
            "openstack_blockstorage_volume_v3.boot"
          ]
        }
      ]
    },
    {
      "mode": "managed",
      "type": "openstack_compute_volume_attach_v2",
      "name": "data",
      "provider": "provider[\"registry.terraform.io/terraform-provider-openstack/openstack\"]",
      "instances": [
        {
          "schema_version": 0,
          "attributes": {
            "device": "/dev/vdb",
            "id": "0b50c2dc-d895-4798-ace8-f2cb9b44552c/6efb2cfe-b414-40ba-a882-c1f5b39af208",
            "instance_id": "0b50c2dc-d895-4798-ace8-f2cb9b44552c",
            "multiattach": null,
            "region": "RegionOne",
            "tag": null,
            "timeouts": null,
            "vendor_options": [],
            "volume_id": "6efb2cfe-b414-40ba-a882-c1f5b39af208"
          },
          "sensitive_attributes": [],
          "identity_schema_version": 0,
          "private": "eyJlMmJmYjczMC1lY2FhLTExZTYtOGY4OC0zNDM2M2JjN2M0YzAiOnsiY3JlYXRlIjo2MDAwMDAwMDAwMDAsImRlbGV0ZSI6NjAwMDAwMDAwMDAwfX0=",
          "dependencies": [
            "data.openstack_compute_flavor_v2.small",
            "data.openstack_images_image_v2.cirros",
            "data.openstack_networking_network_v2.external",
            "data.openstack_networking_secgroup_v2.test",
            "openstack_blockstorage_volume_v3.data",
            "openstack_compute_instance_v2.test"
          ]
        }
      ]
    }
  ],
  "check_results": null
}
