{
  "version": 4,
  "terraform_version": "1.14.5",
  "serial": 18,
  "lineage": "b803a854-9789-421c-69b4-b9c43ce55ddd",
  "outputs": {
    "data_volume_id": {
      "value": "f4812e89-df3e-4ab0-88f1-9e73c0765147",
      "type": "string"
    },
    "test_vm_floating_ip": {
      "value": "192.168.0.25",
      "type": "string"
    },
    "test_vm_id": {
      "value": "de79e64b-a38f-4480-8324-8a737258caf9",
      "type": "string"
    },
    "vol_boot_vm_id": {
      "value": "9bd78d6c-a9db-406b-8a34-4e02dc5b3b20",
      "type": "string"
    }
  },
  "resources": [
    {
      "mode": "data",
      "type": "openstack_compute_flavor_v2",
      "name": "medium",
      "provider": "provider[\"registry.terraform.io/terraform-provider-openstack/openstack\"]",
      "instances": [
        {
          "schema_version": 0,
          "attributes": {
            "description": "",
            "disk": 10,
            "extra_specs": {},
            "flavor_id": "4e5d5efa-5940-4570-a885-31398c489c53",
            "id": "4e5d5efa-5940-4570-a885-31398c489c53",
            "is_public": true,
            "min_disk": null,
            "min_ram": null,
            "name": "m1.medium",
            "ram": 1024,
            "region": "RegionOne",
            "rx_tx_factor": 1,
            "swap": 0,
            "vcpus": 1
          },
          "sensitive_attributes": [],
          "identity_schema_version": 0
        }
      ]
    },
    {
      "mode": "data",
      "type": "openstack_compute_flavor_v2",
      "name": "small",
      "provider": "provider[\"registry.terraform.io/terraform-provider-openstack/openstack\"]",
      "instances": [
        {
          "schema_version": 0,
          "attributes": {
            "description": "",
            "disk": 5,
            "extra_specs": {},
            "flavor_id": "1d69ebdc-c9d1-4f10-a41d-ecdf18c70f24",
            "id": "1d69ebdc-c9d1-4f10-a41d-ecdf18c70f24",
            "is_public": true,
            "min_disk": null,
            "min_ram": null,
            "name": "m1.small",
            "ram": 512,
            "region": "RegionOne",
            "rx_tx_factor": 1,
            "swap": 0,
            "vcpus": 1
          },
          "sensitive_attributes": [],
          "identity_schema_version": 0
        }
      ]
    },
    {
      "mode": "data",
      "type": "openstack_images_image_v2",
      "name": "cirros",
      "provider": "provider[\"registry.terraform.io/terraform-provider-openstack/openstack\"]",
      "instances": [
        {
          "schema_version": 0,
          "attributes": {
            "checksum": "87617e24a5e30cb3b87fda8c0764838f",
            "container_format": "bare",
            "created_at": "2026-03-17T08:04:35Z",
            "disk_format": "qcow2",
            "file": "/v2/images/be41290f-7026-4a81-9e20-4c21377e28f8/file",
            "hidden": false,
            "id": "be41290f-7026-4a81-9e20-4c21377e28f8",
            "member_status": null,
            "metadata": {},
            "min_disk_gb": 0,
            "min_ram_mb": 0,
            "most_recent": true,
            "name": "cirros-0.6.3",
            "name_regex": null,
            "owner": "1ccaae0965924945b9b8d010c3db9552",
            "properties": {
              "os_hash_algo": "sha512",
              "os_hash_value": "9a9bce0083a00939ec17c11febbfc767aa211aaa54f51e75c5a8b271a9b5637c77205a518b7a2007cb391d23cceb01e0e4e8d64832317151bc85b734b92a7be0",
              "os_type": "linux",
              "stores": "rbd"
            },
            "protected": false,
            "region": "RegionOne",
            "schema": "/v2/schemas/image",
            "size_bytes": 21692416,
            "size_max": null,
            "size_min": null,
            "sort": "name:asc",
            "tag": null,
            "tags": [],
            "updated_at": "2026-03-17T08:04:39Z",
            "visibility": "public"
          },
          "sensitive_attributes": [],
          "identity_schema_version": 0
        }
      ]
    },
    {
      "mode": "data",
      "type": "openstack_networking_network_v2",
      "name": "external",
      "provider": "provider[\"registry.terraform.io/terraform-provider-openstack/openstack\"]",
      "instances": [
        {
          "schema_version": 0,
          "attributes": {
            "admin_state_up": "true",
            "all_tags": [],
            "availability_zone_hints": [],
            "description": "",
            "dns_domain": "",
            "external": true,
            "id": "86811342-1fad-4912-bb6f-f3256266abce",
            "matching_subnet_cidr": null,
            "mtu": 1500,
            "name": "external-net",
            "network_id": null,
            "region": "RegionOne",
            "segments": [
              {
                "network_type": "flat",
                "physical_network": "external",
                "segmentation_id": 0
              }
            ],
            "shared": "true",
            "status": null,
            "subnets": [
              "f5a6d64a-2653-4b8f-906d-bc9ad36b9974"
            ],
            "tags": null,
            "tenant_id": "1ccaae0965924945b9b8d010c3db9552",
            "transparent_vlan": false
          },
          "sensitive_attributes": [],
          "identity_schema_version": 0
        }
      ]
    },
    {
      "mode": "data",
      "type": "openstack_networking_network_v2",
      "name": "tenant",
      "provider": "provider[\"registry.terraform.io/terraform-provider-openstack/openstack\"]",
      "instances": [
        {
          "schema_version": 0,
          "attributes": {
            "admin_state_up": "true",
            "all_tags": [],
            "availability_zone_hints": [],
            "description": "",
            "dns_domain": "",
            "external": false,
            "id": "c4d68251-ac3e-4626-abed-93ff11615c73",
            "matching_subnet_cidr": null,
            "mtu": 1442,
            "name": "tenant-net",
            "network_id": null,
            "region": "RegionOne",
            "segments": [
              {
                "network_type": "geneve",
                "physical_network": "",
                "segmentation_id": 1944
              }
            ],
            "shared": "false",
            "status": null,
            "subnets": [
              "9ff59c39-07cc-44dd-93dd-ade79a424e6a"
            ],
            "tags": null,
            "tenant_id": "1ccaae0965924945b9b8d010c3db9552",
            "transparent_vlan": false
          },
          "sensitive_attributes": [],
          "identity_schema_version": 0
        }
      ]
    },
    {
      "mode": "data",
      "type": "openstack_networking_port_v2",
      "name": "test",
      "provider": "provider[\"registry.terraform.io/terraform-provider-openstack/openstack\"]",
      "instances": [
        {
          "schema_version": 0,
          "attributes": {
            "admin_state_up": true,
            "all_fixed_ips": [
              "172.16.0.49"
            ],
            "all_security_group_ids": [
              "ecfcb8ee-c44b-422a-9667-3473c541630f"
            ],
            "all_tags": [],
            "allowed_address_pairs": [],
            "binding": [
              {
                "host_id": "stack1",
                "profile": "{}",
                "vif_details": {
                  "bound_drivers": "{\"0\":\"ovn\"}",
                  "bridge_name": "br-int",
                  "connectivity": "l2",
                  "datapath_type": "system",
                  "port_filter": "true"
                },
                "vif_type": "ovs",
                "vnic_type": "normal"
              }
            ],
            "description": "",
            "device_id": "de79e64b-a38f-4480-8324-8a737258caf9",
            "device_owner": "compute:nova",
            "dns_assignment": [],
            "dns_name": "",
            "extra_dhcp_option": [],
            "fixed_ip": null,
            "id": "189246f8-9dc6-47ad-b0d9-22d1917d145f",
            "mac_address": "fa:16:3e:88:20:87",
            "name": "",
            "network_id": "c4d68251-ac3e-4626-abed-93ff11615c73",
            "port_id": "189246f8-9dc6-47ad-b0d9-22d1917d145f",
            "project_id": "1ccaae0965924945b9b8d010c3db9552",
            "region": "RegionOne",
            "security_group_ids": null,
            "status": null,
            "tags": null,
            "tenant_id": "1ccaae0965924945b9b8d010c3db9552"
          },
          "sensitive_attributes": [],
          "identity_schema_version": 0
        }
      ]
    },
    {
      "mode": "data",
      "type": "openstack_networking_secgroup_v2",
      "name": "test",
      "provider": "provider[\"registry.terraform.io/terraform-provider-openstack/openstack\"]",
      "instances": [
        {
          "schema_version": 0,
          "attributes": {
            "all_tags": [],
            "description": "SSH, ICMP, HTTP/HTTPS 허용",
            "id": "ecfcb8ee-c44b-422a-9667-3473c541630f",
            "name": "test-secgroup",
            "region": "RegionOne",
            "secgroup_id": null,
            "stateful": true,
            "tags": null,
            "tenant_id": "1ccaae0965924945b9b8d010c3db9552"
          },
          "sensitive_attributes": [],
          "identity_schema_version": 0
        }
      ]
    },
    {
      "mode": "data",
      "type": "openstack_networking_subnet_v2",
      "name": "tenant",
      "provider": "provider[\"registry.terraform.io/terraform-provider-openstack/openstack\"]",
      "instances": [
        {
          "schema_version": 0,
          "attributes": {
            "all_tags": [],
            "allocation_pools": [
              {
                "end": "172.16.0.254",
                "start": "172.16.0.2"
              }
            ],
            "cidr": "172.16.0.0/24",
            "description": "",
            "dhcp_enabled": null,
            "dns_nameservers": [
              "8.8.8.8"
            ],
            "dns_publish_fixed_ip": false,
            "enable_dhcp": true,
            "gateway_ip": "172.16.0.1",
            "host_routes": [],
            "id": "9ff59c39-07cc-44dd-93dd-ade79a424e6a",
            "ip_version": 4,
            "ipv6_address_mode": "",
            "ipv6_ra_mode": "",
            "name": "tenant-subnet",
            "network_id": "c4d68251-ac3e-4626-abed-93ff11615c73",
            "region": "RegionOne",
            "segment_id": "",
            "service_types": [],
            "subnet_id": null,
            "subnetpool_id": "",
            "tags": null,
            "tenant_id": "1ccaae0965924945b9b8d010c3db9552"
          },
          "sensitive_attributes": [],
          "identity_schema_version": 0
        }
      ]
    },
    {
      "mode": "managed",
      "type": "openstack_blockstorage_volume_v3",
      "name": "boot",
      "provider": "provider[\"registry.terraform.io/terraform-provider-openstack/openstack\"]",
      "instances": [
        {
          "schema_version": 0,
          "attributes": {
            "attachment": [],
            "availability_zone": "nova",
            "backup_id": "",
            "consistency_group_id": null,
            "description": "",
            "enable_online_resize": null,
            "id": "cc2880f8-717f-4c52-941a-ef1a200d747e",
            "image_id": "be41290f-7026-4a81-9e20-4c21377e28f8",
            "metadata": {},
            "name": "boot-vol-1",
            "region": "RegionOne",
            "scheduler_hints": [],
            "size": 5,
            "snapshot_id": "",
            "source_replica": null,
            "source_vol_id": "",
            "timeouts": null,
            "volume_retype_policy": "never",
            "volume_type": "__DEFAULT__"
          },
          "sensitive_attributes": [],
          "identity_schema_version": 0,
          "private": "eyJlMmJmYjczMC1lY2FhLTExZTYtOGY4OC0zNDM2M2JjN2M0YzAiOnsiY3JlYXRlIjo2MDAwMDAwMDAwMDAsImRlbGV0ZSI6NjAwMDAwMDAwMDAwfX0=",
          "dependencies": [
            "data.openstack_images_image_v2.cirros"
          ]
        }
      ]
    },
    {
      "mode": "managed",
      "type": "openstack_blockstorage_volume_v3",
      "name": "data",
      "provider": "provider[\"registry.terraform.io/terraform-provider-openstack/openstack\"]",
      "instances": [
        {
          "schema_version": 0,
          "attributes": {
            "attachment": [],
            "availability_zone": "nova",
            "backup_id": "",
            "consistency_group_id": null,
            "description": "test-vm-1 데이터 볼륨",
            "enable_online_resize": null,
            "id": "f4812e89-df3e-4ab0-88f1-9e73c0765147",
            "image_id": null,
            "metadata": {},
            "name": "data-vol-1",
            "region": "RegionOne",
            "scheduler_hints": [],
            "size": 10,
            "snapshot_id": "",
            "source_replica": null,
            "source_vol_id": "",
            "timeouts": null,
            "volume_retype_policy": "never",
            "volume_type": "__DEFAULT__"
          },
          "sensitive_attributes": [],
          "identity_schema_version": 0,
          "private": "eyJlMmJmYjczMC1lY2FhLTExZTYtOGY4OC0zNDM2M2JjN2M0YzAiOnsiY3JlYXRlIjo2MDAwMDAwMDAwMDAsImRlbGV0ZSI6NjAwMDAwMDAwMDAwfX0="
        }
      ]
    },
    {
      "mode": "managed",
      "type": "openstack_compute_instance_v2",
      "name": "test",
      "provider": "provider[\"registry.terraform.io/terraform-provider-openstack/openstack\"]",
      "instances": [
        {
          "schema_version": 0,
          "attributes": {
            "access_ip_v4": "172.16.0.49",
            "access_ip_v6": "",
            "admin_pass": null,
            "all_metadata": {},
            "all_tags": [],
            "availability_zone": "nova",
            "availability_zone_hints": null,
            "block_device": [],
            "config_drive": null,
            "created": "2026-03-17 08:38:47 +0000 UTC",
            "flavor_id": "1d69ebdc-c9d1-4f10-a41d-ecdf18c70f24",
            "flavor_name": "m1.small",
            "force_delete": false,
            "hypervisor_hostname": "stack1",
            "id": "de79e64b-a38f-4480-8324-8a737258caf9",
            "image_id": "be41290f-7026-4a81-9e20-4c21377e28f8",
            "image_name": "cirros-0.6.3",
            "key_pair": "test-keypair",
            "metadata": null,
            "name": "test-vm-1",
            "network": [
              {
                "access_network": false,
                "fixed_ip_v4": "172.16.0.49",
                "fixed_ip_v6": "",
                "mac": "fa:16:3e:88:20:87",
                "name": "tenant-net",
                "port": "",
                "uuid": "c4d68251-ac3e-4626-abed-93ff11615c73"
              }
            ],
            "network_mode": null,
            "personality": [],
            "power_state": "active",
            "region": "RegionOne",
            "scheduler_hints": [],
            "security_groups": [
              "test-secgroup"
            ],
            "stop_before_destroy": false,
            "tags": null,
            "timeouts": null,
            "updated": "2026-03-17 08:39:10 +0000 UTC",
            "user_data": "9512c9dd142edadfdd1ee2dc9ef7e8908b769420",
            "vendor_options": []
          },
          "sensitive_attributes": [
            [
              {
                "type": "get_attr",
                "value": "admin_pass"
              }
            ]
          ],
          "identity_schema_version": 0,
          "private": "eyJlMmJmYjczMC1lY2FhLTExZTYtOGY4OC0zNDM2M2JjN2M0YzAiOnsiY3JlYXRlIjoxODAwMDAwMDAwMDAwLCJkZWxldGUiOjE4MDAwMDAwMDAwMDAsInVwZGF0ZSI6MTgwMDAwMDAwMDAwMH19",
          "dependencies": [
            "data.openstack_compute_flavor_v2.small",
            "data.openstack_images_image_v2.cirros",
            "data.openstack_networking_network_v2.tenant",
            "data.openstack_networking_secgroup_v2.test"
          ]
        }
      ]
    },
    {
      "mode": "managed",
      "type": "openstack_compute_instance_v2",
      "name": "vol_boot",
      "provider": "provider[\"registry.terraform.io/terraform-provider-openstack/openstack\"]",
      "instances": [
        {
          "schema_version": 0,
          "attributes": {
            "access_ip_v4": "172.16.0.107",
            "access_ip_v6": "",
            "admin_pass": null,
            "all_metadata": {},
            "all_tags": [],
            "availability_zone": "nova",
            "availability_zone_hints": null,
            "block_device": [
              {
                "boot_index": 0,
                "delete_on_termination": true,
                "destination_type": "volume",
                "device_type": "",
                "disk_bus": "",
                "guest_format": "",
                "multiattach": false,
                "source_type": "volume",
                "uuid": "cc2880f8-717f-4c52-941a-ef1a200d747e",
                "volume_size": 0,
                "volume_type": ""
              }
            ],
            "config_drive": null,
            "created": "2026-03-17 08:38:58 +0000 UTC",
            "flavor_id": "1d69ebdc-c9d1-4f10-a41d-ecdf18c70f24",
            "flavor_name": "m1.small",
            "force_delete": false,
            "hypervisor_hostname": "stack2",
            "id": "9bd78d6c-a9db-406b-8a34-4e02dc5b3b20",
            "image_id": "Attempt to boot from volume - no image supplied",
            "image_name": null,
            "key_pair": "test-keypair",
            "metadata": null,
            "name": "vol-boot-vm-1",
            "network": [
              {
                "access_network": false,
                "fixed_ip_v4": "172.16.0.107",
                "fixed_ip_v6": "",
                "mac": "fa:16:3e:40:9d:bb",
                "name": "tenant-net",
                "port": "",
                "uuid": "c4d68251-ac3e-4626-abed-93ff11615c73"
              }
            ],
            "network_mode": null,
            "personality": [],
            "power_state": "active",
            "region": "RegionOne",
            "scheduler_hints": [],
            "security_groups": [
              "test-secgroup"
            ],
            "stop_before_destroy": false,
            "tags": null,
            "timeouts": null,
            "updated": "2026-03-17 08:39:20 +0000 UTC",
            "user_data": "9512c9dd142edadfdd1ee2dc9ef7e8908b769420",
            "vendor_options": []
          },
          "sensitive_attributes": [
            [
              {
                "type": "get_attr",
                "value": "admin_pass"
              }
            ]
          ],
          "identity_schema_version": 0,
          "private": "eyJlMmJmYjczMC1lY2FhLTExZTYtOGY4OC0zNDM2M2JjN2M0YzAiOnsiY3JlYXRlIjoxODAwMDAwMDAwMDAwLCJkZWxldGUiOjE4MDAwMDAwMDAwMDAsInVwZGF0ZSI6MTgwMDAwMDAwMDAwMH19",
          "dependencies": [
            "data.openstack_compute_flavor_v2.small",
            "data.openstack_images_image_v2.cirros",
            "data.openstack_networking_network_v2.tenant",
            "data.openstack_networking_secgroup_v2.test",
            "openstack_blockstorage_volume_v3.boot"
          ]
        }
      ]
    },
    {
      "mode": "managed",
      "type": "openstack_compute_volume_attach_v2",
      "name": "data",
      "provider": "provider[\"registry.terraform.io/terraform-provider-openstack/openstack\"]",
      "instances": [
        {
          "schema_version": 0,
          "attributes": {
            "device": "/dev/vdb",
            "id": "de79e64b-a38f-4480-8324-8a737258caf9/f4812e89-df3e-4ab0-88f1-9e73c0765147",
            "instance_id": "de79e64b-a38f-4480-8324-8a737258caf9",
            "multiattach": null,
            "region": "RegionOne",
            "tag": null,
            "timeouts": null,
            "vendor_options": [],
            "volume_id": "f4812e89-df3e-4ab0-88f1-9e73c0765147"
          },
          "sensitive_attributes": [],
          "identity_schema_version": 0,
          "private": "eyJlMmJmYjczMC1lY2FhLTExZTYtOGY4OC0zNDM2M2JjN2M0YzAiOnsiY3JlYXRlIjo2MDAwMDAwMDAwMDAsImRlbGV0ZSI6NjAwMDAwMDAwMDAwfX0=",
          "dependencies": [
            "data.openstack_compute_flavor_v2.small",
            "data.openstack_images_image_v2.cirros",
            "data.openstack_networking_network_v2.tenant",
            "data.openstack_networking_secgroup_v2.test",
            "openstack_blockstorage_volume_v3.data",
            "openstack_compute_instance_v2.test"
          ]
        }
      ]
    },
    {
      "mode": "managed",
      "type": "openstack_networking_floatingip_associate_v2",
      "name": "test",
      "provider": "provider[\"registry.terraform.io/terraform-provider-openstack/openstack\"]",
      "instances": [
        {
          "schema_version": 0,
          "attributes": {
            "fixed_ip": "172.16.0.49",
            "floating_ip": "192.168.0.25",
            "id": "7b8d5f74-ebc8-4a2c-96ac-34b582dc2cb9",
            "port_id": "189246f8-9dc6-47ad-b0d9-22d1917d145f",
            "region": "RegionOne"
          },
          "sensitive_attributes": [],
          "identity_schema_version": 0,
          "private": "bnVsbA==",
          "dependencies": [
            "data.openstack_compute_flavor_v2.small",
            "data.openstack_images_image_v2.cirros",
            "data.openstack_networking_network_v2.external",
            "data.openstack_networking_network_v2.tenant",
            "data.openstack_networking_port_v2.test",
            "data.openstack_networking_secgroup_v2.test",
            "openstack_compute_instance_v2.test",
            "openstack_networking_floatingip_v2.test"
          ]
        }
      ]
    },
    {
      "mode": "managed",
      "type": "openstack_networking_floatingip_v2",
      "name": "test",
      "provider": "provider[\"registry.terraform.io/terraform-provider-openstack/openstack\"]",
      "instances": [
        {
          "schema_version": 0,
          "attributes": {
            "address": "192.168.0.25",
            "all_tags": [],
            "description": "",
            "dns_domain": "",
            "dns_name": "",
            "fixed_ip": "",
            "id": "7b8d5f74-ebc8-4a2c-96ac-34b582dc2cb9",
            "pool": "external-net",
            "port_id": "",
            "region": "RegionOne",
            "subnet_id": null,
            "subnet_ids": null,
            "tags": null,
            "tenant_id": "1ccaae0965924945b9b8d010c3db9552",
            "timeouts": null,
            "value_specs": null
          },
          "sensitive_attributes": [],
          "identity_schema_version": 0,
          "private": "eyJlMmJmYjczMC1lY2FhLTExZTYtOGY4OC0zNDM2M2JjN2M0YzAiOnsiY3JlYXRlIjo2MDAwMDAwMDAwMDAsImRlbGV0ZSI6NjAwMDAwMDAwMDAwfX0=",
          "dependencies": [
            "data.openstack_networking_network_v2.external"
          ]
        }
      ]
    }
  ],
  "check_results": null
}
