{
  "version": 4,
  "terraform_version": "1.14.5",
  "serial": 65,
  "lineage": "bc9f3396-f17c-a17c-02a8-91affac51649",
  "outputs": {
    "external_network_id": {
      "value": "e7e12f46-c446-4a78-bb0d-88efeaa3cd3f",
      "type": "string"
    },
    "external_network_name": {
      "value": "external-net",
      "type": "string"
    },
    "flavor_medium_id": {
      "value": "60f8f274-25f1-454e-adc5-d4228ef729c2",
      "type": "string"
    },
    "flavor_small_id": {
      "value": "2cb3b82a-4d3d-4935-ad68-fbb1d629b007",
      "type": "string"
    },
    "image_id": {
      "value": "08368354-c892-43f0-81a8-e85462d41a2b",
      "type": "string"
    },
    "keypair_name": {
      "value": "test-keypair",
      "type": "string"
    },
    "private_key": {
      "value": "-----BEGIN RSA PRIVATE KEY-----\nMIIEowIBAAKCAQEA4fhzDR7bBmAvV8Z87aveX6eLzpUHi+AIPV6ZUe/rJZBz5KpP\nKkXe6gMB74luqToVn1TYMgWQKyWcBVWjr1lmhJpIPwp2TnXbIF2jEJ9DjkTTtxl2\n2MRos3eKuyrcG07eLa3Tx5P4clO+HJR3DBaCbiBWFArvduRzAnL/b9LOa3jZ/vEq\nR/juRb01UJe0Hc5gWMABj8PNPpegqVhPUn9JjlBNXeF2S4M1/QySsUbk7Es2Ic5d\nYyHrIRBeNLlaJ7ycOW+1/uBaeRboxL85truJ5mxnP34gvhJb9ohKlNoSni7CPe3f\nVrqZ85lMA0npXGHoOWy12QmnZDFaK2a6nQhR4QIDAQABAoIBABVv8ITqIcqKYsi8\n99UZslBOIMv0WhxBoLEnFvyC+kKSCwHtIPLYYLwVP6Bt3/sF8PnbSWIAInE1cYZq\nsstL0UH7MPy/YqyG2cb0RdKp3qAnP2k7bTRF+HjYz7x55cUMHQp7AdWz3/oDSncu\nToJDEGn01LW0uTWvmTQ+R1ALJly46LEweeh0avrrer+ADBZP5P8D63FZCXSK2Ued\nPXRgA54pbbTsolowkMB/ohv37HtVIiNMOE/j4JawC3XTZVbCo9WnxofgO0cGCrjp\nGG5Y/hNFUj46RIdnP7lzxhb+8fUA+ONE9Mver/OjHDY1RSrHw0YgIxWjM934Gmtf\nY6xUWxECgYEA9JMUGn9b7iXtmEK9L/kpijxaRJEHA1h1ihFJ4kDTPdkoGEN4O460\n927NU6kP0P5uWAdmS4FJk6Isg7Xk2man7EK/uubOnAtcAeE+EVh8oWzdmjI9oUPa\nRZgW06kz6kYy4KjiXppqz/7QJ1xgttM4y4qKf6IGwrGT0UaUGCPjhTMCgYEA7Ibh\nmcO9vouy1PwPgw7LWZZLELiAEDdRcnNViGXUH4v+YPs9uSqYimJPm+KGVdcRSq2b\nXN8Xn0En84IBqVWyXSlubBfYhIodNhkYPi+90fRzEaQKvzPmprpP4mk34OunpCOL\nhxHsJviq2C0w3jT1zjUxqFWbPAz7gg2KCndGpJsCgYEAygcUfC7oSXibI0M98/rm\nDYJ9LlZ+bI0NytctKPBTjqtrK1/QWaIwapPkmE72+bSygZTbM1PA62rzSnleaeqS\nm98nccRmtw/LGOJu2vU1PkMnatBFiIj8LLDNalpCwCrsrBfVpj/4K4hZeaodWehw\n6fGvJm85FmqJqD2c57P9pXECgYBnmCv3TOQuMMGCx2OD41btRgZarHRqpc/mcN1l\ngDQIHSitEV1XXHCzK5vyiqSLtEa+josdghi2h7MX1DkmEYKtixfx//+1DUj+CL+1\nfPOGoapEb7TFSdYb8D5MzAjNWmlyWp8h6Zek+gTZ6fEdYdTHHEVDlTsIcic2Lvfm\n3ZbzQQKBgEEUug4N4bdmOmj7/jsi7GmZEeA6R/ikDYiRaWiPUxjcoFq0Vu27YLeB\nlPihIGREqZ4NpITVFUMm0masGSd9zMspb3FN6EKwaWuiDAi94UfrRePyKtLWWX9K\nv2BPemmcfMOAw560z4PDu1XPQp57VnVJOU2kaJNqUu0TIFBQKlis\n-----END RSA PRIVATE KEY-----\n",
      "type": "string",
      "sensitive": true
    },
    "secgroup_name": {
      "value": "test-secgroup",
      "type": "string"
    }
  },
  "resources": [
    {
      "mode": "managed",
      "type": "openstack_compute_flavor_v2",
      "name": "large",
      "provider": "provider[\"registry.terraform.io/terraform-provider-openstack/openstack\"]",
      "instances": [
        {
          "schema_version": 0,
          "attributes": {
            "description": "",
            "disk": 20,
            "ephemeral": 0,
            "extra_specs": {},
            "flavor_id": "b741407a-3e29-4832-b80f-b2a0316e4b03",
            "id": "b741407a-3e29-4832-b80f-b2a0316e4b03",
            "is_public": true,
            "name": "m1.large",
            "ram": 2048,
            "region": "RegionOne",
            "rx_tx_factor": 1,
            "swap": 0,
            "vcpus": 2
          },
          "sensitive_attributes": [],
          "identity_schema_version": 0,
          "private": "bnVsbA=="
        }
      ]
    },
    {
      "mode": "managed",
      "type": "openstack_compute_flavor_v2",
      "name": "medium",
      "provider": "provider[\"registry.terraform.io/terraform-provider-openstack/openstack\"]",
      "instances": [
        {
          "schema_version": 0,
          "attributes": {
            "description": "",
            "disk": 10,
            "ephemeral": 0,
            "extra_specs": {},
            "flavor_id": "60f8f274-25f1-454e-adc5-d4228ef729c2",
            "id": "60f8f274-25f1-454e-adc5-d4228ef729c2",
            "is_public": true,
            "name": "m1.medium",
            "ram": 1024,
            "region": "RegionOne",
            "rx_tx_factor": 1,
            "swap": 0,
            "vcpus": 1
          },
          "sensitive_attributes": [],
          "identity_schema_version": 0,
          "private": "bnVsbA=="
        }
      ]
    },
    {
      "mode": "managed",
      "type": "openstack_compute_flavor_v2",
      "name": "small",
      "provider": "provider[\"registry.terraform.io/terraform-provider-openstack/openstack\"]",
      "instances": [
        {
          "schema_version": 0,
          "attributes": {
            "description": "",
            "disk": 5,
            "ephemeral": 0,
            "extra_specs": {},
            "flavor_id": "2cb3b82a-4d3d-4935-ad68-fbb1d629b007",
            "id": "2cb3b82a-4d3d-4935-ad68-fbb1d629b007",
            "is_public": true,
            "name": "m1.small",
            "ram": 512,
            "region": "RegionOne",
            "rx_tx_factor": 1,
            "swap": 0,
            "vcpus": 1
          },
          "sensitive_attributes": [],
          "identity_schema_version": 0,
          "private": "bnVsbA=="
        }
      ]
    },
    {
      "mode": "managed",
      "type": "openstack_compute_keypair_v2",
      "name": "test",
      "provider": "provider[\"registry.terraform.io/terraform-provider-openstack/openstack\"]",
      "instances": [
        {
          "schema_version": 0,
          "attributes": {
            "fingerprint": "9b:e5:e1:1e:9b:c5:fe:0e:d8:09:5e:70:63:27:bb:44",
            "id": "test-keypair",
            "name": "test-keypair",
            "private_key": "-----BEGIN RSA PRIVATE KEY-----\nMIIEowIBAAKCAQEA4fhzDR7bBmAvV8Z87aveX6eLzpUHi+AIPV6ZUe/rJZBz5KpP\nKkXe6gMB74luqToVn1TYMgWQKyWcBVWjr1lmhJpIPwp2TnXbIF2jEJ9DjkTTtxl2\n2MRos3eKuyrcG07eLa3Tx5P4clO+HJR3DBaCbiBWFArvduRzAnL/b9LOa3jZ/vEq\nR/juRb01UJe0Hc5gWMABj8PNPpegqVhPUn9JjlBNXeF2S4M1/QySsUbk7Es2Ic5d\nYyHrIRBeNLlaJ7ycOW+1/uBaeRboxL85truJ5mxnP34gvhJb9ohKlNoSni7CPe3f\nVrqZ85lMA0npXGHoOWy12QmnZDFaK2a6nQhR4QIDAQABAoIBABVv8ITqIcqKYsi8\n99UZslBOIMv0WhxBoLEnFvyC+kKSCwHtIPLYYLwVP6Bt3/sF8PnbSWIAInE1cYZq\nsstL0UH7MPy/YqyG2cb0RdKp3qAnP2k7bTRF+HjYz7x55cUMHQp7AdWz3/oDSncu\nToJDEGn01LW0uTWvmTQ+R1ALJly46LEweeh0avrrer+ADBZP5P8D63FZCXSK2Ued\nPXRgA54pbbTsolowkMB/ohv37HtVIiNMOE/j4JawC3XTZVbCo9WnxofgO0cGCrjp\nGG5Y/hNFUj46RIdnP7lzxhb+8fUA+ONE9Mver/OjHDY1RSrHw0YgIxWjM934Gmtf\nY6xUWxECgYEA9JMUGn9b7iXtmEK9L/kpijxaRJEHA1h1ihFJ4kDTPdkoGEN4O460\n927NU6kP0P5uWAdmS4FJk6Isg7Xk2man7EK/uubOnAtcAeE+EVh8oWzdmjI9oUPa\nRZgW06kz6kYy4KjiXppqz/7QJ1xgttM4y4qKf6IGwrGT0UaUGCPjhTMCgYEA7Ibh\nmcO9vouy1PwPgw7LWZZLELiAEDdRcnNViGXUH4v+YPs9uSqYimJPm+KGVdcRSq2b\nXN8Xn0En84IBqVWyXSlubBfYhIodNhkYPi+90fRzEaQKvzPmprpP4mk34OunpCOL\nhxHsJviq2C0w3jT1zjUxqFWbPAz7gg2KCndGpJsCgYEAygcUfC7oSXibI0M98/rm\nDYJ9LlZ+bI0NytctKPBTjqtrK1/QWaIwapPkmE72+bSygZTbM1PA62rzSnleaeqS\nm98nccRmtw/LGOJu2vU1PkMnatBFiIj8LLDNalpCwCrsrBfVpj/4K4hZeaodWehw\n6fGvJm85FmqJqD2c57P9pXECgYBnmCv3TOQuMMGCx2OD41btRgZarHRqpc/mcN1l\ngDQIHSitEV1XXHCzK5vyiqSLtEa+josdghi2h7MX1DkmEYKtixfx//+1DUj+CL+1\nfPOGoapEb7TFSdYb8D5MzAjNWmlyWp8h6Zek+gTZ6fEdYdTHHEVDlTsIcic2Lvfm\n3ZbzQQKBgEEUug4N4bdmOmj7/jsi7GmZEeA6R/ikDYiRaWiPUxjcoFq0Vu27YLeB\nlPihIGREqZ4NpITVFUMm0masGSd9zMspb3FN6EKwaWuiDAi94UfrRePyKtLWWX9K\nv2BPemmcfMOAw560z4PDu1XPQp57VnVJOU2kaJNqUu0TIFBQKlis\n-----END RSA PRIVATE KEY-----\n",
            "public_key": "ssh-rsa AAAAB3NzaC1yc2EAAAADAQABAAABAQDh+HMNHtsGYC9Xxnztq95fp4vOlQeL4Ag9XplR7+slkHPkqk8qRd7qAwHviW6pOhWfVNgyBZArJZwFVaOvWWaEmkg/CnZOddsgXaMQn0OORNO3GXbYxGizd4q7KtwbTt4trdPHk/hyU74clHcMFoJuIFYUCu925HMCcv9v0s5reNn+8SpH+O5FvTVQl7QdzmBYwAGPw80+l6CpWE9Sf0mOUE1d4XZLgzX9DJKxRuTsSzYhzl1jIeshEF40uVonvJw5b7X+4Fp5FujEvzm2u4nmbGc/fiC+Elv2iEqU2hKeLsI97d9WupnzmUwDSelcYeg5bLXZCadkMVorZrqdCFHh Generated-by-Nova",
            "region": "RegionOne",
            "user_id": "",
            "value_specs": null
          },
          "sensitive_attributes": [
            [
              {
                "type": "get_attr",
                "value": "private_key"
              }
            ]
          ],
          "identity_schema_version": 0,
          "private": "bnVsbA=="
        }
      ]
    },
    {
      "mode": "managed",
      "type": "openstack_images_image_v2",
      "name": "cirros",
      "provider": "provider[\"registry.terraform.io/terraform-provider-openstack/openstack\"]",
      "instances": [
        {
          "schema_version": 0,
          "attributes": {
            "checksum": "87617e24a5e30cb3b87fda8c0764838f",
            "container_format": "bare",
            "created_at": "2026-04-14T05:51:02Z",
            "decompress": null,
            "disk_format": "qcow2",
            "file": "/v2/images/08368354-c892-43f0-81a8-e85462d41a2b/file",
            "hidden": false,
            "id": "08368354-c892-43f0-81a8-e85462d41a2b",
            "image_cache_path": "/root/.terraform/image_cache",
            "image_id": "08368354-c892-43f0-81a8-e85462d41a2b",
            "image_source_password": null,
            "image_source_url": "https://download.cirros-cloud.net/0.6.3/cirros-0.6.3-x86_64-disk.img",
            "image_source_username": null,
            "local_file_path": null,
            "metadata": {},
            "min_disk_gb": 0,
            "min_ram_mb": 0,
            "name": "cirros-0.6.3",
            "owner": "1c2408a2d09544dda37f0423e0109cf8",
            "properties": {
              "os_hash_algo": "sha512",
              "os_hash_value": "9a9bce0083a00939ec17c11febbfc767aa211aaa54f51e75c5a8b271a9b5637c77205a518b7a2007cb391d23cceb01e0e4e8d64832317151bc85b734b92a7be0",
              "os_type": "linux",
              "stores": "rbd"
            },
            "protected": false,
            "region": "RegionOne",
            "schema": "/v2/schemas/image",
            "size_bytes": 21692416,
            "status": "active",
            "tags": null,
            "timeouts": null,
            "updated_at": "2026-04-14T05:51:05Z",
            "verify_checksum": null,
            "visibility": "public",
            "web_download": null
          },
          "sensitive_attributes": [
            [
              {
                "type": "get_attr",
                "value": "image_source_password"
              }
            ]
          ],
          "identity_schema_version": 0,
          "private": "eyJlMmJmYjczMC1lY2FhLTExZTYtOGY4OC0zNDM2M2JjN2M0YzAiOnsiY3JlYXRlIjoxODAwMDAwMDAwMDAwfX0="
        }
      ]
    },
    {
      "mode": "managed",
      "type": "openstack_images_image_v2",
      "name": "rocky",
      "provider": "provider[\"registry.terraform.io/terraform-provider-openstack/openstack\"]",
      "instances": [
        {
          "schema_version": 0,
          "attributes": {
            "checksum": "4a0cbfb45b97f09b690044429aaca1c8",
            "container_format": "bare",
            "created_at": "2026-04-14T05:51:02Z",
            "decompress": null,
            "disk_format": "qcow2",
            "file": "/v2/images/8b045013-ca7c-4e98-90e4-73fc8c63e7ce/file",
            "hidden": false,
            "id": "8b045013-ca7c-4e98-90e4-73fc8c63e7ce",
            "image_cache_path": "/root/.terraform/image_cache",
            "image_id": "8b045013-ca7c-4e98-90e4-73fc8c63e7ce",
            "image_source_password": null,
            "image_source_url": "https://dl.rockylinux.org/pub/rocky/9/images/x86_64/Rocky-9-GenericCloud-Base.latest.x86_64.qcow2",
            "image_source_username": null,
            "local_file_path": null,
            "metadata": {},
            "min_disk_gb": 0,
            "min_ram_mb": 0,
            "name": "rocky-9",
            "owner": "1c2408a2d09544dda37f0423e0109cf8",
            "properties": {
              "os_distro": "rocky",
              "os_hash_algo": "sha512",
              "os_hash_value": "ad148de686d465981d75bc0af3ffedc2a6da7452a537c94f673398c43b830f42fa3520bac838887851df71ace44f4a85b8e37bb7ef09f2c52ba76a6f571a1755",
              "os_type": "linux",
              "os_version": "9",
              "stores": "rbd"
            },
            "protected": false,
            "region": "RegionOne",
            "schema": "/v2/schemas/image",
            "size_bytes": 648806400,
            "status": "active",
            "tags": null,
            "timeouts": null,
            "updated_at": "2026-04-14T05:52:55Z",
            "verify_checksum": null,
            "visibility": "public",
            "web_download": null
          },
          "sensitive_attributes": [
            [
              {
                "type": "get_attr",
                "value": "image_source_password"
              }
            ]
          ],
          "identity_schema_version": 0,
          "private": "eyJlMmJmYjczMC1lY2FhLTExZTYtOGY4OC0zNDM2M2JjN2M0YzAiOnsiY3JlYXRlIjoxODAwMDAwMDAwMDAwfX0="
        }
      ]
    },
    {
      "mode": "managed",
      "type": "openstack_images_image_v2",
      "name": "ubuntu",
      "provider": "provider[\"registry.terraform.io/terraform-provider-openstack/openstack\"]",
      "instances": [
        {
          "schema_version": 0,
          "attributes": {
            "checksum": "feb5056f9206c4baf68b0b90b0f0432f",
            "container_format": "bare",
            "created_at": "2026-04-14T05:51:02Z",
            "decompress": null,
            "disk_format": "qcow2",
            "file": "/v2/images/16fd2a00-90a9-44a5-95ca-a753be424123/file",
            "hidden": false,
            "id": "16fd2a00-90a9-44a5-95ca-a753be424123",
            "image_cache_path": "/root/.terraform/image_cache",
            "image_id": "16fd2a00-90a9-44a5-95ca-a753be424123",
            "image_source_password": null,
            "image_source_url": "https://cloud-images.ubuntu.com/noble/current/noble-server-cloudimg-amd64.img",
            "image_source_username": null,
            "local_file_path": null,
            "metadata": {},
            "min_disk_gb": 0,
            "min_ram_mb": 0,
            "name": "ubuntu-24.04",
            "owner": "1c2408a2d09544dda37f0423e0109cf8",
            "properties": {
              "os_distro": "ubuntu",
              "os_hash_algo": "sha512",
              "os_hash_value": "5e703cc3191e04f0870f54db32ac5ba823b15c1c0eb76e2612c0736586f70d61854fea1bec412c71ebe49175b84913cae047e1baa06dc6c1fb8ea33a9284d2c1",
              "os_type": "linux",
              "os_version": "24.04",
              "stores": "rbd"
            },
            "protected": false,
            "region": "RegionOne",
            "schema": "/v2/schemas/image",
            "size_bytes": 629380096,
            "status": "active",
            "tags": null,
            "timeouts": null,
            "updated_at": "2026-04-14T05:52:55Z",
            "verify_checksum": null,
            "visibility": "public",
            "web_download": null
          },
          "sensitive_attributes": [
            [
              {
                "type": "get_attr",
                "value": "image_source_password"
              }
            ]
          ],
          "identity_schema_version": 0,
          "private": "eyJlMmJmYjczMC1lY2FhLTExZTYtOGY4OC0zNDM2M2JjN2M0YzAiOnsiY3JlYXRlIjoxODAwMDAwMDAwMDAwfX0="
        }
      ]
    },
    {
      "mode": "managed",
      "type": "openstack_networking_network_v2",
      "name": "external",
      "provider": "provider[\"registry.terraform.io/terraform-provider-openstack/openstack\"]",
      "instances": [
        {
          "schema_version": 0,
          "attributes": {
            "admin_state_up": true,
            "all_tags": [],
            "availability_zone_hints": [],
            "description": "",
            "dns_domain": "",
            "external": true,
            "id": "e7e12f46-c446-4a78-bb0d-88efeaa3cd3f",
            "mtu": 1500,
            "name": "external-net",
            "port_security_enabled": true,
            "qos_policy_id": "",
            "region": "RegionOne",
            "segments": [
              {
                "network_type": "flat",
                "physical_network": "external",
                "segmentation_id": 0
              }
            ],
            "shared": true,
            "tags": null,
            "tenant_id": "1c2408a2d09544dda37f0423e0109cf8",
            "timeouts": null,
            "transparent_vlan": false,
            "value_specs": null
          },
          "sensitive_attributes": [],
          "identity_schema_version": 0,
          "private": "eyJlMmJmYjczMC1lY2FhLTExZTYtOGY4OC0zNDM2M2JjN2M0YzAiOnsiY3JlYXRlIjo2MDAwMDAwMDAwMDAsImRlbGV0ZSI6NjAwMDAwMDAwMDAwfX0="
        }
      ]
    },
    {
      "mode": "managed",
      "type": "openstack_networking_secgroup_rule_v2",
      "name": "http",
      "provider": "provider[\"registry.terraform.io/terraform-provider-openstack/openstack\"]",
      "instances": [
        {
          "schema_version": 0,
          "attributes": {
            "description": "",
            "direction": "ingress",
            "ethertype": "IPv4",
            "id": "4363b018-86bd-445d-9a6c-9adab5bdd57c",
            "port_range_max": 80,
            "port_range_min": 80,
            "protocol": "tcp",
            "region": "RegionOne",
            "remote_address_group_id": "",
            "remote_group_id": "",
            "remote_ip_prefix": "0.0.0.0/0",
            "security_group_id": "f13ef7d5-ab4e-4d64-9199-10181f50812b",
            "tenant_id": "1c2408a2d09544dda37f0423e0109cf8",
            "timeouts": null
          },
          "sensitive_attributes": [],
          "identity_schema_version": 0,
          "private": "eyJlMmJmYjczMC1lY2FhLTExZTYtOGY4OC0zNDM2M2JjN2M0YzAiOnsiZGVsZXRlIjo2MDAwMDAwMDAwMDB9fQ==",
          "dependencies": [
            "openstack_networking_secgroup_v2.test"
          ]
        }
      ]
    },
    {
      "mode": "managed",
      "type": "openstack_networking_secgroup_rule_v2",
      "name": "https",
      "provider": "provider[\"registry.terraform.io/terraform-provider-openstack/openstack\"]",
      "instances": [
        {
          "schema_version": 0,
          "attributes": {
            "description": "",
            "direction": "ingress",
            "ethertype": "IPv4",
            "id": "ada9d7b7-5c4d-4715-ac00-a4f00b549a79",
            "port_range_max": 443,
            "port_range_min": 443,
            "protocol": "tcp",
            "region": "RegionOne",
            "remote_address_group_id": "",
            "remote_group_id": "",
            "remote_ip_prefix": "0.0.0.0/0",
            "security_group_id": "f13ef7d5-ab4e-4d64-9199-10181f50812b",
            "tenant_id": "1c2408a2d09544dda37f0423e0109cf8",
            "timeouts": null
          },
          "sensitive_attributes": [],
          "identity_schema_version": 0,
          "private": "eyJlMmJmYjczMC1lY2FhLTExZTYtOGY4OC0zNDM2M2JjN2M0YzAiOnsiZGVsZXRlIjo2MDAwMDAwMDAwMDB9fQ==",
          "dependencies": [
            "openstack_networking_secgroup_v2.test"
          ]
        }
      ]
    },
    {
      "mode": "managed",
      "type": "openstack_networking_secgroup_rule_v2",
      "name": "icmp",
      "provider": "provider[\"registry.terraform.io/terraform-provider-openstack/openstack\"]",
      "instances": [
        {
          "schema_version": 0,
          "attributes": {
            "description": "",
            "direction": "ingress",
            "ethertype": "IPv4",
            "id": "95d62e62-57e9-4ebc-b3d3-5367a7f7e5c5",
            "port_range_max": 0,
            "port_range_min": 0,
            "protocol": "icmp",
            "region": "RegionOne",
            "remote_address_group_id": "",
            "remote_group_id": "",
            "remote_ip_prefix": "0.0.0.0/0",
            "security_group_id": "f13ef7d5-ab4e-4d64-9199-10181f50812b",
            "tenant_id": "1c2408a2d09544dda37f0423e0109cf8",
            "timeouts": null
          },
          "sensitive_attributes": [],
          "identity_schema_version": 0,
          "private": "eyJlMmJmYjczMC1lY2FhLTExZTYtOGY4OC0zNDM2M2JjN2M0YzAiOnsiZGVsZXRlIjo2MDAwMDAwMDAwMDB9fQ==",
          "dependencies": [
            "openstack_networking_secgroup_v2.test"
          ]
        }
      ]
    },
    {
      "mode": "managed",
      "type": "openstack_networking_secgroup_rule_v2",
      "name": "ssh",
      "provider": "provider[\"registry.terraform.io/terraform-provider-openstack/openstack\"]",
      "instances": [
        {
          "schema_version": 0,
          "attributes": {
            "description": "",
            "direction": "ingress",
            "ethertype": "IPv4",
            "id": "fcda0bf5-891a-42b0-8087-de643e102810",
            "port_range_max": 22,
            "port_range_min": 22,
            "protocol": "tcp",
            "region": "RegionOne",
            "remote_address_group_id": "",
            "remote_group_id": "",
            "remote_ip_prefix": "0.0.0.0/0",
            "security_group_id": "f13ef7d5-ab4e-4d64-9199-10181f50812b",
            "tenant_id": "1c2408a2d09544dda37f0423e0109cf8",
            "timeouts": null
          },
          "sensitive_attributes": [],
          "identity_schema_version": 0,
          "private": "eyJlMmJmYjczMC1lY2FhLTExZTYtOGY4OC0zNDM2M2JjN2M0YzAiOnsiZGVsZXRlIjo2MDAwMDAwMDAwMDB9fQ==",
          "dependencies": [
            "openstack_networking_secgroup_v2.test"
          ]
        }
      ]
    },
    {
      "mode": "managed",
      "type": "openstack_networking_secgroup_v2",
      "name": "test",
      "provider": "provider[\"registry.terraform.io/terraform-provider-openstack/openstack\"]",
      "instances": [
        {
          "schema_version": 0,
          "attributes": {
            "all_tags": [],
            "delete_default_rules": null,
            "description": "SSH, ICMP, HTTP/HTTPS 허용",
            "id": "f13ef7d5-ab4e-4d64-9199-10181f50812b",
            "name": "test-secgroup",
            "region": "RegionOne",
            "stateful": true,
            "tags": null,
            "tenant_id": "1c2408a2d09544dda37f0423e0109cf8",
            "timeouts": null
          },
          "sensitive_attributes": [],
          "identity_schema_version": 0,
          "private": "eyJlMmJmYjczMC1lY2FhLTExZTYtOGY4OC0zNDM2M2JjN2M0YzAiOnsiZGVsZXRlIjo2MDAwMDAwMDAwMDB9fQ=="
        }
      ]
    },
    {
      "mode": "managed",
      "type": "openstack_networking_subnet_v2",
      "name": "external",
      "provider": "provider[\"registry.terraform.io/terraform-provider-openstack/openstack\"]",
      "instances": [
        {
          "schema_version": 0,
          "attributes": {
            "all_tags": [],
            "allocation_pool": [
              {
                "end": "192.168.0.29",
                "start": "192.168.0.24"
              },
              {
                "end": "192.168.0.51",
                "start": "192.168.0.42"
              },
              {
                "end": "192.168.0.57",
                "start": "192.168.0.53"
              }
            ],
            "cidr": "192.168.0.0/24",
            "description": "",
            "dns_nameservers": [
              "8.8.8.8",
              "1.1.1.1"
            ],
            "dns_publish_fixed_ip": false,
            "enable_dhcp": true,
            "gateway_ip": "192.168.0.1",
            "id": "283cc5c1-f039-4e0a-bf00-6cb9c7664036",
            "ip_version": 4,
            "ipv6_address_mode": "",
            "ipv6_ra_mode": "",
            "name": "external-subnet",
            "network_id": "e7e12f46-c446-4a78-bb0d-88efeaa3cd3f",
            "no_gateway": false,
            "prefix_length": null,
            "region": "RegionOne",
            "segment_id": "",
            "service_types": [],
            "subnetpool_id": "",
            "tags": null,
            "tenant_id": "1c2408a2d09544dda37f0423e0109cf8",
            "timeouts": null,
            "value_specs": null
          },
          "sensitive_attributes": [],
          "identity_schema_version": 0,
          "private": "eyJlMmJmYjczMC1lY2FhLTExZTYtOGY4OC0zNDM2M2JjN2M0YzAiOnsiY3JlYXRlIjo2MDAwMDAwMDAwMDAsImRlbGV0ZSI6NjAwMDAwMDAwMDAwfX0=",
          "dependencies": [
            "openstack_networking_network_v2.external"
          ]
        }
      ]
    }
  ],
  "check_results": null
}
