{
  "version": 4,
  "terraform_version": "1.14.5",
  "serial": 86,
  "lineage": "bc9f3396-f17c-a17c-02a8-91affac51649",
  "outputs": {
    "alpine_image_id": {
      "value": "a5fd1a98-961e-4a64-b713-1985947922fc",
      "type": "string"
    },
    "centos_stream_image_id": {
      "value": "b614db3f-ae00-41f9-b15b-4303fb6fb979",
      "type": "string"
    },
    "cirros_image_id": {
      "value": "1cf0a8b0-0a97-4ac2-a5e4-1be73c4bad65",
      "type": "string"
    },
    "debian_image_id": {
      "value": "b1187910-cda6-4163-a097-1392b0fc6e8b",
      "type": "string"
    },
    "external_network_id": {
      "value": "3be58085-12f8-4a3a-b8b1-44b41943a97e",
      "type": "string"
    },
    "external_network_name": {
      "value": "external-net",
      "type": "string"
    },
    "flavor_medium_id": {
      "value": "60f8f274-25f1-454e-adc5-d4228ef729c2",
      "type": "string"
    },
    "flavor_small_id": {
      "value": "2cb3b82a-4d3d-4935-ad68-fbb1d629b007",
      "type": "string"
    },
    "image_id": {
      "value": "1cf0a8b0-0a97-4ac2-a5e4-1be73c4bad65",
      "type": "string"
    },
    "keypair_name": {
      "value": "test-keypair",
      "type": "string"
    },
    "private_key": {
      "value": "-----BEGIN RSA PRIVATE KEY-----\nMIIEowIBAAKCAQEA4fhzDR7bBmAvV8Z87aveX6eLzpUHi+AIPV6ZUe/rJZBz5KpP\nKkXe6gMB74luqToVn1TYMgWQKyWcBVWjr1lmhJpIPwp2TnXbIF2jEJ9DjkTTtxl2\n2MRos3eKuyrcG07eLa3Tx5P4clO+HJR3DBaCbiBWFArvduRzAnL/b9LOa3jZ/vEq\nR/juRb01UJe0Hc5gWMABj8PNPpegqVhPUn9JjlBNXeF2S4M1/QySsUbk7Es2Ic5d\nYyHrIRBeNLlaJ7ycOW+1/uBaeRboxL85truJ5mxnP34gvhJb9ohKlNoSni7CPe3f\nVrqZ85lMA0npXGHoOWy12QmnZDFaK2a6nQhR4QIDAQABAoIBABVv8ITqIcqKYsi8\n99UZslBOIMv0WhxBoLEnFvyC+kKSCwHtIPLYYLwVP6Bt3/sF8PnbSWIAInE1cYZq\nsstL0UH7MPy/YqyG2cb0RdKp3qAnP2k7bTRF+HjYz7x55cUMHQp7AdWz3/oDSncu\nToJDEGn01LW0uTWvmTQ+R1ALJly46LEweeh0avrrer+ADBZP5P8D63FZCXSK2Ued\nPXRgA54pbbTsolowkMB/ohv37HtVIiNMOE/j4JawC3XTZVbCo9WnxofgO0cGCrjp\nGG5Y/hNFUj46RIdnP7lzxhb+8fUA+ONE9Mver/OjHDY1RSrHw0YgIxWjM934Gmtf\nY6xUWxECgYEA9JMUGn9b7iXtmEK9L/kpijxaRJEHA1h1ihFJ4kDTPdkoGEN4O460\n927NU6kP0P5uWAdmS4FJk6Isg7Xk2man7EK/uubOnAtcAeE+EVh8oWzdmjI9oUPa\nRZgW06kz6kYy4KjiXppqz/7QJ1xgttM4y4qKf6IGwrGT0UaUGCPjhTMCgYEA7Ibh\nmcO9vouy1PwPgw7LWZZLELiAEDdRcnNViGXUH4v+YPs9uSqYimJPm+KGVdcRSq2b\nXN8Xn0En84IBqVWyXSlubBfYhIodNhkYPi+90fRzEaQKvzPmprpP4mk34OunpCOL\nhxHsJviq2C0w3jT1zjUxqFWbPAz7gg2KCndGpJsCgYEAygcUfC7oSXibI0M98/rm\nDYJ9LlZ+bI0NytctKPBTjqtrK1/QWaIwapPkmE72+bSygZTbM1PA62rzSnleaeqS\nm98nccRmtw/LGOJu2vU1PkMnatBFiIj8LLDNalpCwCrsrBfVpj/4K4hZeaodWehw\n6fGvJm85FmqJqD2c57P9pXECgYBnmCv3TOQuMMGCx2OD41btRgZarHRqpc/mcN1l\ngDQIHSitEV1XXHCzK5vyiqSLtEa+josdghi2h7MX1DkmEYKtixfx//+1DUj+CL+1\nfPOGoapEb7TFSdYb8D5MzAjNWmlyWp8h6Zek+gTZ6fEdYdTHHEVDlTsIcic2Lvfm\n3ZbzQQKBgEEUug4N4bdmOmj7/jsi7GmZEeA6R/ikDYiRaWiPUxjcoFq0Vu27YLeB\nlPihIGREqZ4NpITVFUMm0masGSd9zMspb3FN6EKwaWuiDAi94UfrRePyKtLWWX9K\nv2BPemmcfMOAw560z4PDu1XPQp57VnVJOU2kaJNqUu0TIFBQKlis\n-----END RSA PRIVATE KEY-----\n",
      "type": "string",
      "sensitive": true
    },
    "rocky_image_id": {
      "value": "4b90b792-c7a2-4453-80a4-006aad12369d",
      "type": "string"
    },
    "secgroup_name": {
      "value": "test-secgroup",
      "type": "string"
    },
    "talos_image_id": {
      "value": "a6f9c9f0-4628-4bcd-b097-aa843f6891d0",
      "type": "string"
    },
    "ubuntu_image_id": {
      "value": "e0abcb82-6d64-48e5-866f-b711ba2f228d",
      "type": "string"
    }
  },
  "resources": [
    {
      "mode": "managed",
      "type": "openstack_compute_flavor_v2",
      "name": "large",
      "provider": "provider[\"registry.terraform.io/terraform-provider-openstack/openstack\"]",
      "instances": [
        {
          "schema_version": 0,
          "attributes": {
            "description": "",
            "disk": 20,
            "ephemeral": 0,
            "extra_specs": {},
            "flavor_id": "b741407a-3e29-4832-b80f-b2a0316e4b03",
            "id": "b741407a-3e29-4832-b80f-b2a0316e4b03",
            "is_public": true,
            "name": "m1.large",
            "ram": 2048,
            "region": "RegionOne",
            "rx_tx_factor": 1,
            "swap": 0,
            "vcpus": 2
          },
          "sensitive_attributes": [],
          "identity_schema_version": 0,
          "private": "bnVsbA=="
        }
      ]
    },
    {
      "mode": "managed",
      "type": "openstack_compute_flavor_v2",
      "name": "medium",
      "provider": "provider[\"registry.terraform.io/terraform-provider-openstack/openstack\"]",
      "instances": [
        {
          "schema_version": 0,
          "attributes": {
            "description": "",
            "disk": 10,
            "ephemeral": 0,
            "extra_specs": {},
            "flavor_id": "60f8f274-25f1-454e-adc5-d4228ef729c2",
            "id": "60f8f274-25f1-454e-adc5-d4228ef729c2",
            "is_public": true,
            "name": "m1.medium",
            "ram": 1024,
            "region": "RegionOne",
            "rx_tx_factor": 1,
            "swap": 0,
            "vcpus": 1
          },
          "sensitive_attributes": [],
          "identity_schema_version": 0,
          "private": "bnVsbA=="
        }
      ]
    },
    {
      "mode": "managed",
      "type": "openstack_compute_flavor_v2",
      "name": "small",
      "provider": "provider[\"registry.terraform.io/terraform-provider-openstack/openstack\"]",
      "instances": [
        {
          "schema_version": 0,
          "attributes": {
            "description": "",
            "disk": 5,
            "ephemeral": 0,
            "extra_specs": {},
            "flavor_id": "2cb3b82a-4d3d-4935-ad68-fbb1d629b007",
            "id": "2cb3b82a-4d3d-4935-ad68-fbb1d629b007",
            "is_public": true,
            "name": "m1.small",
            "ram": 512,
            "region": "RegionOne",
            "rx_tx_factor": 1,
            "swap": 0,
            "vcpus": 1
          },
          "sensitive_attributes": [],
          "identity_schema_version": 0,
          "private": "bnVsbA=="
        }
      ]
    },
    {
      "mode": "managed",
      "type": "openstack_compute_keypair_v2",
      "name": "test",
      "provider": "provider[\"registry.terraform.io/terraform-provider-openstack/openstack\"]",
      "instances": [
        {
          "schema_version": 0,
          "attributes": {
            "fingerprint": "9b:e5:e1:1e:9b:c5:fe:0e:d8:09:5e:70:63:27:bb:44",
            "id": "test-keypair",
            "name": "test-keypair",
            "private_key": "-----BEGIN RSA PRIVATE KEY-----\nMIIEowIBAAKCAQEA4fhzDR7bBmAvV8Z87aveX6eLzpUHi+AIPV6ZUe/rJZBz5KpP\nKkXe6gMB74luqToVn1TYMgWQKyWcBVWjr1lmhJpIPwp2TnXbIF2jEJ9DjkTTtxl2\n2MRos3eKuyrcG07eLa3Tx5P4clO+HJR3DBaCbiBWFArvduRzAnL/b9LOa3jZ/vEq\nR/juRb01UJe0Hc5gWMABj8PNPpegqVhPUn9JjlBNXeF2S4M1/QySsUbk7Es2Ic5d\nYyHrIRBeNLlaJ7ycOW+1/uBaeRboxL85truJ5mxnP34gvhJb9ohKlNoSni7CPe3f\nVrqZ85lMA0npXGHoOWy12QmnZDFaK2a6nQhR4QIDAQABAoIBABVv8ITqIcqKYsi8\n99UZslBOIMv0WhxBoLEnFvyC+kKSCwHtIPLYYLwVP6Bt3/sF8PnbSWIAInE1cYZq\nsstL0UH7MPy/YqyG2cb0RdKp3qAnP2k7bTRF+HjYz7x55cUMHQp7AdWz3/oDSncu\nToJDEGn01LW0uTWvmTQ+R1ALJly46LEweeh0avrrer+ADBZP5P8D63FZCXSK2Ued\nPXRgA54pbbTsolowkMB/ohv37HtVIiNMOE/j4JawC3XTZVbCo9WnxofgO0cGCrjp\nGG5Y/hNFUj46RIdnP7lzxhb+8fUA+ONE9Mver/OjHDY1RSrHw0YgIxWjM934Gmtf\nY6xUWxECgYEA9JMUGn9b7iXtmEK9L/kpijxaRJEHA1h1ihFJ4kDTPdkoGEN4O460\n927NU6kP0P5uWAdmS4FJk6Isg7Xk2man7EK/uubOnAtcAeE+EVh8oWzdmjI9oUPa\nRZgW06kz6kYy4KjiXppqz/7QJ1xgttM4y4qKf6IGwrGT0UaUGCPjhTMCgYEA7Ibh\nmcO9vouy1PwPgw7LWZZLELiAEDdRcnNViGXUH4v+YPs9uSqYimJPm+KGVdcRSq2b\nXN8Xn0En84IBqVWyXSlubBfYhIodNhkYPi+90fRzEaQKvzPmprpP4mk34OunpCOL\nhxHsJviq2C0w3jT1zjUxqFWbPAz7gg2KCndGpJsCgYEAygcUfC7oSXibI0M98/rm\nDYJ9LlZ+bI0NytctKPBTjqtrK1/QWaIwapPkmE72+bSygZTbM1PA62rzSnleaeqS\nm98nccRmtw/LGOJu2vU1PkMnatBFiIj8LLDNalpCwCrsrBfVpj/4K4hZeaodWehw\n6fGvJm85FmqJqD2c57P9pXECgYBnmCv3TOQuMMGCx2OD41btRgZarHRqpc/mcN1l\ngDQIHSitEV1XXHCzK5vyiqSLtEa+josdghi2h7MX1DkmEYKtixfx//+1DUj+CL+1\nfPOGoapEb7TFSdYb8D5MzAjNWmlyWp8h6Zek+gTZ6fEdYdTHHEVDlTsIcic2Lvfm\n3ZbzQQKBgEEUug4N4bdmOmj7/jsi7GmZEeA6R/ikDYiRaWiPUxjcoFq0Vu27YLeB\nlPihIGREqZ4NpITVFUMm0masGSd9zMspb3FN6EKwaWuiDAi94UfrRePyKtLWWX9K\nv2BPemmcfMOAw560z4PDu1XPQp57VnVJOU2kaJNqUu0TIFBQKlis\n-----END RSA PRIVATE KEY-----\n",
            "public_key": "ssh-rsa AAAAB3NzaC1yc2EAAAADAQABAAABAQDh+HMNHtsGYC9Xxnztq95fp4vOlQeL4Ag9XplR7+slkHPkqk8qRd7qAwHviW6pOhWfVNgyBZArJZwFVaOvWWaEmkg/CnZOddsgXaMQn0OORNO3GXbYxGizd4q7KtwbTt4trdPHk/hyU74clHcMFoJuIFYUCu925HMCcv9v0s5reNn+8SpH+O5FvTVQl7QdzmBYwAGPw80+l6CpWE9Sf0mOUE1d4XZLgzX9DJKxRuTsSzYhzl1jIeshEF40uVonvJw5b7X+4Fp5FujEvzm2u4nmbGc/fiC+Elv2iEqU2hKeLsI97d9WupnzmUwDSelcYeg5bLXZCadkMVorZrqdCFHh Generated-by-Nova",
            "region": "RegionOne",
            "user_id": "",
            "value_specs": null
          },
          "sensitive_attributes": [
            [
              {
                "type": "get_attr",
                "value": "private_key"
              }
            ]
          ],
          "identity_schema_version": 0,
          "private": "bnVsbA=="
        }
      ]
    },
    {
      "mode": "managed",
      "type": "openstack_images_image_v2",
      "name": "alpine",
      "provider": "provider[\"registry.terraform.io/terraform-provider-openstack/openstack\"]",
      "instances": [
        {
          "schema_version": 0,
          "attributes": {
            "checksum": "fd76cb319bbf32e035f8fb3d7bfe9844",
            "container_format": "bare",
            "created_at": "2026-04-14T06:39:28Z",
            "decompress": null,
            "disk_format": "qcow2",
            "file": "/v2/images/a5fd1a98-961e-4a64-b713-1985947922fc/file",
            "hidden": false,
            "id": "a5fd1a98-961e-4a64-b713-1985947922fc",
            "image_cache_path": "/root/.terraform/image_cache",
            "image_id": "a5fd1a98-961e-4a64-b713-1985947922fc",
            "image_source_password": null,
            "image_source_url": null,
            "image_source_username": null,
            "local_file_path": "./../images/alpine-3.19.8-nocloud-cloudinit.qcow2",
            "metadata": {},
            "min_disk_gb": 0,
            "min_ram_mb": 0,
            "name": "alpine-3.19.8",
            "owner": "1c2408a2d09544dda37f0423e0109cf8",
            "properties": {
              "os_distro": "alpine",
              "os_hash_algo": "sha512",
              "os_hash_value": "1b883abca5266857d6ab601ec5898da031a2f365da99781eea86a1e3e0d87b662a04ec220634fe46d672b89a06e7a1269df005572079eba63ac7200ab800fe88",
              "os_type": "linux",
              "os_version": "3.19.8",
              "stores": "rbd"
            },
            "protected": false,
            "region": "RegionOne",
            "schema": "/v2/schemas/image",
            "size_bytes": 182714368,
            "status": "active",
            "tags": null,
            "timeouts": null,
            "updated_at": "2026-04-14T06:41:01Z",
            "verify_checksum": null,
            "visibility": "public",
            "web_download": null
          },
          "sensitive_attributes": [
            [
              {
                "type": "get_attr",
                "value": "image_source_password"
              }
            ]
          ],
          "identity_schema_version": 0,
          "private": "eyJlMmJmYjczMC1lY2FhLTExZTYtOGY4OC0zNDM2M2JjN2M0YzAiOnsiY3JlYXRlIjoxODAwMDAwMDAwMDAwfX0="
        }
      ]
    },
    {
      "mode": "managed",
      "type": "openstack_images_image_v2",
      "name": "centos_stream",
      "provider": "provider[\"registry.terraform.io/terraform-provider-openstack/openstack\"]",
      "instances": [
        {
          "schema_version": 0,
          "attributes": {
            "checksum": "5d9f3077692f0c90844088a2f0e4f12d",
            "container_format": "bare",
            "created_at": "2026-04-14T06:39:28Z",
            "decompress": null,
            "disk_format": "qcow2",
            "file": "/v2/images/b614db3f-ae00-41f9-b15b-4303fb6fb979/file",
            "hidden": false,
            "id": "b614db3f-ae00-41f9-b15b-4303fb6fb979",
            "image_cache_path": "/root/.terraform/image_cache",
            "image_id": "b614db3f-ae00-41f9-b15b-4303fb6fb979",
            "image_source_password": null,
            "image_source_url": null,
            "image_source_username": null,
            "local_file_path": "./../images/centos-stream-9-genericcloud.qcow2",
            "metadata": {},
            "min_disk_gb": 0,
            "min_ram_mb": 0,
            "name": "centos-stream-9",
            "owner": "1c2408a2d09544dda37f0423e0109cf8",
            "properties": {
              "os_distro": "centos",
              "os_hash_algo": "sha512",
              "os_hash_value": "9cf7453d357f02b0cf327d5c2c9ca8162f835b34e3663d1b0cee9b529f9af53568d0beca6a5682c2515e6447dbdf96bece1dae79cb2bf3985739beedeece3081",
              "os_type": "linux",
              "os_version": "9-stream",
              "stores": "rbd"
            },
            "protected": false,
            "region": "RegionOne",
            "schema": "/v2/schemas/image",
            "size_bytes": 1893903360,
            "status": "active",
            "tags": null,
            "timeouts": null,
            "updated_at": "2026-04-14T06:47:24Z",
            "verify_checksum": null,
            "visibility": "public",
            "web_download": null
          },
          "sensitive_attributes": [
            [
              {
                "type": "get_attr",
                "value": "image_source_password"
              }
            ]
          ],
          "identity_schema_version": 0,
          "private": "eyJlMmJmYjczMC1lY2FhLTExZTYtOGY4OC0zNDM2M2JjN2M0YzAiOnsiY3JlYXRlIjoxODAwMDAwMDAwMDAwfX0="
        }
      ]
    },
    {
      "mode": "managed",
      "type": "openstack_images_image_v2",
      "name": "cirros",
      "provider": "provider[\"registry.terraform.io/terraform-provider-openstack/openstack\"]",
      "instances": [
        {
          "schema_version": 0,
          "attributes": {
            "checksum": "87617e24a5e30cb3b87fda8c0764838f",
            "container_format": "bare",
            "created_at": "2026-04-14T06:39:28Z",
            "decompress": null,
            "disk_format": "qcow2",
            "file": "/v2/images/1cf0a8b0-0a97-4ac2-a5e4-1be73c4bad65/file",
            "hidden": false,
            "id": "1cf0a8b0-0a97-4ac2-a5e4-1be73c4bad65",
            "image_cache_path": "/root/.terraform/image_cache",
            "image_id": "1cf0a8b0-0a97-4ac2-a5e4-1be73c4bad65",
            "image_source_password": null,
            "image_source_url": null,
            "image_source_username": null,
            "local_file_path": "./../images/cirros-0.6.3-x86_64-disk.img",
            "metadata": {},
            "min_disk_gb": 0,
            "min_ram_mb": 0,
            "name": "cirros-0.6.3",
            "owner": "1c2408a2d09544dda37f0423e0109cf8",
            "properties": {
              "os_hash_algo": "sha512",
              "os_hash_value": "9a9bce0083a00939ec17c11febbfc767aa211aaa54f51e75c5a8b271a9b5637c77205a518b7a2007cb391d23cceb01e0e4e8d64832317151bc85b734b92a7be0",
              "os_type": "linux",
              "stores": "rbd"
            },
            "protected": false,
            "region": "RegionOne",
            "schema": "/v2/schemas/image",
            "size_bytes": 21692416,
            "status": "active",
            "tags": null,
            "timeouts": null,
            "updated_at": "2026-04-14T06:39:38Z",
            "verify_checksum": null,
            "visibility": "public",
            "web_download": null
          },
          "sensitive_attributes": [
            [
              {
                "type": "get_attr",
                "value": "image_source_password"
              }
            ]
          ],
          "identity_schema_version": 0,
          "private": "eyJlMmJmYjczMC1lY2FhLTExZTYtOGY4OC0zNDM2M2JjN2M0YzAiOnsiY3JlYXRlIjoxODAwMDAwMDAwMDAwfX0="
        }
      ]
    },
    {
      "mode": "managed",
      "type": "openstack_images_image_v2",
      "name": "debian",
      "provider": "provider[\"registry.terraform.io/terraform-provider-openstack/openstack\"]",
      "instances": [
        {
          "schema_version": 0,
          "attributes": {
            "checksum": "fc224c70eec01202ef94edd860a188a2",
            "container_format": "bare",
            "created_at": "2026-04-14T06:39:28Z",
            "decompress": null,
            "disk_format": "qcow2",
            "file": "/v2/images/b1187910-cda6-4163-a097-1392b0fc6e8b/file",
            "hidden": false,
            "id": "b1187910-cda6-4163-a097-1392b0fc6e8b",
            "image_cache_path": "/root/.terraform/image_cache",
            "image_id": "b1187910-cda6-4163-a097-1392b0fc6e8b",
            "image_source_password": null,
            "image_source_url": null,
            "image_source_username": null,
            "local_file_path": "./../images/debian-12-bookworm-genericcloud-amd64.qcow2",
            "metadata": {},
            "min_disk_gb": 0,
            "min_ram_mb": 0,
            "name": "debian-12",
            "owner": "1c2408a2d09544dda37f0423e0109cf8",
            "properties": {
              "os_distro": "debian",
              "os_hash_algo": "sha512",
              "os_hash_value": "db11b13c4efcc37828ffadae521d101e85079d349e1418074087bb7d306f11caccdc2b0b539d6fd50d623d40a898f83c6137268a048d7700397dc35b7dcbc927",
              "os_type": "linux",
              "os_version": "12",
              "stores": "rbd"
            },
            "protected": false,
            "region": "RegionOne",
            "schema": "/v2/schemas/image",
            "size_bytes": 347930624,
            "status": "active",
            "tags": null,
            "timeouts": null,
            "updated_at": "2026-04-14T06:42:12Z",
            "verify_checksum": null,
            "visibility": "public",
            "web_download": null
          },
          "sensitive_attributes": [
            [
              {
                "type": "get_attr",
                "value": "image_source_password"
              }
            ]
          ],
          "identity_schema_version": 0,
          "private": "eyJlMmJmYjczMC1lY2FhLTExZTYtOGY4OC0zNDM2M2JjN2M0YzAiOnsiY3JlYXRlIjoxODAwMDAwMDAwMDAwfX0="
        }
      ]
    },
    {
      "mode": "managed",
      "type": "openstack_images_image_v2",
      "name": "rocky",
      "provider": "provider[\"registry.terraform.io/terraform-provider-openstack/openstack\"]",
      "instances": [
        {
          "schema_version": 0,
          "attributes": {
            "checksum": "4a0cbfb45b97f09b690044429aaca1c8",
            "container_format": "bare",
            "created_at": "2026-04-14T06:39:28Z",
            "decompress": null,
            "disk_format": "qcow2",
            "file": "/v2/images/4b90b792-c7a2-4453-80a4-006aad12369d/file",
            "hidden": false,
            "id": "4b90b792-c7a2-4453-80a4-006aad12369d",
            "image_cache_path": "/root/.terraform/image_cache",
            "image_id": "4b90b792-c7a2-4453-80a4-006aad12369d",
            "image_source_password": null,
            "image_source_url": null,
            "image_source_username": null,
            "local_file_path": "./../images/rocky-9-genericcloud-base.qcow2",
            "metadata": {},
            "min_disk_gb": 0,
            "min_ram_mb": 0,
            "name": "rocky-9",
            "owner": "1c2408a2d09544dda37f0423e0109cf8",
            "properties": {
              "os_distro": "rocky",
              "os_hash_algo": "sha512",
              "os_hash_value": "ad148de686d465981d75bc0af3ffedc2a6da7452a537c94f673398c43b830f42fa3520bac838887851df71ace44f4a85b8e37bb7ef09f2c52ba76a6f571a1755",
              "os_type": "linux",
              "os_version": "9",
              "stores": "rbd"
            },
            "protected": false,
            "region": "RegionOne",
            "schema": "/v2/schemas/image",
            "size_bytes": 648806400,
            "status": "active",
            "tags": null,
            "timeouts": null,
            "updated_at": "2026-04-14T06:43:53Z",
            "verify_checksum": null,
            "visibility": "public",
            "web_download": null
          },
          "sensitive_attributes": [
            [
              {
                "type": "get_attr",
                "value": "image_source_password"
              }
            ]
          ],
          "identity_schema_version": 0,
          "private": "eyJlMmJmYjczMC1lY2FhLTExZTYtOGY4OC0zNDM2M2JjN2M0YzAiOnsiY3JlYXRlIjoxODAwMDAwMDAwMDAwfX0="
        }
      ]
    },
    {
      "mode": "managed",
      "type": "openstack_images_image_v2",
      "name": "talos",
      "provider": "provider[\"registry.terraform.io/terraform-provider-openstack/openstack\"]",
      "instances": [
        {
          "schema_version": 0,
          "attributes": {
            "checksum": "e519b684dbdc9f01c910fbe20f70a770",
            "container_format": "bare",
            "created_at": "2026-04-14T06:39:28Z",
            "decompress": null,
            "disk_format": "raw",
            "file": "/v2/images/a6f9c9f0-4628-4bcd-b097-aa843f6891d0/file",
            "hidden": false,
            "id": "a6f9c9f0-4628-4bcd-b097-aa843f6891d0",
            "image_cache_path": "/root/.terraform/image_cache",
            "image_id": "a6f9c9f0-4628-4bcd-b097-aa843f6891d0",
            "image_source_password": null,
            "image_source_url": null,
            "image_source_username": null,
            "local_file_path": "./../images/talos-metal-amd64.raw",
            "metadata": {},
            "min_disk_gb": 0,
            "min_ram_mb": 0,
            "name": "talos-metal-amd64",
            "owner": "1c2408a2d09544dda37f0423e0109cf8",
            "properties": {
              "os_distro": "talos",
              "os_hash_algo": "sha512",
              "os_hash_value": "d9cc6afb1d4c1cd6c84453e64d1be195f76f8447668b3e7b550b1c66f0b1f9fb1027776f66131f7d12431117fcc8c06354e8bb7ff6a0663399071db89f7e9f64",
              "os_type": "linux",
              "os_version": "latest",
              "stores": "rbd"
            },
            "protected": false,
            "region": "RegionOne",
            "schema": "/v2/schemas/image",
            "size_bytes": 4453302272,
            "status": "active",
            "tags": null,
            "timeouts": null,
            "updated_at": "2026-04-14T06:51:11Z",
            "verify_checksum": null,
            "visibility": "public",
            "web_download": null
          },
          "sensitive_attributes": [
            [
              {
                "type": "get_attr",
                "value": "image_source_password"
              }
            ]
          ],
          "identity_schema_version": 0,
          "private": "eyJlMmJmYjczMC1lY2FhLTExZTYtOGY4OC0zNDM2M2JjN2M0YzAiOnsiY3JlYXRlIjoxODAwMDAwMDAwMDAwfX0="
        }
      ]
    },
    {
      "mode": "managed",
      "type": "openstack_images_image_v2",
      "name": "ubuntu",
      "provider": "provider[\"registry.terraform.io/terraform-provider-openstack/openstack\"]",
      "instances": [
        {
          "schema_version": 0,
          "attributes": {
            "checksum": "adcfeec4d725d7b11402a0bac478b719",
            "container_format": "bare",
            "created_at": "2026-04-14T06:39:28Z",
            "decompress": null,
            "disk_format": "qcow2",
            "file": "/v2/images/e0abcb82-6d64-48e5-866f-b711ba2f228d/file",
            "hidden": false,
            "id": "e0abcb82-6d64-48e5-866f-b711ba2f228d",
            "image_cache_path": "/root/.terraform/image_cache",
            "image_id": "e0abcb82-6d64-48e5-866f-b711ba2f228d",
            "image_source_password": null,
            "image_source_url": null,
            "image_source_username": null,
            "local_file_path": "./../images/ubuntu-24.04-noble-amd64.img",
            "metadata": {},
            "min_disk_gb": 0,
            "min_ram_mb": 0,
            "name": "ubuntu-24.04",
            "owner": "1c2408a2d09544dda37f0423e0109cf8",
            "properties": {
              "os_distro": "ubuntu",
              "os_hash_algo": "sha512",
              "os_hash_value": "56df55abfbe3360dcfbc597e84cda896bebc08a32ffd25efbba24849060a29bcb63729487c9c2833cd9a3d4161e12af910af626fde0313b74dd2f4d1002563ec",
              "os_type": "linux",
              "os_version": "24.04",
              "stores": "rbd"
            },
            "protected": false,
            "region": "RegionOne",
            "schema": "/v2/schemas/image",
            "size_bytes": 629987328,
            "status": "active",
            "tags": null,
            "timeouts": null,
            "updated_at": "2026-04-14T06:43:55Z",
            "verify_checksum": null,
            "visibility": "public",
            "web_download": null
          },
          "sensitive_attributes": [
            [
              {
                "type": "get_attr",
                "value": "image_source_password"
              }
            ]
          ],
          "identity_schema_version": 0,
          "private": "eyJlMmJmYjczMC1lY2FhLTExZTYtOGY4OC0zNDM2M2JjN2M0YzAiOnsiY3JlYXRlIjoxODAwMDAwMDAwMDAwfX0="
        }
      ]
    },
    {
      "mode": "managed",
      "type": "openstack_networking_network_v2",
      "name": "external",
      "provider": "provider[\"registry.terraform.io/terraform-provider-openstack/openstack\"]",
      "instances": [
        {
          "schema_version": 0,
          "attributes": {
            "admin_state_up": true,
            "all_tags": [],
            "availability_zone_hints": [],
            "description": "",
            "dns_domain": "",
            "external": true,
            "id": "3be58085-12f8-4a3a-b8b1-44b41943a97e",
            "mtu": 1500,
            "name": "external-net",
            "port_security_enabled": true,
            "qos_policy_id": "",
            "region": "RegionOne",
            "segments": [
              {
                "network_type": "flat",
                "physical_network": "external",
                "segmentation_id": 0
              }
            ],
            "shared": true,
            "tags": null,
            "tenant_id": "1c2408a2d09544dda37f0423e0109cf8",
            "timeouts": null,
            "transparent_vlan": false,
            "value_specs": null
          },
          "sensitive_attributes": [],
          "identity_schema_version": 0,
          "private": "eyJlMmJmYjczMC1lY2FhLTExZTYtOGY4OC0zNDM2M2JjN2M0YzAiOnsiY3JlYXRlIjo2MDAwMDAwMDAwMDAsImRlbGV0ZSI6NjAwMDAwMDAwMDAwfX0="
        }
      ]
    },
    {
      "mode": "managed",
      "type": "openstack_networking_secgroup_rule_v2",
      "name": "http",
      "provider": "provider[\"registry.terraform.io/terraform-provider-openstack/openstack\"]",
      "instances": [
        {
          "schema_version": 0,
          "attributes": {
            "description": "",
            "direction": "ingress",
            "ethertype": "IPv4",
            "id": "4363b018-86bd-445d-9a6c-9adab5bdd57c",
            "port_range_max": 80,
            "port_range_min": 80,
            "protocol": "tcp",
            "region": "RegionOne",
            "remote_address_group_id": "",
            "remote_group_id": "",
            "remote_ip_prefix": "0.0.0.0/0",
            "security_group_id": "f13ef7d5-ab4e-4d64-9199-10181f50812b",
            "tenant_id": "1c2408a2d09544dda37f0423e0109cf8",
            "timeouts": null
          },
          "sensitive_attributes": [],
          "identity_schema_version": 0,
          "private": "eyJlMmJmYjczMC1lY2FhLTExZTYtOGY4OC0zNDM2M2JjN2M0YzAiOnsiZGVsZXRlIjo2MDAwMDAwMDAwMDB9fQ==",
          "dependencies": [
            "openstack_networking_secgroup_v2.test"
          ]
        }
      ]
    },
    {
      "mode": "managed",
      "type": "openstack_networking_secgroup_rule_v2",
      "name": "https",
      "provider": "provider[\"registry.terraform.io/terraform-provider-openstack/openstack\"]",
      "instances": [
        {
          "schema_version": 0,
          "attributes": {
            "description": "",
            "direction": "ingress",
            "ethertype": "IPv4",
            "id": "ada9d7b7-5c4d-4715-ac00-a4f00b549a79",
            "port_range_max": 443,
            "port_range_min": 443,
            "protocol": "tcp",
            "region": "RegionOne",
            "remote_address_group_id": "",
            "remote_group_id": "",
            "remote_ip_prefix": "0.0.0.0/0",
            "security_group_id": "f13ef7d5-ab4e-4d64-9199-10181f50812b",
            "tenant_id": "1c2408a2d09544dda37f0423e0109cf8",
            "timeouts": null
          },
          "sensitive_attributes": [],
          "identity_schema_version": 0,
          "private": "eyJlMmJmYjczMC1lY2FhLTExZTYtOGY4OC0zNDM2M2JjN2M0YzAiOnsiZGVsZXRlIjo2MDAwMDAwMDAwMDB9fQ==",
          "dependencies": [
            "openstack_networking_secgroup_v2.test"
          ]
        }
      ]
    },
    {
      "mode": "managed",
      "type": "openstack_networking_secgroup_rule_v2",
      "name": "icmp",
      "provider": "provider[\"registry.terraform.io/terraform-provider-openstack/openstack\"]",
      "instances": [
        {
          "schema_version": 0,
          "attributes": {
            "description": "",
            "direction": "ingress",
            "ethertype": "IPv4",
            "id": "95d62e62-57e9-4ebc-b3d3-5367a7f7e5c5",
            "port_range_max": 0,
            "port_range_min": 0,
            "protocol": "icmp",
            "region": "RegionOne",
            "remote_address_group_id": "",
            "remote_group_id": "",
            "remote_ip_prefix": "0.0.0.0/0",
            "security_group_id": "f13ef7d5-ab4e-4d64-9199-10181f50812b",
            "tenant_id": "1c2408a2d09544dda37f0423e0109cf8",
            "timeouts": null
          },
          "sensitive_attributes": [],
          "identity_schema_version": 0,
          "private": "eyJlMmJmYjczMC1lY2FhLTExZTYtOGY4OC0zNDM2M2JjN2M0YzAiOnsiZGVsZXRlIjo2MDAwMDAwMDAwMDB9fQ==",
          "dependencies": [
            "openstack_networking_secgroup_v2.test"
          ]
        }
      ]
    },
    {
      "mode": "managed",
      "type": "openstack_networking_secgroup_rule_v2",
      "name": "ssh",
      "provider": "provider[\"registry.terraform.io/terraform-provider-openstack/openstack\"]",
      "instances": [
        {
          "schema_version": 0,
          "attributes": {
            "description": "",
            "direction": "ingress",
            "ethertype": "IPv4",
            "id": "fcda0bf5-891a-42b0-8087-de643e102810",
            "port_range_max": 22,
            "port_range_min": 22,
            "protocol": "tcp",
            "region": "RegionOne",
            "remote_address_group_id": "",
            "remote_group_id": "",
            "remote_ip_prefix": "0.0.0.0/0",
            "security_group_id": "f13ef7d5-ab4e-4d64-9199-10181f50812b",
            "tenant_id": "1c2408a2d09544dda37f0423e0109cf8",
            "timeouts": null
          },
          "sensitive_attributes": [],
          "identity_schema_version": 0,
          "private": "eyJlMmJmYjczMC1lY2FhLTExZTYtOGY4OC0zNDM2M2JjN2M0YzAiOnsiZGVsZXRlIjo2MDAwMDAwMDAwMDB9fQ==",
          "dependencies": [
            "openstack_networking_secgroup_v2.test"
          ]
        }
      ]
    },
    {
      "mode": "managed",
      "type": "openstack_networking_secgroup_v2",
      "name": "test",
      "provider": "provider[\"registry.terraform.io/terraform-provider-openstack/openstack\"]",
      "instances": [
        {
          "schema_version": 0,
          "attributes": {
            "all_tags": [],
            "delete_default_rules": null,
            "description": "SSH, ICMP, HTTP/HTTPS 허용",
            "id": "f13ef7d5-ab4e-4d64-9199-10181f50812b",
            "name": "test-secgroup",
            "region": "RegionOne",
            "stateful": true,
            "tags": [],
            "tenant_id": "1c2408a2d09544dda37f0423e0109cf8",
            "timeouts": null
          },
          "sensitive_attributes": [],
          "identity_schema_version": 0,
          "private": "eyJlMmJmYjczMC1lY2FhLTExZTYtOGY4OC0zNDM2M2JjN2M0YzAiOnsiZGVsZXRlIjo2MDAwMDAwMDAwMDB9fQ=="
        }
      ]
    },
    {
      "mode": "managed",
      "type": "openstack_networking_subnet_v2",
      "name": "external",
      "provider": "provider[\"registry.terraform.io/terraform-provider-openstack/openstack\"]",
      "instances": [
        {
          "schema_version": 0,
          "attributes": {
            "all_tags": [],
            "allocation_pool": [
              {
                "end": "192.168.0.29",
                "start": "192.168.0.24"
              },
              {
                "end": "192.168.0.51",
                "start": "192.168.0.42"
              },
              {
                "end": "192.168.0.57",
                "start": "192.168.0.53"
              }
            ],
            "cidr": "192.168.0.0/24",
            "description": "",
            "dns_nameservers": [
              "1.1.1.1",
              "8.8.8.8"
            ],
            "dns_publish_fixed_ip": false,
            "enable_dhcp": true,
            "gateway_ip": "192.168.0.1",
            "id": "7c88b791-ddce-4a3c-b520-ee5bc3ad524f",
            "ip_version": 4,
            "ipv6_address_mode": "",
            "ipv6_ra_mode": "",
            "name": "external-subnet",
            "network_id": "3be58085-12f8-4a3a-b8b1-44b41943a97e",
            "no_gateway": false,
            "prefix_length": null,
            "region": "RegionOne",
            "segment_id": "",
            "service_types": [],
            "subnetpool_id": "",
            "tags": null,
            "tenant_id": "1c2408a2d09544dda37f0423e0109cf8",
            "timeouts": null,
            "value_specs": null
          },
          "sensitive_attributes": [],
          "identity_schema_version": 0,
          "private": "eyJlMmJmYjczMC1lY2FhLTExZTYtOGY4OC0zNDM2M2JjN2M0YzAiOnsiY3JlYXRlIjo2MDAwMDAwMDAwMDAsImRlbGV0ZSI6NjAwMDAwMDAwMDAwfX0=",
          "dependencies": [
            "openstack_networking_network_v2.external"
          ]
        }
      ]
    }
  ],
  "check_results": null
}
